{
  "version": 4,
  "terraform_version": "1.12.2",
  "serial": 958,
  "lineage": "c915cef7-27dd-02c6-5c8a-5d521174a9d9",
  "outputs": {
    "kubeconfig_instructions": {
      "value": "To connect to your cluster, run: export KUBECONFIG=./kubeconfig-master.conf",
      "type": "string"
    },
    "master_public_ip": {
      "value": "108.129.171.52",
      "type": "string"
    },
    "worker_public_ips": {
      "value": [
        "3.254.81.185",
        "34.252.245.213"
      ],
      "type": [
        "tuple",
        [
          "string",
          "string"
        ]
      ]
    }
  },
  "resources": [
    {
      "mode": "data",
      "type": "aws_ami",
      "name": "ubuntu",
      "provider": "provider[\"registry.terraform.io/hashicorp/aws\"]",
      "instances": [
        {
          "schema_version": 0,
          "attributes": {
            "architecture": "x86_64",
            "arn": "arn:aws:ec2:eu-west-1::image/ami-0dc0ac921efee9f9d",
            "block_device_mappings": [
              {
                "device_name": "/dev/sda1",
                "ebs": {
                  "delete_on_termination": "true",
                  "encrypted": "false",
                  "iops": "0",
                  "snapshot_id": "snap-0925736d080f9ca28",
                  "throughput": "0",
                  "volume_initialization_rate": "0",
                  "volume_size": "8",
                  "volume_type": "gp2"
                },
                "no_device": "",
                "virtual_name": ""
              },
              {
                "device_name": "/dev/sdb",
                "ebs": {},
                "no_device": "",
                "virtual_name": "ephemeral0"
              },
              {
                "device_name": "/dev/sdc",
                "ebs": {},
                "no_device": "",
                "virtual_name": "ephemeral1"
              }
            ],
            "boot_mode": "uefi-preferred",
            "creation_date": "2025-06-27T06:44:47.000Z",
            "deprecation_time": "2027-06-27T06:44:47.000Z",
            "description": "Canonical, Ubuntu, 22.04, amd64 jammy image",
            "ena_support": true,
            "executable_users": null,
            "filter": [
              {
                "name": "name",
                "values": [
                  "ubuntu/images/hvm-ssd/ubuntu-jammy-22.04-amd64-server-*"
                ]
              },
              {
                "name": "virtualization-type",
                "values": [
                  "hvm"
                ]
              }
            ],
            "hypervisor": "xen",
            "id": "ami-0dc0ac921efee9f9d",
            "image_id": "ami-0dc0ac921efee9f9d",
            "image_location": "amazon/ubuntu/images/hvm-ssd/ubuntu-jammy-22.04-amd64-server-20250627",
            "image_owner_alias": "amazon",
            "image_type": "machine",
            "imds_support": "",
            "include_deprecated": false,
            "kernel_id": "",
            "last_launched_time": "",
            "most_recent": true,
            "name": "ubuntu/images/hvm-ssd/ubuntu-jammy-22.04-amd64-server-20250627",
            "name_regex": null,
            "owner_id": "099720109477",
            "owners": [
              "099720109477"
            ],
            "platform": "",
            "platform_details": "Linux/UNIX",
            "product_codes": [],
            "public": true,
            "ramdisk_id": "",
            "root_device_name": "/dev/sda1",
            "root_device_type": "ebs",
            "root_snapshot_id": "snap-0925736d080f9ca28",
            "sriov_net_support": "simple",
            "state": "available",
            "state_reason": {
              "code": "UNSET",
              "message": "UNSET"
            },
            "tags": {},
            "timeouts": null,
            "tpm_support": "",
            "uefi_data": null,
            "usage_operation": "RunInstances",
            "virtualization_type": "hvm"
          },
          "sensitive_attributes": [],
          "identity_schema_version": 0
        }
      ]
    },
    {
      "mode": "data",
      "type": "local_file",
      "name": "kubeadm_join_command_file",
      "provider": "provider[\"registry.terraform.io/hashicorp/local\"]",
      "instances": [
        {
          "schema_version": 0,
          "attributes": {
            "content": "kubeadm join 108.129.171.52:6443 --token ljkumn.6k5lp3hhb4lmpe9f --discovery-token-ca-cert-hash sha256:8a73306cb521498300ae33b2d04e1a83ac0a86d5e82fca64ee199d97b3a6a9c4 \n",
            "content_base64": "a3ViZWFkbSBqb2luIDEwOC4xMjkuMTcxLjUyOjY0NDMgLS10b2tlbiBsamt1bW4uNms1bHAzaGhiNGxtcGU5ZiAtLWRpc2NvdmVyeS10b2tlbi1jYS1jZXJ0LWhhc2ggc2hhMjU2OjhhNzMzMDZjYjUyMTQ5ODMwMGFlMzNiMmQwNGUxYTgzYWMwYTg2ZDVlODJmY2E2NGVlMTk5ZDk3YjNhNmE5YzQgCg==",
            "content_base64sha256": "nFwZaf01cqYAvgCyneSBRofgnVlS/7QwymdTuplRcdE=",
            "content_base64sha512": "q7l/vaA2E+pRgw1EoYk+Ci23j6EYeEXbxK2d0bgc+HPWIKoOFdtcpMjMXbCCf/2Behg/o8/ZwZ9XoaXq6949LA==",
            "content_md5": "052fef5bc0ff9fd059eba80c19520efb",
            "content_sha1": "6599496582934ad59c59f7275e6705c6dda700cd",
            "content_sha256": "9c5c1969fd3572a600be00b29de4814687e09d5952ffb430ca6753ba995171d1",
            "content_sha512": "abb97fbda03613ea51830d44a1893e0a2db78fa1187845dbc4ad9dd1b81cf873d620aa0e15db5ca4c8cc5db0827ffd817a183fa3cfd9c19f57a1a5eaebde3d2c",
            "filename": "./kubeadm_join_command",
            "id": "6599496582934ad59c59f7275e6705c6dda700cd"
          },
          "sensitive_attributes": [],
          "identity_schema_version": 0
        }
      ]
    },
    {
      "mode": "data",
      "type": "local_file",
      "name": "kubeconfig_master_file",
      "provider": "provider[\"registry.terraform.io/hashicorp/local\"]",
      "instances": [
        {
          "schema_version": 0,
          "attributes": {
            "content": "apiVersion: v1\nclusters:\n- cluster:\n    certificate-authority-data: LS0tLS1CRUdJTiBDRVJUSUZJQ0FURS0tLS0tCk1JSURCVENDQWUyZ0F3SUJBZ0lJQ0lUcGpPY3I5Mnd3RFFZSktvWklodmNOQVFFTEJRQXdGVEVUTUJFR0ExVUUKQXhNS2EzVmlaWEp1WlhSbGN6QWVGdzB5TlRBM01EVXdOekF5TXpCYUZ3MHpOVEEzTURNd056QTNNekJhTUJVeApFekFSQmdOVkJBTVRDbXQxWW1WeWJtVjBaWE13Z2dFaU1BMEdDU3FHU0liM0RRRUJBUVVBQTRJQkR3QXdnZ0VLCkFvSUJBUUNydXJvd20vRFhWaXNmTkgwWXd6NHNnRnBTU2J0dFVkWkptMUtTeFZ1azVIQi82emZlSVV5ZVF2TlAKQmhDVDBZa0p1L0xuQXVscVJCc0w0QVhncnFYNHpPTGp6SlppOVd4Y2lOWjhJZUZOV3R6N3NYL1ZNd0RjRjVmMQp6VVNVREtDZUwvY3NPUGdWZXlqdlFKMkhJalVHZnE1KzlyT2dUcFgxNnhuVkRQN3Q5Y2huSisxSENycGxMbjdaCm9CYWhaenlmV1dYNUYwc0t6cEE1NHdjVWlFTW9nakt5RkwwUjVvVUppanVUcWdhZWRTaVIvRS83ZUJDY2owRjYKdmc4MHdKZmg5VGwxT3Rmd2p6UlRzMUV6K2dlckI2b2JCZGRmdU1EVFdJVmZna0NIQ1RXTjdHUWN1ajhkT05zMgorTTEzYzFqbnd4SWlBblNmdjBhZTdXeUxNZjZCQWdNQkFBR2pXVEJYTUE0R0ExVWREd0VCL3dRRUF3SUNwREFQCkJnTlZIUk1CQWY4RUJUQURBUUgvTUIwR0ExVWREZ1FXQkJSMzdQb3o3NHVnZGR1Zk8zRHdaeTNWYWRuN096QVYKQmdOVkhSRUVEakFNZ2dwcmRXSmxjbTVsZEdWek1BMEdDU3FHU0liM0RRRUJDd1VBQTRJQkFRQXhtZzNWWGcyLwp5bjJkVnNaVWI1QkhrYVduaFFPYVpZTXNab2NqSEg4TjRpOVhGWms0cm16RHloZENBQ2NraEU3QjFaNDRwSHI0ClUzaXRRUWJnNGcvcTNURDI4Q2ZPb3AyNFVQbUZBMGxMd1AxQk5GTVV6bjFFcVQ0QVBFR2ozcXJydmZoYXkzVkcKMVN5RjZWbVJrODk4bC9zZmM5eXA0WDBtWmhCeUVPMUFtVWtSVlFOck01bGpiVmpJQVFoTWtvYVd4cFBxK2JNRgpBeFBaVlBxQ1p2RHo5QlYraHUrVXZhMk5aVUlpQ3ZPUGM3R2VINEZNY3V6U25nV2N4KzZ1azJ0aWFGRm1XdkgzCmFhTmlTeGdPTUIvYy9sMS9QUzBmVTNVK0RKVVNyU2J3TmlMVXllUFhCMUQyRFY0ZW51OGt2emFKVUdsVS9TNWsKUCtnVUJiSWxkMlZRCi0tLS0tRU5EIENFUlRJRklDQVRFLS0tLS0K\n    server: https://108.129.171.52:6443\n  name: kubernetes\ncontexts:\n- context:\n    cluster: kubernetes\n    user: kubernetes-admin\n  name: kubernetes-admin@kubernetes\ncurrent-context: kubernetes-admin@kubernetes\nkind: Config\npreferences: {}\nusers:\n- name: kubernetes-admin\n  user:\n    client-certificate-data: LS0tLS1CRUdJTiBDRVJUSUZJQ0FURS0tLS0tCk1JSURLVENDQWhHZ0F3SUJBZ0lJVTlCcnEvUzJHUGd3RFFZSktvWklodmNOQVFFTEJRQXdGVEVUTUJFR0ExVUUKQXhNS2EzVmlaWEp1WlhSbGN6QWVGdzB5TlRBM01EVXdOekF5TXpCYUZ3MHlOakEzTURVd056QTNNekJhTUR3eApIekFkQmdOVkJBb1RGbXQxWW1WaFpHMDZZMngxYzNSbGNpMWhaRzFwYm5NeEdUQVhCZ05WQkFNVEVHdDFZbVZ5CmJtVjBaWE10WVdSdGFXNHdnZ0VpTUEwR0NTcUdTSWIzRFFFQkFRVUFBNElCRHdBd2dnRUtBb0lCQVFEVkdDK04KbmhMRGM5aEtreHBHTUJFNGtRR3NQMm5NSDFNTjdMZnZ5ZHh0N1A4SWo5VDVlNGsrOVN0amY4bVU5OHBTVlJEQQpHSm5lZWJnL2xDTW50NFhtaTRZdFpxN2M1UUZxSEg2WnpXVDNxaStOUmtUN21pZEFqZ0Z1bWZua3BIcWpGeHRvClJRWjhVM2lpZWdtZFlEYkNkUEpJS0cyeE1NQytCdXNGSmtZdXp1MTBqaGFZV3ptclZoWkFrQXlPNFM5WnZMbWEKeFRrNm0rUkVhVlI3OTF4WkhRbEVxMnZjbm8rd2FXUnZlZWoxenk5b3hyNE40TTZyaUw0dWNXVDZRWDRBbUU0Nwo5SWF3OHZ3OGljcUxaWjQ4YTA0TFovN21nOW9ESldOOGNCc1RFamRlQWpQNW1TMExERExTZmZTeU4vaU1GYVQ5Cmd6eFY2MFhzVHNnNlRzUExBZ01CQUFHalZqQlVNQTRHQTFVZER3RUIvd1FFQXdJRm9EQVRCZ05WSFNVRUREQUsKQmdnckJnRUZCUWNEQWpBTUJnTlZIUk1CQWY4RUFqQUFNQjhHQTFVZEl3UVlNQmFBRkhmcytqUHZpNkIxMjU4NwpjUEJuTGRWcDJmczdNQTBHQ1NxR1NJYjNEUUVCQ3dVQUE0SUJBUUNWN3puNisvNFRuVmM1L3RrS1FUcGNzdlcvCnREdDFOdjloekl2TVRRblFueTFkRmlHUTlVcnNHTGRnZWludTBMNVJlUC9WZmtYSnRxdTdSb0wwMUtiRXRZSDcKQlE1WE9PNjRSL3dHSWxUdmdleUUxVVU1bzVRQlNsRkZxdStQRUJZaFc4T3hLL3dvbTJKOFhacHdTTDV4MFB1ZQp6N0xKY0tZZ2dMZ1NXVCs3d0JwMDk3Z2FGUHY0TTRCM25xd21Bbk5rdElJVFBNajJvd2tWTVU1dkEwMEZWL3JFCkJFVllNbmlJRGJBRVZpNHdiTGR1RDRCSnpVbnhpMzVnVlV2d1NIL3dMdTZmckJML2g3bXllVldyODMzbU01SEUKNlhwbVJqOFFDbGVWQm1PeXFWQVZodlF0Tlhrb0NTeFhrUmFkU3Zqb0wveVJndStGcVR4QnNYc1RvcDR3Ci0tLS0tRU5EIENFUlRJRklDQVRFLS0tLS0K\n    client-key-data: LS0tLS1CRUdJTiBSU0EgUFJJVkFURSBLRVktLS0tLQpNSUlFcEFJQkFBS0NBUUVBMVJndmpaNFN3M1BZU3BNYVJqQVJPSkVCckQ5cHpCOVREZXkzNzhuY2Jlei9DSS9VCitYdUpQdlVyWTMvSmxQZktVbFVRd0JpWjNubTRQNVFqSjdlRjVvdUdMV2F1M09VQmFoeCttYzFrOTZvdmpVWkUKKzVvblFJNEJicG41NUtSNm94Y2JhRVVHZkZONG9ub0puV0Eyd25UeVNDaHRzVERBdmdickJTWkdMczd0ZEk0VwptRnM1cTFZV1FKQU1qdUV2V2J5NW1zVTVPcHZrUkdsVWUvZGNXUjBKUkt0cjNKNlBzR2xrYjNubzljOHZhTWErCkRlRE9xNGkrTG5GaytrRitBSmhPTy9TR3NQTDhQSW5LaTJXZVBHdE9DMmYrNW9QYUF5VmpmSEFiRXhJM1hnSXoKK1prdEN3d3kwbjMwc2pmNGpCV2svWU04VmV0RjdFN0lPazdEeXdJREFRQUJBb0lCQUVYSmlQRlJQb1hpTDRpawp5bXNJSE91d21hS21sZWh5cmNtV3A5cVErbTdKdWZBODRwdmQrR0cwKzBPM3V2WGRmTllmNDc5MWp4Yk1PQ29pClFxMGtMbWNGZEtqend2cTJ5UkxPU0N2b2wxT0EyZGZqbG4zcnkwVVovS0FUTDBMUkZ4VElZWUp4Y0tGUTJPWWwKSDNiNTVwVWlwYUk2RTBwL1UvQW41ZG9tNGI4OERnZUtLbFlnMHd6RHk2MWNVT0xwNytHUEpjT1cyczZzUEpscQpybFhzaU80aXpCNVZLQ3RhaEsxcWZseUxod21Iai9EdEZaOHZ0cWIzZmZsK0I4YStpVkNlVlBCUFZFWng4Rml1CnE0QjdyWFFLMC9raU0xVWcrZktqVFZQNWNXR2RRci9nOGxEWnJyc2Y2TlpjY0V3Q21NbVpWMjZ0eVFhVDZaU2gKTDgxOC94RUNnWUVBMXZ0Sk8wL2g3eVdVRzZDeUZkNWt6WVdFdzVjWVpGSE1YM1lnQUhHS1BReFppelZFbGFHegppdmJGVEI1MFZHdGprbVRTdHZxT0NPQ1lxaTUwRkIvWTBrYTlma2ttWFhtdVlnOFA5RHhUbEhzQi9BTkM2OEF6CmMxVkI4K3VNLzlsSGd4d29xbXVMSDVNUHJoVldxekcwbU5ZVlZRdThVM0FxYmJRQ2dianUyRGtDZ1lFQS9jQzUKYlBBeVNOaDZFQlNIc0dYYmlzNVRlVkRCVkpBdFJBVU4zMlQ3UFg0SENPc3BwSXZIUDF5T2hWSk1veW5Ed0lHQQpkNnI2UDZYZGl5SE56aTJaZHl2cjhncWlIaUJCM0lYZTFraC9DMWhmM0pzakpoOVZNZTJ5bE1iSFFGcjZlQzArCkhxQ1VEUm5ySVBBd0hoZXI5Q0pyc2ZueDJpL0FsSStHekd0WTFDTUNnWUVBcTNMWUltOUF0bUozemRqSWJkeGcKOCs4cHhIcTV2emZsRDdTN0xOOWY2ZlB4YmEzYnRxR3crSUI1TkkyTkpNNUlLTFl6dmkzd0hIQlNFRmJmeURUbAp6RDBTWHFhajdDUmd5RjlPeis5VWtMUFJEMVRpaC9WT2t3cEpnT2c0R01zRjF6QWIxbDNTSkNvNmRSRWJmNGd5CmlUa2k1aUpuM1BzMU95dzJXNUpMR1RFQ2dZQndmb1kxMDI2WGVORDBYQVdqb0NScUx2bzJxQ1J0VnRXYWVCc2sKVkdKRmFwKzN4bmxacDFZWHN2TEVEQzVKajNSbTNZS1Vpc29TZVhmei9ISisyeHhVQnJhOVFSV0tBWWJ4T3JBRgprM0l2RjJpNEpsYTR5ZDg5R1VHNFR6OTZPbHNiK0FLNEZUeE5hcFlncmhyRzNIdXc2YW1RNTF2ZS9KaUZ3L05nCm9KNXF2UUtCZ1FET0JjZzdqaGJkdGtrWlNaUlFVMUtZTjBnZnI2T1kyWWRXZUNGUU92YlNTQnJpS2Nmc29INDYKTHpHc0tLN0Q5YmVRaFpFY1JoclRNYUVGSEJXZzNOdC9FVkdWOTFvS2RBWWliRm1mNTdvdlFlSC83RytTSmVBYQo5cWJOU0tnQkx1ZGdKakFRRVVaMkdxSnRuRGc5K2l1cnRIUHNLRE1TTElDMTRLakpVWHFlY2c9PQotLS0tLUVORCBSU0EgUFJJVkFURSBLRVktLS0tLQo=\n",
            "content_base64": "YXBpVmVyc2lvbjogdjEKY2x1c3RlcnM6Ci0gY2x1c3RlcjoKICAgIGNlcnRpZmljYXRlLWF1dGhvcml0eS1kYXRhOiBMUzB0TFMxQ1JVZEpUaUJEUlZKVVNVWkpRMEZVUlMwdExTMHRDazFKU1VSQ1ZFTkRRV1V5WjBGM1NVSkJaMGxKUTBsVWNHcFBZM0k1TW5kM1JGRlpTa3R2V2tsb2RtTk9RVkZGVEVKUlFYZEdWRVZVVFVKRlIwRXhWVVVLUVhoTlMyRXpWbWxhV0VwMVdsaFNiR042UVdWR2R6QjVUbFJCTTAxRVZYZE9la0Y1VFhwQ1lVWjNNSHBPVkVFelRVUk5kMDU2UVROTmVrSmhUVUpWZUFwRmVrRlNRbWRPVmtKQlRWUkRiWFF4V1cxV2VXSnRWakJhV0UxM1oyZEZhVTFCTUVkRFUzRkhVMGxpTTBSUlJVSkJVVlZCUVRSSlFrUjNRWGRuWjBWTENrRnZTVUpCVVVOeWRYSnZkMjB2UkZoV2FYTm1Ua2d3V1hkNk5ITm5SbkJUVTJKMGRGVmtXa3B0TVV0VGVGWjFhelZJUWk4MmVtWmxTVlY1WlZGMlRsQUtRbWhEVkRCWmEwcDFMMHh1UVhWc2NWSkNjMHcwUVZobmNuRllOSHBQVEdwNlNscHBPVmQ0WTJsT1dqaEpaVVpPVjNSNk4zTllMMVpOZDBSalJqVm1NUXA2VlZOVlJFdERaVXd2WTNOUFVHZFdaWGxxZGxGS01raEphbFZIWm5FMUt6bHlUMmRVY0ZneE5uaHVWa1JRTjNRNVkyaHVTaXN4U0VOeWNHeE1iamRhQ205Q1lXaGFlbmxtVjFkWU5VWXdjMHQ2Y0VFMU5IZGpWV2xGVFc5bmFrdDVSa3d3VWpWdlZVcHBhblZVY1dkaFpXUlRhVkl2UlM4M1pVSkRZMm93UmpZS2RtYzRNSGRLWm1nNVZHd3hUM1JtZDJwNlVsUnpNVVY2SzJkbGNrSTJiMkpDWkdSbWRVMUVWRmRKVm1abmEwTklRMVJYVGpkSFVXTjFhamhrVDA1ek1nb3JUVEV6WXpGcWJuZDRTV2xCYmxObWRqQmhaVGRYZVV4TlpqWkNRV2ROUWtGQlIycFhWRUpZVFVFMFIwRXhWV1JFZDBWQ0wzZFJSVUYzU1VOd1JFRlFDa0puVGxaSVVrMUNRV1k0UlVKVVFVUkJVVWd2VFVJd1IwRXhWV1JFWjFGWFFrSlNNemRRYjNvM05IVm5aR1IxWms4elJIZGFlVE5XWVdSdU4wOTZRVllLUW1kT1ZraFNSVVZFYWtGTloyZHdjbVJYU214amJUVnNaRWRXZWsxQk1FZERVM0ZIVTBsaU0wUlJSVUpEZDFWQlFUUkpRa0ZSUVhodFp6TldXR2N5THdwNWJqSmtWbk5hVldJMVFraHJZVmR1YUZGUFlWcFpUWE5hYjJOcVNFZzRUalJwT1ZoR1dtczBjbTE2Ukhsb1pFTkJRMk5yYUVVM1FqRmFORFJ3U0hJMENsVXphWFJSVVdKbk5HY3ZjVE5VUkRJNFEyWlBiM0F5TkZWUWJVWkJNR3hNZDFBeFFrNUdUVlY2YmpGRmNWUTBRVkJGUjJvemNYSnlkbVpvWVhrelZrY0tNVk41UmpaV2JWSnJPRGs0YkM5elptTTVlWEEwV0RCdFdtaENlVVZQTVVGdFZXdFNWbEZPY2swMWJHcGlWbXBKUVZGb1RXdHZZVmQ0Y0ZCeEsySk5SZ3BCZUZCYVZsQnhRMXAyUkhvNVFsWXJhSFVyVlhaaE1rNWFWVWxwUTNaUFVHTTNSMlZJTkVaTlkzVjZVMjVuVjJONEt6WjFhekowYVdGR1JtMVhka2d6Q21GaFRtbFRlR2RQVFVJdll5OXNNUzlRVXpCbVZUTlZLMFJLVlZOeVUySjNUbWxNVlhsbFVGaENNVVF5UkZZMFpXNTFPR3QyZW1GS1ZVZHNWUzlUTldzS1VDdG5WVUppU1d4a01sWlJDaTB0TFMwdFJVNUVJRU5GVWxSSlJrbERRVlJGTFMwdExTMEsKICAgIHNlcnZlcjogaHR0cHM6Ly8xMDguMTI5LjE3MS41Mjo2NDQzCiAgbmFtZToga3ViZXJuZXRlcwpjb250ZXh0czoKLSBjb250ZXh0OgogICAgY2x1c3Rlcjoga3ViZXJuZXRlcwogICAgdXNlcjoga3ViZXJuZXRlcy1hZG1pbgogIG5hbWU6IGt1YmVybmV0ZXMtYWRtaW5Aa3ViZXJuZXRlcwpjdXJyZW50LWNvbnRleHQ6IGt1YmVybmV0ZXMtYWRtaW5Aa3ViZXJuZXRlcwpraW5kOiBDb25maWcKcHJlZmVyZW5jZXM6IHt9CnVzZXJzOgotIG5hbWU6IGt1YmVybmV0ZXMtYWRtaW4KICB1c2VyOgogICAgY2xpZW50LWNlcnRpZmljYXRlLWRhdGE6IExTMHRMUzFDUlVkSlRpQkRSVkpVU1VaSlEwRlVSUzB0TFMwdENrMUpTVVJMVkVORFFXaEhaMEYzU1VKQlowbEpWVGxDY25FdlV6SkhVR2QzUkZGWlNrdHZXa2xvZG1OT1FWRkZURUpSUVhkR1ZFVlVUVUpGUjBFeFZVVUtRWGhOUzJFelZtbGFXRXAxV2xoU2JHTjZRV1ZHZHpCNVRsUkJNMDFFVlhkT2VrRjVUWHBDWVVaM01IbE9ha0V6VFVSVmQwNTZRVE5OZWtKaFRVUjNlQXBJZWtGa1FtZE9Wa0pCYjFSR2JYUXhXVzFXYUZwSE1EWlpNbmd4WXpOU2JHTnBNV2hhUnpGd1ltNU5lRWRVUVZoQ1owNVdRa0ZOVkVWSGRERlpiVlo1Q21KdFZqQmFXRTEwV1ZkU2RHRlhOSGRuWjBWcFRVRXdSME5UY1VkVFNXSXpSRkZGUWtGUlZVRkJORWxDUkhkQmQyZG5SVXRCYjBsQ1FWRkVWa2RESzA0S2JtaE1SR001YUV0cmVIQkhUVUpGTkd0UlIzTlFNbTVOU0RGTlRqZE1ablo1WkhoME4xQTRTV281VkRWbE5Hc3JPVk4wYW1ZNGJWVTVPSEJUVmxKRVFRcEhTbTVsWldKbkwyeERUVzUwTkZodGFUUlpkRnB4TjJNMVVVWnhTRWcyV25wWFZETnhhU3RPVW10VU4yMXBaRUZxWjBaMWJXWnVhM0JJY1dwR2VIUnZDbEpSV2poVk0ybHBaV2R0WkZsRVlrTmtVRXBKUzBjeWVFMU5ReXRDZFhOR1NtdFpkWHAxTVRCcWFHRlpWM3B0Y2xab1drRnJRWGxQTkZNNVduWk1iV0VLZUZSck5tMHJVa1ZoVmxJM09URjRXa2hSYkVWeE1uWmpibThyZDJGWFVuWmxaV294ZW5rNWIzaHlORTQwVFRaeWFVdzBkV05YVkRaUldEUkJiVVUwTndvNVNXRjNPSFozT0dsamNVeGFXalE0WVRBMFRGb3ZOMjFuT1c5RVNsZE9PR05DYzFSRmFtUmxRV3BRTlcxVE1FeEVSRXhUWm1aVGVVNHZhVTFHWVZRNUNtZDZlRlkyTUZoelZITm5ObFJ6VUV4QlowMUNRVUZIYWxacVFsVk5RVFJIUVRGVlpFUjNSVUl2ZDFGRlFYZEpSbTlFUVZSQ1owNVdTRk5WUlVSRVFVc0tRbWRuY2tKblJVWkNVV05FUVdwQlRVSm5UbFpJVWsxQ1FXWTRSVUZxUVVGTlFqaEhRVEZWWkVsM1VWbE5RbUZCUmtobWN5dHFVSFpwTmtJeE1qVTROd3BqVUVKdVRHUldjREptY3pkTlFUQkhRMU54UjFOSllqTkVVVVZDUTNkVlFVRTBTVUpCVVVOV04zcHVOaXN2TkZSdVZtTTFMM1JyUzFGVWNHTnpkbGN2Q25SRWRERk9kamxvZWtsMlRWUlJibEZ1ZVRGa1JtbEhVVGxWY25OSFRHUm5aV2x1ZFRCTU5WSmxVQzlXWm10WVNuUnhkVGRTYjB3d01VdGlSWFJaU0RjS1FsRTFXRTlQTmpSU0wzZEhTV3hVZG1kbGVVVXhWVlUxYnpWUlFsTnNSa1p4ZFN0UVJVSlphRmM0VDNoTEwzZHZiVEpLT0ZoYWNIZFRURFY0TUZCMVpRcDZOMHhLWTB0WloyZE1aMU5YVkNzM2QwSndNRGszWjJGR1VIWTBUVFJDTTI1eGQyMUJiazVyZEVsSlZGQk5hakp2ZDJ0V1RWVTFka0V3TUVaV0wzSkZDa0pGVmxsTmJtbEpSR0pCUlZacE5IZGlUR1IxUkRSQ1NucFZibmhwTXpWblZsVjJkMU5JTDNkTWRUWm1ja0pNTDJnM2JYbGxWbGR5T0RNemJVMDFTRVVLTmxod2JWSnFPRkZEYkdWV1FtMVBlWEZXUVZab2RsRjBUbGhyYjBOVGVGaHJVbUZrVTNacWIwd3ZlVkpuZFN0R2NWUjRRbk5ZYzFSdmNEUjNDaTB0TFMwdFJVNUVJRU5GVWxSSlJrbERRVlJGTFMwdExTMEsKICAgIGNsaWVudC1rZXktZGF0YTogTFMwdExTMUNSVWRKVGlCU1UwRWdVRkpKVmtGVVJTQkxSVmt0TFMwdExRcE5TVWxGY0VGSlFrRkJTME5CVVVWQk1WSm5kbXBhTkZOM00xQlpVM0JOWVZKcVFWSlBTa1ZDY2tRNWNIcENPVlJFWlhrek56aHVZMkpsZWk5RFNTOVZDaXRZZFVwUWRsVnlXVE12U214UVprdFZiRlZSZDBKcFdqTnViVFJRTlZGcVNqZGxSalZ2ZFVkTVYyRjFNMDlWUW1Gb2VDdHRZekZyT1RadmRtcFZXa1VLS3pWdmJsRkpORUppY0c0MU5VdFNObTk0WTJKaFJWVkhaa1pPTkc5dWIwcHVWMEV5ZDI1VWVWTkRhSFJ6VkVSQmRtZGlja0pUV2tkTWN6ZDBaRWswVndwdFJuTTFjVEZaVjFGS1FVMXFkVVYyVjJKNU5XMXpWVFZQY0haclVrZHNWV1V2WkdOWFVqQktVa3QwY2pOS05sQnpSMnhyWWpOdWJ6bGpPSFpoVFdFckNrUmxSRTl4TkdrclRHNUdheXRyUml0QlNtaFBUeTlUUjNOUVREaFFTVzVMYVRKWFpWQkhkRTlETW1Zck5XOVFZVUY1Vm1wbVNFRmlSWGhKTTFoblNYb0tLMXByZEVOM2Qza3diak13YzJwbU5HcENWMnN2V1UwNFZtVjBSamRGTjBsUGF6ZEVlWGRKUkVGUlFVSkJiMGxDUVVWWVNtbFFSbEpRYjFocFREUnBhd3A1YlhOSlNFOTFkMjFoUzIxc1pXaDVjbU50VjNBNWNWRXJiVGRLZFdaQk9EUndkbVFyUjBjd0t6QlBNM1YyV0dSbVRsbG1ORGM1TVdwNFlrMVBRMjlwQ2xGeE1HdE1iV05HWkV0cWVuZDJjVEo1VWt4UFUwTjJiMnd4VDBFeVpHWnFiRzR6Y25rd1ZWb3ZTMEZVVERCTVVrWjRWRWxaV1VwNFkwdEdVVEpQV1d3S1NETmlOVFZ3Vldsd1lVazJSVEJ3TDFVdlFXNDFaRzl0TkdJNE9FUm5aVXRMYkZsbk1IZDZSSGsyTVdOVlQweHdOeXRIVUVwalQxY3ljelp6VUVwc2NRcHliRmh6YVU4MGFYcENOVlpMUTNSaGFFc3hjV1pzZVV4b2QyMUlhaTlFZEVaYU9IWjBjV0l6Wm1ac0swSTRZU3RwVmtObFZsQkNVRlpGV25nNFJtbDFDbkUwUWpkeVdGRkxNQzlyYVUweFZXY3Jaa3RxVkZaUU5XTlhSMlJSY2k5bk9HeEVXbkp5YzJZMlRscGpZMFYzUTIxTmJWcFdNalowZVZGaFZEWmFVMmdLVERneE9DOTRSVU5uV1VWQk1YWjBTazh3TDJnM2VWZFZSelpEZVVaa05XdDZXVmRGZHpWaldWcEdTRTFZTTFsblFVaEhTMUJSZUZwcGVsWkZiR0ZIZWdwcGRtSkdWRUkxTUZaSGRHcHJiVlJUZEhaeFQwTlBRMWx4YVRVd1JrSXZXVEJyWVRsbWEydHRXRmh0ZFZsbk9GQTVSSGhVYkVoelFpOUJUa00yT0VGNkNtTXhWa0k0SzNWTkx6bHNTR2Q0ZDI5eGJYVk1TRFZOVUhKb1ZsZHhla2N3YlU1WlZsWlJkVGhWTTBGeFltSlJRMmRpYW5VeVJHdERaMWxGUVM5alF6VUtZbEJCZVZOT2FEWkZRbE5JYzBkWVltbHpOVlJsVmtSQ1ZrcEJkRkpCVlU0ek1sUTNVRmcwU0VOUGMzQndTWFpJVURGNVQyaFdTazF2ZVc1RWQwbEhRUXBrTm5JMlVEWllaR2w1U0U1NmFUSmFaSGwyY2pobmNXbElhVUpDTTBsWVpURnJhQzlETVdobU0wcHpha3BvT1ZaTlpUSjViRTFpU0ZGR2NqWmxRekFyQ2toeFExVkVVbTV5U1ZCQmQwaG9aWEk1UTBweWMyWnVlREpwTDBGc1NTdEhla2QwV1RGRFRVTm5XVVZCY1ROTVdVbHRPVUYwYlVvemVtUnFTV0prZUdjS09DczRjSGhJY1RWMmVtWnNSRGRUTjB4T09XWTJabEI0WW1FelluUnhSM2NyU1VJMVRra3lUa3BOTlVsTFRGbDZkbWt6ZDBoSVFsTkZSbUptZVVSVWJBcDZSREJUV0hGaGFqZERVbWQ1UmpsUGVpczVWV3RNVUZKRU1WUnBhQzlXVDJ0M2NFcG5UMmMwUjAxelJqRjZRV0l4YkROVFNrTnZObVJTUldKbU5HZDVDbWxVYTJrMWFVcHVNMUJ6TVU5NWR6SlhOVXBNUjFSRlEyZFpRbmRtYjFreE1ESTJXR1ZPUkRCWVFWZHFiME5TY1V4MmJ6SnhRMUowVm5SWFlXVkNjMnNLVmtkS1JtRndLek40Ym14YWNERlpXSE4yVEVWRVF6Vkthak5TYlROWlMxVnBjMjlUWlZobWVpOUlTaXN5ZUhoVlFuSmhPVkZTVjB0QldXSjRUM0pCUmdwck0wbDJSakpwTkVwc1lUUjVaRGc1UjFWSE5GUjZPVFpQYkhOaUswRkxORVpVZUU1aGNGbG5jbWh5UnpOSWRYYzJZVzFSTlRGMlpTOUthVVozTDA1bkNtOUtOWEYyVVV0Q1oxRkVUMEpqWnpkcWFHSmtkR3RyV2xOYVVsRlZNVXRaVGpCblpuSTJUMWt5V1dSWFpVTkdVVTkyWWxOVFFuSnBTMk5tYzI5SU5EWUtUSHBIYzB0TE4wUTVZbVZSYUZwRlkxSm9jbFJOWVVWR1NFSlhaek5PZEM5RlZrZFdPVEZ2UzJSQldXbGlSbTFtTlRkdmRsRmxTQzgzUnl0VFNtVkJZUW81Y1dKT1UwdG5Ra3gxWkdkS2FrRlJSVlZhTWtkeFNuUnVSR2M1SzJsMWNuUklVSE5MUkUxVFRFbERNVFJMYWtwVldIRmxZMmM5UFFvdExTMHRMVVZPUkNCU1UwRWdVRkpKVmtGVVJTQkxSVmt0TFMwdExRbz0K",
            "content_base64sha256": "AU4bLo4T9fa2h73uXOpD4yrKbKbt/GOzrNMa70q77xs=",
            "content_base64sha512": "AoPJAUkObRKOm+I13gqR5UfyPrbWGIxDMnhmt1hmtvZmpor56DsuieNejRnZXQHqGeWLsSa6Q560Je+XCZ8IYA==",
            "content_md5": "f715cd2e6b95defc5fd3667cc3f612c2",
            "content_sha1": "96de8df36ea634818f3c3c750ff8b288bb725eb4",
            "content_sha256": "014e1b2e8e13f5f6b687bdee5cea43e32aca6ca6edfc63b3acd31aef4abbef1b",
            "content_sha512": "0283c901490e6d128e9be235de0a91e547f23eb6d6188c43327866b75866b6f666a68af9e83b2e89e35e8d19d95d01ea19e58bb126ba439eb425ef97099f0860",
            "filename": "./kubeconfig-master.conf",
            "id": "96de8df36ea634818f3c3c750ff8b288bb725eb4"
          },
          "sensitive_attributes": [],
          "identity_schema_version": 0
        }
      ]
    },
    {
      "mode": "managed",
      "type": "aws_iam_instance_profile",
      "name": "k8s_instance_profile",
      "provider": "provider[\"registry.terraform.io/hashicorp/aws\"]",
      "instances": [
        {
          "schema_version": 0,
          "attributes": {
            "arn": "arn:aws:iam::977098995259:instance-profile/my-k8s-cluster-Instance-Profile",
            "create_date": "2025-07-05T07:05:44Z",
            "id": "my-k8s-cluster-Instance-Profile",
            "name": "my-k8s-cluster-Instance-Profile",
            "name_prefix": "",
            "path": "/",
            "role": "my-k8s-cluster-EC2-K8s-Role",
            "tags": {},
            "tags_all": {},
            "unique_id": "AIPA6G75DOY526Y3SWNIX"
          },
          "sensitive_attributes": [],
          "identity_schema_version": 0,
          "private": "bnVsbA==",
          "dependencies": [
            "aws_iam_role.ec2_k8s_role"
          ]
        }
      ]
    },
    {
      "mode": "managed",
      "type": "aws_iam_policy",
      "name": "ecr_access_policy",
      "provider": "provider[\"registry.terraform.io/hashicorp/aws\"]",
      "instances": [
        {
          "schema_version": 0,
          "attributes": {
            "arn": "arn:aws:iam::977098995259:policy/my-k8s-cluster-ECR-Access-Policy",
            "attachment_count": 1,
            "description": "Allows EC2 instances to access ECR for pulling images",
            "id": "arn:aws:iam::977098995259:policy/my-k8s-cluster-ECR-Access-Policy",
            "name": "my-k8s-cluster-ECR-Access-Policy",
            "name_prefix": "",
            "path": "/",
            "policy": "{\"Statement\":[{\"Action\":[\"ecr:GetDownloadUrlForLayer\",\"ecr:BatchGetImage\",\"ecr:BatchCheckLayerAvailability\",\"ecr:GetAuthorizationToken\",\"ecr:ListImages\"],\"Effect\":\"Allow\",\"Resource\":\"*\"}],\"Version\":\"2012-10-17\"}",
            "policy_id": "ANPA6G75DOY53QOLW5ZHL",
            "tags": {},
            "tags_all": {}
          },
          "sensitive_attributes": [],
          "identity_schema_version": 0,
          "private": "bnVsbA=="
        }
      ]
    },
    {
      "mode": "managed",
      "type": "aws_iam_role",
      "name": "ec2_k8s_role",
      "provider": "provider[\"registry.terraform.io/hashicorp/aws\"]",
      "instances": [
        {
          "schema_version": 0,
          "attributes": {
            "arn": "arn:aws:iam::977098995259:role/my-k8s-cluster-EC2-K8s-Role",
            "assume_role_policy": "{\"Statement\":[{\"Action\":\"sts:AssumeRole\",\"Effect\":\"Allow\",\"Principal\":{\"Service\":\"ec2.amazonaws.com\"}}],\"Version\":\"2012-10-17\"}",
            "create_date": "2025-07-05T07:05:43Z",
            "description": "",
            "force_detach_policies": false,
            "id": "my-k8s-cluster-EC2-K8s-Role",
            "inline_policy": [],
            "managed_policy_arns": [
              "arn:aws:iam::977098995259:policy/my-k8s-cluster-ECR-Access-Policy"
            ],
            "max_session_duration": 3600,
            "name": "my-k8s-cluster-EC2-K8s-Role",
            "name_prefix": "",
            "path": "/",
            "permissions_boundary": "",
            "tags": {},
            "tags_all": {},
            "unique_id": "AROA6G75DOY57MISHG77C"
          },
          "sensitive_attributes": [],
          "identity_schema_version": 0,
          "private": "bnVsbA=="
        }
      ]
    },
    {
      "mode": "managed",
      "type": "aws_iam_role_policy_attachment",
      "name": "ecr_policy_attachment",
      "provider": "provider[\"registry.terraform.io/hashicorp/aws\"]",
      "instances": [
        {
          "schema_version": 0,
          "attributes": {
            "id": "my-k8s-cluster-EC2-K8s-Role-20250705070544956400000001",
            "policy_arn": "arn:aws:iam::977098995259:policy/my-k8s-cluster-ECR-Access-Policy",
            "role": "my-k8s-cluster-EC2-K8s-Role"
          },
          "sensitive_attributes": [],
          "identity_schema_version": 0,
          "private": "bnVsbA==",
          "dependencies": [
            "aws_iam_policy.ecr_access_policy",
            "aws_iam_role.ec2_k8s_role"
          ]
        }
      ]
    },
    {
      "mode": "managed",
      "type": "aws_key_pair",
      "name": "generated_key",
      "provider": "provider[\"registry.terraform.io/hashicorp/aws\"]",
      "instances": [
        {
          "schema_version": 1,
          "attributes": {
            "arn": "arn:aws:ec2:eu-west-1:977098995259:key-pair/my-k8s-cluster-ssh-key",
            "fingerprint": "07:f7:86:37:65:88:e0:f1:83:2f:ac:26:51:31:34:1d",
            "id": "my-k8s-cluster-ssh-key",
            "key_name": "my-k8s-cluster-ssh-key",
            "key_name_prefix": "",
            "key_pair_id": "key-0d4d5a8d880536747",
            "key_type": "rsa",
            "public_key": "ssh-rsa AAAAB3NzaC1yc2EAAAADAQABAAACAQDPtZ3ap1JRUXd2v+vfd7dp0sYGjvbLpiwNJoAIhSaYr6qLmZ7H0ctnGovPKaJvLo4WjtK3lyYs6LyRl1s1DgFF8G19cu0RumBE3nB48/I7/QlKIDQVQ+ACpH43zkHCUsQa4yn8OEiq5GbjxDpD5BzNbMFDupv6bQW86ekP09OuuxHKHm+n35PxjVpKVl8ggeyI8zb+0Jj1OWz52W2CJVUr70NIDQHV04NHEc0pTkykSP2xSdWq7C38I9uzO/5NwFQIFmajknJdZqGMB0cpJp78nkqtqxE7Z0j2mNugvy9rMrIVJN2HIVqbogEu/fC5DzeTXG9LVtMPk2N7Rg3nai3k79kdtw/SKdJZfq+l/iQ5XwDDn45X59TfBZS/7pfXn4FVucllk0+W0m95rBdBOqch939GZZBeTbPSR3QHbQlIZcdUi44i0BEvWfCpm+lyFX/t2ETFWYzuiHtr4zfZ7NvUJfcAvSh7Zx1pvSs0BZvcU8NzT4q4VCJ9yAqFNPynbE6Ajlrg13dD2dOVpd2u+lUIXH7DICzL6b6o+csv1tnQl9AfYzon0luOCc0YPAFIISYHW24jEMJ3w9X/lHEEm7EB0dZHmzHWrjWsYfdlB9fdIKWXeRZh+ovLTaTPCbEhQXhpAtgTIkY11/ZE3gPO/ju1U/pI1MHwORe8NOIKNCpeMQ==",
            "tags": {},
            "tags_all": {}
          },
          "sensitive_attributes": [],
          "identity_schema_version": 0,
          "private": "eyJzY2hlbWFfdmVyc2lvbiI6IjEifQ==",
          "dependencies": [
            "tls_private_key.k8s_key"
          ]
        }
      ]
    },
    {
      "mode": "managed",
      "type": "kubernetes_secret_v1",
      "name": "ecr_secret",
      "provider": "provider[\"registry.terraform.io/hashicorp/kubernetes\"]",
      "instances": [
        {
          "schema_version": 0,
          "attributes": {
            "binary_data": null,
            "binary_data_wo": null,
            "binary_data_wo_revision": null,
            "data": {
              ".dockerconfigjson": "{\"auths\":{\"https://977098995259.dkr.ecr.eu-west-1.amazonaws.com\":{\"auth\":\"QVdTOmV5SndZWGxzYjJGa0lqb2lWVFptVW1ONVkzcEdPRUZzSzIxSVdrTjFWRGR4TkRsVlRXcFhSbFV3ZWpnMkswWnZSbTlLVUdsWk1taFpaMWgwZEZWUGFYUkJUMFF3WTJkSFJqWlNUVWQ0VTBaWFJWcFBWek1yUzBWYVZrRk9kblkyYVd0NVprWmtSbGxNVDNZNVpXaGxTbU5rT0M5UU5Gb3ljMmRWZEVwaFpUSkxMMEp2VFdSWFVFMHZjRFJXT0dkUlYzVlZUSFV6U21kUVQwcDFNV2RMVWt4WWQyRlJkVXhsYzBaYWEzUmpjSGxLZWtncmNFbFVhWFJJYUVRd05FSk1NbklyTnl0UFluaG9VRVJaTkVOV016aHlTVGM0ZUVWR1VXTXJiSHBHVkc1cE1reFdUVGRuVVZsdlozTnlZbWRsUXpOQlpHSnZSVWhHYms4eVRVNTZZVkJJZWtObFVURkhjV1U0V21aV2JIQkVSRlJwVURsTlUwRk9iUzlzVWtNeU1IQmxTSGRQVWtZelQybGFSSHBpYVN0b1IySjFlREpwU1N0cU5XOXhWVzlSWTFRMFdtOUNZM3B5UmtWcFJYa3lRV052YW1Wd2JVaE5TSFZOTUc0eWNraDZSRlJJV0ROU2NFSk5abWhoZFM5UVdXOW5hR0kxUkRWUFdIVTRlbU4zTjNobGVsaEVXV2hvTURaNE9DODNiMUZKZW1adVVWUkNNa1JJZVhKNmVXZzBPVzlVWVZObVdtODRZbFJSVUhoV09XbDVXRkZQWmtkQmQzZDJUekZ6ZUhSbVNYRjRRa3h2TjNCcGJIUXlVazlQTUROR2VIcDVaSGxIZDJaUGRtMU1hbElyWmtzMlVYWjJSSFIzV0V3clN5dHVlblpMU21WVWRqbEJjMkpIUWl0ck1qZE5heTlOZWxweFZHc3pjMFJuZGtGUVREUTNaRTVuTjFOUU9YVk1SQzlxTWxOMFNFOUtjMUY1Tm5CSlpsQlFUVXBQYXl0blkwOWFVVzQ1Y2toMlZuUnNNVlZZUkhoa1FUWTNMM3BrVFZoV1IzTmpPVzlJV21NNVJraElPVmt5Y1ZkaFRpOUJjV1ZZV1c5MGJTOHZUMjR6Um1KYVJtZFJhakk0U0V3NVdrbDBSVXRZZFhaaE9XUk1UMHM0TVZoRWFrRnJSbE5CVjFadldFeHNUazlXZGtnM2QweEZkRlp2TW1kT2FYQnFha1UyUzJwVVQxcEhTR0ZLTDJSMGFWWnlabmdyZHl0dVYxRm1WM1JwWms0ME56SkZNSE00U2tkNWEwcE5RMGRUWjBKSU5WWXJjbFJuVVUxQ1RFNURZVFU0YkV0VFZubFNZM0k0YWpkMWNFZENZMFZRV2trNVVETjRjMmRwWVd3eVRERnBhMmh6YkZveVkwTlJkVGhxTDJsSFRraGxkR055YjFnd00yUnZjV2xaTjFwMlJURnZXbE5sZERGQmFXTTFORGd4WlV4SFZWSk5jMDlyTm1RM1JEaFplVXBPVVd0MVJrNW1jeTlyYW5WQ1EzQm5Vazg1WkVJME5IWlVSMlpQTlZNemFFNHdNRmRUYkdacVpYSmxNMmcyUlVsWVJrWkRZVUV6Y1hnelEwVmlhemxHUWs0M2VrUTFaV3BxYTI1T01qUTVWMnB2U0VwcU5WTjFaRWx3VkVnck5rcDFXVEJqZDJGTmFrTkJVakV2ZG5STmJEVlpVREZ1VWl0cVNreGFXUzlDZVhwaVVHOVNOSFZvTUVKTlYxTkVZek5tUjBKaFNsRnFXSHA2ZGxodGQzSk5abGhQVWpCTU1UaE9hekJzV25CTFVGRkZhbTE2SWl3aVpHRjBZV3RsZVNJNklrRlJSVUpCU0dnclpGTXJRbXhPZFRCT2VHNVlkMjkzWWtsTWN6RXhOWGxxWkN0TVRrRmFhRUpNV25OMWJrOTRhek5CUVVGQlNEUjNaa0ZaU2t0dldrbG9kbU5PUVZGalIyOUhPSGRpVVVsQ1FVUkNiMEpuYTNGb2EybEhPWGN3UWtKM1JYZElaMWxLV1VsYVNVRlhWVVJDUVVWMVRVSkZSVVJCY0c1aE1XbFBhRWRoWlhOVU5ERjNVVWxDUlVsQk56SnFjV052VVRoTFFYbFpTVEJGWjJWQmVGcEVTSGczU2taaVNHcHVVMFZQVTA5cVVucG1aSFZuVDB4c1UxTm1kV1k0Y1VWWEszSjBOa2R2Ym5GTVZYcEhTbTFMVkVSNFYxQlljMkZaY2trOUlpd2lkbVZ5YzJsdmJpSTZJaklpTENKMGVYQmxJam9pUkVGVVFWOUxSVmtpTENKbGVIQnBjbUYwYVc5dUlqb3hOelV4TnpReU5qUTFmUT09\"}}}"
            },
            "data_wo": null,
            "data_wo_revision": null,
            "id": "default/ecr-registry-secret",
            "immutable": false,
            "metadata": [
              {
                "annotations": {},
                "generate_name": "",
                "generation": 0,
                "labels": {},
                "name": "ecr-registry-secret",
                "namespace": "default",
                "resource_version": "938",
                "uid": "7d1e72f8-6244-44ce-881c-65a5d0e19318"
              }
            ],
            "timeouts": null,
            "type": "kubernetes.io/dockerconfigjson",
            "wait_for_service_account_token": true
          },
          "sensitive_attributes": [
            [
              {
                "type": "get_attr",
                "value": "binary_data"
              }
            ],
            [
              {
                "type": "get_attr",
                "value": "data"
              }
            ],
            [
              {
                "type": "get_attr",
                "value": "data"
              },
              {
                "type": "index",
                "value": {
                  "value": ".dockerconfigjson",
                  "type": "string"
                }
              }
            ]
          ],
          "identity_schema_version": 0,
          "private": "eyJlMmJmYjczMC1lY2FhLTExZTYtOGY4OC0zNDM2M2JjN2M0YzAiOnsiY3JlYXRlIjo2MDAwMDAwMDAwMH19",
          "dependencies": [
            "aws_iam_instance_profile.k8s_instance_profile",
            "aws_iam_role.ec2_k8s_role",
            "aws_key_pair.generated_key",
            "data.aws_ami.ubuntu",
            "data.local_file.kubeconfig_master_file",
            "local_file.ecr_secret_file",
            "local_file.k8s_private_key_file",
            "module.ecr.aws_ecr_repository.app_repo",
            "module.ecr.data.aws_ecr_authorization_token.token",
            "module.master_node.aws_instance.master",
            "module.master_node.null_resource.master_setup",
            "module.vpc.aws_security_group.kubernetes_master_sg",
            "module.vpc.aws_subnet.public",
            "module.vpc.aws_vpc.kubernetes_vpc",
            "module.vpc.data.aws_availability_zones.available",
            "tls_private_key.k8s_key"
          ]
        }
      ]
    },
    {
      "mode": "managed",
      "type": "local_file",
      "name": "ecr_secret_file",
      "provider": "provider[\"registry.terraform.io/hashicorp/local\"]",
      "instances": [
        {
          "schema_version": 0,
          "attributes": {
            "content": "{\"auths\":{\"https://977098995259.dkr.ecr.eu-west-1.amazonaws.com\":{\"auth\":\"QVdTOmV5SndZWGxzYjJGa0lqb2lWVFptVW1ONVkzcEdPRUZzSzIxSVdrTjFWRGR4TkRsVlRXcFhSbFV3ZWpnMkswWnZSbTlLVUdsWk1taFpaMWgwZEZWUGFYUkJUMFF3WTJkSFJqWlNUVWQ0VTBaWFJWcFBWek1yUzBWYVZrRk9kblkyYVd0NVprWmtSbGxNVDNZNVpXaGxTbU5rT0M5UU5Gb3ljMmRWZEVwaFpUSkxMMEp2VFdSWFVFMHZjRFJXT0dkUlYzVlZUSFV6U21kUVQwcDFNV2RMVWt4WWQyRlJkVXhsYzBaYWEzUmpjSGxLZWtncmNFbFVhWFJJYUVRd05FSk1NbklyTnl0UFluaG9VRVJaTkVOV016aHlTVGM0ZUVWR1VXTXJiSHBHVkc1cE1reFdUVGRuVVZsdlozTnlZbWRsUXpOQlpHSnZSVWhHYms4eVRVNTZZVkJJZWtObFVURkhjV1U0V21aV2JIQkVSRlJwVURsTlUwRk9iUzlzVWtNeU1IQmxTSGRQVWtZelQybGFSSHBpYVN0b1IySjFlREpwU1N0cU5XOXhWVzlSWTFRMFdtOUNZM3B5UmtWcFJYa3lRV052YW1Wd2JVaE5TSFZOTUc0eWNraDZSRlJJV0ROU2NFSk5abWhoZFM5UVdXOW5hR0kxUkRWUFdIVTRlbU4zTjNobGVsaEVXV2hvTURaNE9DODNiMUZKZW1adVVWUkNNa1JJZVhKNmVXZzBPVzlVWVZObVdtODRZbFJSVUhoV09XbDVXRkZQWmtkQmQzZDJUekZ6ZUhSbVNYRjRRa3h2TjNCcGJIUXlVazlQTUROR2VIcDVaSGxIZDJaUGRtMU1hbElyWmtzMlVYWjJSSFIzV0V3clN5dHVlblpMU21WVWRqbEJjMkpIUWl0ck1qZE5heTlOZWxweFZHc3pjMFJuZGtGUVREUTNaRTVuTjFOUU9YVk1SQzlxTWxOMFNFOUtjMUY1Tm5CSlpsQlFUVXBQYXl0blkwOWFVVzQ1Y2toMlZuUnNNVlZZUkhoa1FUWTNMM3BrVFZoV1IzTmpPVzlJV21NNVJraElPVmt5Y1ZkaFRpOUJjV1ZZV1c5MGJTOHZUMjR6Um1KYVJtZFJhakk0U0V3NVdrbDBSVXRZZFhaaE9XUk1UMHM0TVZoRWFrRnJSbE5CVjFadldFeHNUazlXZGtnM2QweEZkRlp2TW1kT2FYQnFha1UyUzJwVVQxcEhTR0ZLTDJSMGFWWnlabmdyZHl0dVYxRm1WM1JwWms0ME56SkZNSE00U2tkNWEwcE5RMGRUWjBKSU5WWXJjbFJuVVUxQ1RFNURZVFU0YkV0VFZubFNZM0k0YWpkMWNFZENZMFZRV2trNVVETjRjMmRwWVd3eVRERnBhMmh6YkZveVkwTlJkVGhxTDJsSFRraGxkR055YjFnd00yUnZjV2xaTjFwMlJURnZXbE5sZERGQmFXTTFORGd4WlV4SFZWSk5jMDlyTm1RM1JEaFplVXBPVVd0MVJrNW1jeTlyYW5WQ1EzQm5Vazg1WkVJME5IWlVSMlpQTlZNemFFNHdNRmRUYkdacVpYSmxNMmcyUlVsWVJrWkRZVUV6Y1hnelEwVmlhemxHUWs0M2VrUTFaV3BxYTI1T01qUTVWMnB2U0VwcU5WTjFaRWx3VkVnck5rcDFXVEJqZDJGTmFrTkJVakV2ZG5STmJEVlpVREZ1VWl0cVNreGFXUzlDZVhwaVVHOVNOSFZvTUVKTlYxTkVZek5tUjBKaFNsRnFXSHA2ZGxodGQzSk5abGhQVWpCTU1UaE9hekJzV25CTFVGRkZhbTE2SWl3aVpHRjBZV3RsZVNJNklrRlJSVUpCU0dnclpGTXJRbXhPZFRCT2VHNVlkMjkzWWtsTWN6RXhOWGxxWkN0TVRrRmFhRUpNV25OMWJrOTRhek5CUVVGQlNEUjNaa0ZaU2t0dldrbG9kbU5PUVZGalIyOUhPSGRpVVVsQ1FVUkNiMEpuYTNGb2EybEhPWGN3UWtKM1JYZElaMWxLV1VsYVNVRlhWVVJDUVVWMVRVSkZSVVJCY0c1aE1XbFBhRWRoWlhOVU5ERjNVVWxDUlVsQk56SnFjV052VVRoTFFYbFpTVEJGWjJWQmVGcEVTSGczU2taaVNHcHVVMFZQVTA5cVVucG1aSFZuVDB4c1UxTm1kV1k0Y1VWWEszSjBOa2R2Ym5GTVZYcEhTbTFMVkVSNFYxQlljMkZaY2trOUlpd2lkbVZ5YzJsdmJpSTZJaklpTENKMGVYQmxJam9pUkVGVVFWOUxSVmtpTENKbGVIQnBjbUYwYVc5dUlqb3hOelV4TnpReU5qUTFmUT09\"}}}",
            "content_base64": null,
            "content_base64sha256": "ZWUfByPovs9RBKl2NbLVQ+ZFuPyV4AqYtV9aiVs9aLw=",
            "content_base64sha512": "YcepnlZr2cqTcftRUMYpxW4f9MIfqTK88EwB0V3Ikx2z+6pKTeVqVsYkx+Ghts2HV4VlVkNj6GZ+UjyyrNtxcw==",
            "content_md5": "9026e376da169e11df50fed88e4bc3d8",
            "content_sha1": "b1bc30b636901aeb28822dc9362dfa8464dd6930",
            "content_sha256": "65651f0723e8becf5104a97635b2d543e645b8fc95e00a98b55f5a895b3d68bc",
            "content_sha512": "61c7a99e566bd9ca9371fb5150c629c56e1ff4c21fa932bcf04c01d15dc8931db3fbaa4a4de56a56c624c7e1a1b6cd87578565564363e8667e523cb2acdb7173",
            "directory_permission": "0777",
            "file_permission": "0777",
            "filename": "./ecr-image-pull-secret.json",
            "id": "b1bc30b636901aeb28822dc9362dfa8464dd6930",
            "sensitive_content": null,
            "source": null
          },
          "sensitive_attributes": [
            [
              {
                "type": "get_attr",
                "value": "content"
              }
            ],
            [
              {
                "type": "get_attr",
                "value": "sensitive_content"
              }
            ]
          ],
          "identity_schema_version": 0,
          "dependencies": [
            "module.ecr.aws_ecr_repository.app_repo",
            "module.ecr.data.aws_ecr_authorization_token.token"
          ]
        }
      ]
    },
    {
      "mode": "managed",
      "type": "local_file",
      "name": "k8s_private_key_file",
      "provider": "provider[\"registry.terraform.io/hashicorp/local\"]",
      "instances": [
        {
          "schema_version": 0,
          "attributes": {
            "content": "-----BEGIN RSA PRIVATE KEY-----\nMIIJKgIBAAKCAgEAz7Wd2qdSUVF3dr/r33e3adLGBo72y6YsDSaACIUmmK+qi5me\nx9HLZxqLzymiby6OFo7St5cmLOi8kZdbNQ4BRfBtfXLtEbpgRN5wePPyO/0JSiA0\nFUPgAqR+N85BwlLEGuMp/DhIquRm48Q6Q+QczWzBQ7qb+m0FvOnpD9PTrrsRyh5v\np9+T8Y1aSlZfIIHsiPM2/tCY9Tls+dltgiVVK+9DSA0B1dODRxHNKU5MpEj9sUnV\nquwt/CPbszv+TcBUCBZmo5JyXWahjAdHKSae/J5KrasRO2dI9pjboL8vazKyFSTd\nhyFam6IBLv3wuQ83k1xvS1bTD5Nje0YN52ot5O/ZHbcP0inSWX6vpf4kOV8Aw5+O\nV+fU3wWUv+6X15+BVbnJZZNPltJveawXQTqnIfd/RmWQXk2z0kd0B20JSGXHVIuO\nItARL1nwqZvpchV/7dhExVmM7oh7a+M32ezb1CX3AL0oe2cdab0rNAWb3FPDc0+K\nuFQifcgKhTT8p2xOgI5a4Nd3Q9nTlaXdrvpVCFx+wyAsy+m+qPnLL9bZ0JfQH2M6\nJ9JbjgnNGDwBSCEmB1tuIxDCd8PV/5RxBJuxAdHWR5sx1q41rGH3ZQfX3SCll3kW\nYfqLy02kzwmxIUF4aQLYEyJGNdf2RN4Dzv47tVP6SNTB8DkXvDTiCjQqXjECAwEA\nAQKCAgA1VqiuNSiM7FQ2wOsz7BzEBpXGqmDTBB2s1NWtGnBCZl3v0me1XXkTxXvg\nm4r0bSqcvVl8PsrVXoDKDGmmEq4eBTNAs0oQsuE03kBYtyBd6kk/6Uwmp9L3KsGk\n2AkH+1QTqYEnHVb/135agBIMTCBfWk249EtIwEVocVLhtx5VcQGM+0rl+6KUtZ1Z\nmJt+EA8rTfWx8uRMmM4UzRJziN251gvbjUeK3vGHxxj9wfcpevr204SUi2j1pkmt\nWbsgwUJy/zmlSJ6owIm8mUPbW+kY6xc3SMY4kHnqpW9E9MObDh4wEtL2eAi6DZyr\nMhfmlfNKGsMTwDyb89fomKFKa3hUKxo+2FT06jsP+FQaYrWvA9kIHnVf8/JoiFd5\n0Ld8vslMG2qm8bPgNNULy7ayV1nDed1fnf1I2SFCi0tDDUxOMjvcKcQAZUn98D23\nKvMttF8UeaEsAapOH5Y0K3qMG5JMdyRfrV8hUhPx0uU9YHX5rsCXHWX/l/k9n5SU\nt7SDEL1y2u8zE4SfrmitsxEC8aBoGbumQqnel+GRfSuS/sI667IxRCSGHEHrWGZc\n8kcLJJzlmqlQjcczGpq+sIHHGkfXMrObta1rbw9Mue4XMNGYVYHE9rVAlUL4qTlo\nZAmBtoCetmdehMH4OW8l+KNWVN//tRSsaqMTG4mkNhGiqZi2HwKCAQEA6BnSgOpg\nwsks7smUV+8icocVMDhwxgqUqYhk0XzWbTQ5adqjG7zKqPV8kOl6b5WBgouH8HS/\ndQ93gVXM4TXpp0ognHa5wbdKhVCy/gxyy4r5EgKOj5vYNhJgG4U4PysyXN8S3wD3\nbeEtKU0zp1LVdzzfTJYvoWAmAU+z8ImiaovDaIWvigDgo3Dxv1axKHLIkdL0+eU0\nEwuCWscL3rTK1iOzDydeSwqIYybnFJ0N+Ia4EkfgE6MDEwHbpgpBWxcukm0vK+3I\nlkQc8AqoC/GbGm2kxb5G3VQxJBU4xhDRmAprtBMZKlAHUpDkOumM5R1LWS1Q1vCQ\ne1UdUCrEAk4NCwKCAQEA5RjWHuYPnP2vuVNnteOm6Bf+j58vX6JacRnHDvBn4HSp\nbMzHjrhk0f/mceJCP4ScvknbHDTZ3iOn8MA9aaH0vECMjbaYVhMU131niyAL8apo\nUSLoK9hXa7G8wQ/zvAczDCunSnRp68EEr5DvuVfFpZIG2Z3WOTkDVT/tgMJKIZUr\n9Pci+k5ui1+amkT5UqKd04sMMxnTZSEQDSsf8NrdP+8UfDRHYh/L5WaMxwrx9ou6\ntxsvPED9ubjWzFAuAzdY1VwVXX1HUa61pRlAo9BGbx1b5yDHFhMaiS25B9bkt9J4\n/bjQ7SWDINXh4FTQnEBJ2h7tfatw0HdpbBWYsqJvMwKCAQEAlnVG1HMbTqoDCrh6\nBZbribqvrZao5HivbkcQtAxtJFWaclhdK/nylhytJ3Ny/yq3zdyNvv6vrj7chWcN\nbWD5moyfH06HlGAxWsK5hZ6kO/ZXB6nIqKeqPUMkMjLmB20FNNcW8KE7xGsYT5HQ\nTkOQRb+cMZWaQs6FVIxKZT+TneYEQpmG9bsj5E+vJw4XwdTG2GEclXJTk5T+Z8Jo\nm3IvmymBRe2LXrHxP/VUDzTQfa83XAJj69bcg1HNBZHYVChu9FT7I0r9oQt+hs0h\nqrxwg21YRyfV4FxXjsCDEUKN3DXFI/LNeXRvisKKcPY9c7jNw31wziUcRBck7XcL\noULfiQKCAQEAnKC8U2eqqQRwDV5Oe3Zm+CrfaUXF17Zh6w1aoIYQHs7jvnTKwnKi\ny0gPPzEXZeG+YAKSgNhJU6xA90IXOo71iXcAISsDP2XQS/t6vQ1t3Q1KQJ6C6OcB\n7akYiU3kr1qktd9qgmbQu9O85mNK4gZ2JFqPwFw+x+SIuNH6CJvMnuUjplkIWuUg\ngr0cL/iUFMEE8koQTyeK9YsDNF2Ves/HkBxefwQnAZkHh5DzEmoTPyIMx38YbjNo\nxH7wq8LtkllWrJhGKyKpjdjKa1O2c8jDPthtqrkoI5lv/PV7mTZ8LIkDG0Qt4tRQ\nsDRKN1sFPK5fT3bxm4eIm53oP3MMcKTJLQKCAQEAifWYXFxwc5jJilbjee2Of9F5\nirikG5TrlhlpAqW2/HrPWroxz+IGg+RIbXXtnuEHXmKpdxO/GtjLigWhAhmtzkRh\nHicOPPlq2LSqoIoPLcQzl37FkHFwjBtdtlRXDDykw3puvi4l8S70ds2HgYn9ZegM\nX/2KXy8Rf1cbCXfjasB3EFKTdAP7EPOzb7D6PHIpcL5iTt8OMgJG8ZrppNVV0fc0\nCf+LJwPfFsWHxdy4lFXaDjvLWip5pBz/8hwDDJ8/wZByE6IeeZmoCU61O1Y3Zuzg\nU9BQaaWip1jqDRqJiWtdbuE5w+wIbcHkMDjvaIFOKUFOuCYc8TmaI9v3G9BUCA==\n-----END RSA PRIVATE KEY-----\n",
            "content_base64": null,
            "content_base64sha256": "hpIdewR8f/xYiUQS6Z/cu6wLpNJLK/P5e1AsJaHBCZE=",
            "content_base64sha512": "6slPkS1X8XlpelzRlgybhnaHPNsZ6p+qfyuZj7OOFVI56TQ362gOYcM+St+lHSsCKloco0gXZqGG40Iu4ARLfQ==",
            "content_md5": "909fa62f5edffb98663b9992c9cdd5dd",
            "content_sha1": "e8d4c647acaebbf2602ac5f16b97bcebe1d9757d",
            "content_sha256": "86921d7b047c7ffc58894412e99fdcbbac0ba4d24b2bf3f97b502c25a1c10991",
            "content_sha512": "eac94f912d57f179697a5cd1960c9b8676873cdb19ea9faa7f2b998fb38e155239e93437eb680e61c33e4adfa51d2b022a5a1ca3481766a186e3422ee0044b7d",
            "directory_permission": "0777",
            "file_permission": "0777",
            "filename": "./my-k8s-cluster-ssh-key.pem",
            "id": "e8d4c647acaebbf2602ac5f16b97bcebe1d9757d",
            "sensitive_content": null,
            "source": null
          },
          "sensitive_attributes": [
            [
              {
                "type": "get_attr",
                "value": "content"
              }
            ],
            [
              {
                "type": "get_attr",
                "value": "sensitive_content"
              }
            ]
          ],
          "identity_schema_version": 0,
          "dependencies": [
            "tls_private_key.k8s_key"
          ]
        }
      ]
    },
    {
      "mode": "managed",
      "type": "null_resource",
      "name": "set_private_key_permissions",
      "provider": "provider[\"registry.terraform.io/hashicorp/null\"]",
      "instances": [
        {
          "schema_version": 0,
          "attributes": {
            "id": "9005358995979448951",
            "triggers": null
          },
          "sensitive_attributes": [],
          "identity_schema_version": 0,
          "dependencies": [
            "local_file.k8s_private_key_file",
            "tls_private_key.k8s_key"
          ]
        }
      ]
    },
    {
      "mode": "managed",
      "type": "tls_private_key",
      "name": "k8s_key",
      "provider": "provider[\"registry.terraform.io/hashicorp/tls\"]",
      "instances": [
        {
          "schema_version": 1,
          "attributes": {
            "algorithm": "RSA",
            "ecdsa_curve": "P224",
            "id": "eaead0224fd3aa87113c83b1855fdb29755f1c02",
            "private_key_openssh": "-----BEGIN OPENSSH PRIVATE KEY-----\nb3BlbnNzaC1rZXktdjEAAAAABG5vbmUAAAAEbm9uZQAAAAAAAAABAAACFwAAAAdz\nc2gtcnNhAAAAAwEAAQAAAgEAz7Wd2qdSUVF3dr/r33e3adLGBo72y6YsDSaACIUm\nmK+qi5mex9HLZxqLzymiby6OFo7St5cmLOi8kZdbNQ4BRfBtfXLtEbpgRN5wePPy\nO/0JSiA0FUPgAqR+N85BwlLEGuMp/DhIquRm48Q6Q+QczWzBQ7qb+m0FvOnpD9PT\nrrsRyh5vp9+T8Y1aSlZfIIHsiPM2/tCY9Tls+dltgiVVK+9DSA0B1dODRxHNKU5M\npEj9sUnVquwt/CPbszv+TcBUCBZmo5JyXWahjAdHKSae/J5KrasRO2dI9pjboL8v\nazKyFSTdhyFam6IBLv3wuQ83k1xvS1bTD5Nje0YN52ot5O/ZHbcP0inSWX6vpf4k\nOV8Aw5+OV+fU3wWUv+6X15+BVbnJZZNPltJveawXQTqnIfd/RmWQXk2z0kd0B20J\nSGXHVIuOItARL1nwqZvpchV/7dhExVmM7oh7a+M32ezb1CX3AL0oe2cdab0rNAWb\n3FPDc0+KuFQifcgKhTT8p2xOgI5a4Nd3Q9nTlaXdrvpVCFx+wyAsy+m+qPnLL9bZ\n0JfQH2M6J9JbjgnNGDwBSCEmB1tuIxDCd8PV/5RxBJuxAdHWR5sx1q41rGH3ZQfX\n3SCll3kWYfqLy02kzwmxIUF4aQLYEyJGNdf2RN4Dzv47tVP6SNTB8DkXvDTiCjQq\nXjEAAAc4dUltynVJbcoAAAAHc3NoLXJzYQAAAgEAz7Wd2qdSUVF3dr/r33e3adLG\nBo72y6YsDSaACIUmmK+qi5mex9HLZxqLzymiby6OFo7St5cmLOi8kZdbNQ4BRfBt\nfXLtEbpgRN5wePPyO/0JSiA0FUPgAqR+N85BwlLEGuMp/DhIquRm48Q6Q+QczWzB\nQ7qb+m0FvOnpD9PTrrsRyh5vp9+T8Y1aSlZfIIHsiPM2/tCY9Tls+dltgiVVK+9D\nSA0B1dODRxHNKU5MpEj9sUnVquwt/CPbszv+TcBUCBZmo5JyXWahjAdHKSae/J5K\nrasRO2dI9pjboL8vazKyFSTdhyFam6IBLv3wuQ83k1xvS1bTD5Nje0YN52ot5O/Z\nHbcP0inSWX6vpf4kOV8Aw5+OV+fU3wWUv+6X15+BVbnJZZNPltJveawXQTqnIfd/\nRmWQXk2z0kd0B20JSGXHVIuOItARL1nwqZvpchV/7dhExVmM7oh7a+M32ezb1CX3\nAL0oe2cdab0rNAWb3FPDc0+KuFQifcgKhTT8p2xOgI5a4Nd3Q9nTlaXdrvpVCFx+\nwyAsy+m+qPnLL9bZ0JfQH2M6J9JbjgnNGDwBSCEmB1tuIxDCd8PV/5RxBJuxAdHW\nR5sx1q41rGH3ZQfX3SCll3kWYfqLy02kzwmxIUF4aQLYEyJGNdf2RN4Dzv47tVP6\nSNTB8DkXvDTiCjQqXjEAAAADAQABAAACADVWqK41KIzsVDbA6zPsHMQGlcaqYNME\nHazU1a0acEJmXe/SZ7VdeRPFe+CbivRtKpy9WXw+ytVegMoMaaYSrh4FM0CzShCy\n4TTeQFi3IF3qST/pTCan0vcqwaTYCQf7VBOpgScdVv/XflqAEgxMIF9aTbj0S0jA\nRWhxUuG3HlVxAYz7SuX7opS1nVmYm34QDytN9bHy5EyYzhTNEnOI3bnWC9uNR4re\n8YfHGP3B9yl6+vbThJSLaPWmSa1ZuyDBQnL/OaVInqjAibyZQ9tb6RjrFzdIxjiQ\neeqlb0T0w5sOHjAS0vZ4CLoNnKsyF+aV80oawxPAPJvz1+iYoUpreFQrGj7YVPTq\nOw/4VBpita8D2QgedV/z8miIV3nQt3y+yUwbaqbxs+A01QvLtrJXWcN53V+d/UjZ\nIUKLS0MNTE4yO9wpxABlSf3wPbcq8y20XxR5oSwBqk4fljQreowbkkx3JF+tXyFS\nE/HS5T1gdfmuwJcdZf+X+T2flJS3tIMQvXLa7zMThJ+uaK2zEQLxoGgZu6ZCqd6X\n4ZF9K5L+wjrrsjFEJIYcQetYZlzyRwsknOWaqVCNxzMamr6wgccaR9cys5u1rWtv\nD0y57hcw0ZhVgcT2tUCVQvipOWhkCYG2gJ62Z16Ewfg5byX4o1ZU3/+1FKxqoxMb\niaQ2EaKpmLYfAAABAQCJ9ZhcXHBzmMmKVuN57Y5/0XmKuKQblOuWGWkCpbb8es9a\nujHP4gaD5Ehtde2e4QdeYql3E78a2MuKBaECGa3ORGEeJw48+WrYtKqgig8txDOX\nfsWQcXCMG122VFcMPKTDem6+LiXxLvR2zYeBif1l6Axf/YpfLxF/VxsJd+NqwHcQ\nUpN0A/sQ87NvsPo8cilwvmJO3w4yAkbxmumk1VXR9zQJ/4snA98WxYfF3LiUVdoO\nO8taKnmkHP/yHAMMnz/BkHIToh55magJTrU7Vjdm7OBT0FBppaKnWOoNGomJa11u\n4TnD7AhtweQwOO9ogU4pQU64JhzxOZoj2/cb0FQIAAABAQDoGdKA6mDCySzuyZRX\n7yJyhxUwOHDGCpSpiGTRfNZtNDlp2qMbvMqo9XyQ6XpvlYGCi4fwdL91D3eBVczh\nNemnSiCcdrnBt0qFULL+DHLLivkSAo6Pm9g2EmAbhTg/KzJc3xLfAPdt4S0pTTOn\nUtV3PN9Mli+hYCYBT7PwiaJqi8Noha+KAOCjcPG/VrEocsiR0vT55TQTC4Jaxwve\ntMrWI7MPJ15LCohjJucUnQ34hrgSR+ATowMTAdumCkFbFy6SbS8r7ciWRBzwCqgL\n8ZsabaTFvkbdVDEkFTjGENGYCmu0ExkqUAdSkOQ66YzlHUtZLVDW8JB7VR1QKsQC\nTg0LAAABAQDlGNYe5g+c/a+5U2e146boF/6Pny9folpxGccO8GfgdKlszMeOuGTR\n/+Zx4kI/hJy+SdscNNneI6fwwD1pofS8QIyNtphWExTXfWeLIAvxqmhRIugr2Fdr\nsbzBD/O8BzMMK6dKdGnrwQSvkO+5V8WlkgbZndY5OQNVP+2AwkohlSv09yL6Tm6L\nX5qaRPlSop3TiwwzGdNlIRANKx/w2t0/7xR8NEdiH8vlZozHCvH2i7q3Gy88QP25\nuNbMUC4DN1jVXBVdfUdRrrWlGUCj0EZvHVvnIMcWExqJLbkH1uS30nj9uNDtJYMg\n1eHgVNCcQEnaHu19q3DQd2lsFZiyom8zAAAAAAEC\n-----END OPENSSH PRIVATE KEY-----\n",
            "private_key_pem": "-----BEGIN RSA PRIVATE KEY-----\nMIIJKgIBAAKCAgEAz7Wd2qdSUVF3dr/r33e3adLGBo72y6YsDSaACIUmmK+qi5me\nx9HLZxqLzymiby6OFo7St5cmLOi8kZdbNQ4BRfBtfXLtEbpgRN5wePPyO/0JSiA0\nFUPgAqR+N85BwlLEGuMp/DhIquRm48Q6Q+QczWzBQ7qb+m0FvOnpD9PTrrsRyh5v\np9+T8Y1aSlZfIIHsiPM2/tCY9Tls+dltgiVVK+9DSA0B1dODRxHNKU5MpEj9sUnV\nquwt/CPbszv+TcBUCBZmo5JyXWahjAdHKSae/J5KrasRO2dI9pjboL8vazKyFSTd\nhyFam6IBLv3wuQ83k1xvS1bTD5Nje0YN52ot5O/ZHbcP0inSWX6vpf4kOV8Aw5+O\nV+fU3wWUv+6X15+BVbnJZZNPltJveawXQTqnIfd/RmWQXk2z0kd0B20JSGXHVIuO\nItARL1nwqZvpchV/7dhExVmM7oh7a+M32ezb1CX3AL0oe2cdab0rNAWb3FPDc0+K\nuFQifcgKhTT8p2xOgI5a4Nd3Q9nTlaXdrvpVCFx+wyAsy+m+qPnLL9bZ0JfQH2M6\nJ9JbjgnNGDwBSCEmB1tuIxDCd8PV/5RxBJuxAdHWR5sx1q41rGH3ZQfX3SCll3kW\nYfqLy02kzwmxIUF4aQLYEyJGNdf2RN4Dzv47tVP6SNTB8DkXvDTiCjQqXjECAwEA\nAQKCAgA1VqiuNSiM7FQ2wOsz7BzEBpXGqmDTBB2s1NWtGnBCZl3v0me1XXkTxXvg\nm4r0bSqcvVl8PsrVXoDKDGmmEq4eBTNAs0oQsuE03kBYtyBd6kk/6Uwmp9L3KsGk\n2AkH+1QTqYEnHVb/135agBIMTCBfWk249EtIwEVocVLhtx5VcQGM+0rl+6KUtZ1Z\nmJt+EA8rTfWx8uRMmM4UzRJziN251gvbjUeK3vGHxxj9wfcpevr204SUi2j1pkmt\nWbsgwUJy/zmlSJ6owIm8mUPbW+kY6xc3SMY4kHnqpW9E9MObDh4wEtL2eAi6DZyr\nMhfmlfNKGsMTwDyb89fomKFKa3hUKxo+2FT06jsP+FQaYrWvA9kIHnVf8/JoiFd5\n0Ld8vslMG2qm8bPgNNULy7ayV1nDed1fnf1I2SFCi0tDDUxOMjvcKcQAZUn98D23\nKvMttF8UeaEsAapOH5Y0K3qMG5JMdyRfrV8hUhPx0uU9YHX5rsCXHWX/l/k9n5SU\nt7SDEL1y2u8zE4SfrmitsxEC8aBoGbumQqnel+GRfSuS/sI667IxRCSGHEHrWGZc\n8kcLJJzlmqlQjcczGpq+sIHHGkfXMrObta1rbw9Mue4XMNGYVYHE9rVAlUL4qTlo\nZAmBtoCetmdehMH4OW8l+KNWVN//tRSsaqMTG4mkNhGiqZi2HwKCAQEA6BnSgOpg\nwsks7smUV+8icocVMDhwxgqUqYhk0XzWbTQ5adqjG7zKqPV8kOl6b5WBgouH8HS/\ndQ93gVXM4TXpp0ognHa5wbdKhVCy/gxyy4r5EgKOj5vYNhJgG4U4PysyXN8S3wD3\nbeEtKU0zp1LVdzzfTJYvoWAmAU+z8ImiaovDaIWvigDgo3Dxv1axKHLIkdL0+eU0\nEwuCWscL3rTK1iOzDydeSwqIYybnFJ0N+Ia4EkfgE6MDEwHbpgpBWxcukm0vK+3I\nlkQc8AqoC/GbGm2kxb5G3VQxJBU4xhDRmAprtBMZKlAHUpDkOumM5R1LWS1Q1vCQ\ne1UdUCrEAk4NCwKCAQEA5RjWHuYPnP2vuVNnteOm6Bf+j58vX6JacRnHDvBn4HSp\nbMzHjrhk0f/mceJCP4ScvknbHDTZ3iOn8MA9aaH0vECMjbaYVhMU131niyAL8apo\nUSLoK9hXa7G8wQ/zvAczDCunSnRp68EEr5DvuVfFpZIG2Z3WOTkDVT/tgMJKIZUr\n9Pci+k5ui1+amkT5UqKd04sMMxnTZSEQDSsf8NrdP+8UfDRHYh/L5WaMxwrx9ou6\ntxsvPED9ubjWzFAuAzdY1VwVXX1HUa61pRlAo9BGbx1b5yDHFhMaiS25B9bkt9J4\n/bjQ7SWDINXh4FTQnEBJ2h7tfatw0HdpbBWYsqJvMwKCAQEAlnVG1HMbTqoDCrh6\nBZbribqvrZao5HivbkcQtAxtJFWaclhdK/nylhytJ3Ny/yq3zdyNvv6vrj7chWcN\nbWD5moyfH06HlGAxWsK5hZ6kO/ZXB6nIqKeqPUMkMjLmB20FNNcW8KE7xGsYT5HQ\nTkOQRb+cMZWaQs6FVIxKZT+TneYEQpmG9bsj5E+vJw4XwdTG2GEclXJTk5T+Z8Jo\nm3IvmymBRe2LXrHxP/VUDzTQfa83XAJj69bcg1HNBZHYVChu9FT7I0r9oQt+hs0h\nqrxwg21YRyfV4FxXjsCDEUKN3DXFI/LNeXRvisKKcPY9c7jNw31wziUcRBck7XcL\noULfiQKCAQEAnKC8U2eqqQRwDV5Oe3Zm+CrfaUXF17Zh6w1aoIYQHs7jvnTKwnKi\ny0gPPzEXZeG+YAKSgNhJU6xA90IXOo71iXcAISsDP2XQS/t6vQ1t3Q1KQJ6C6OcB\n7akYiU3kr1qktd9qgmbQu9O85mNK4gZ2JFqPwFw+x+SIuNH6CJvMnuUjplkIWuUg\ngr0cL/iUFMEE8koQTyeK9YsDNF2Ves/HkBxefwQnAZkHh5DzEmoTPyIMx38YbjNo\nxH7wq8LtkllWrJhGKyKpjdjKa1O2c8jDPthtqrkoI5lv/PV7mTZ8LIkDG0Qt4tRQ\nsDRKN1sFPK5fT3bxm4eIm53oP3MMcKTJLQKCAQEAifWYXFxwc5jJilbjee2Of9F5\nirikG5TrlhlpAqW2/HrPWroxz+IGg+RIbXXtnuEHXmKpdxO/GtjLigWhAhmtzkRh\nHicOPPlq2LSqoIoPLcQzl37FkHFwjBtdtlRXDDykw3puvi4l8S70ds2HgYn9ZegM\nX/2KXy8Rf1cbCXfjasB3EFKTdAP7EPOzb7D6PHIpcL5iTt8OMgJG8ZrppNVV0fc0\nCf+LJwPfFsWHxdy4lFXaDjvLWip5pBz/8hwDDJ8/wZByE6IeeZmoCU61O1Y3Zuzg\nU9BQaaWip1jqDRqJiWtdbuE5w+wIbcHkMDjvaIFOKUFOuCYc8TmaI9v3G9BUCA==\n-----END RSA PRIVATE KEY-----\n",
            "private_key_pem_pkcs8": "-----BEGIN PRIVATE KEY-----\nMIIJRAIBADANBgkqhkiG9w0BAQEFAASCCS4wggkqAgEAAoICAQDPtZ3ap1JRUXd2\nv+vfd7dp0sYGjvbLpiwNJoAIhSaYr6qLmZ7H0ctnGovPKaJvLo4WjtK3lyYs6LyR\nl1s1DgFF8G19cu0RumBE3nB48/I7/QlKIDQVQ+ACpH43zkHCUsQa4yn8OEiq5Gbj\nxDpD5BzNbMFDupv6bQW86ekP09OuuxHKHm+n35PxjVpKVl8ggeyI8zb+0Jj1OWz5\n2W2CJVUr70NIDQHV04NHEc0pTkykSP2xSdWq7C38I9uzO/5NwFQIFmajknJdZqGM\nB0cpJp78nkqtqxE7Z0j2mNugvy9rMrIVJN2HIVqbogEu/fC5DzeTXG9LVtMPk2N7\nRg3nai3k79kdtw/SKdJZfq+l/iQ5XwDDn45X59TfBZS/7pfXn4FVucllk0+W0m95\nrBdBOqch939GZZBeTbPSR3QHbQlIZcdUi44i0BEvWfCpm+lyFX/t2ETFWYzuiHtr\n4zfZ7NvUJfcAvSh7Zx1pvSs0BZvcU8NzT4q4VCJ9yAqFNPynbE6Ajlrg13dD2dOV\npd2u+lUIXH7DICzL6b6o+csv1tnQl9AfYzon0luOCc0YPAFIISYHW24jEMJ3w9X/\nlHEEm7EB0dZHmzHWrjWsYfdlB9fdIKWXeRZh+ovLTaTPCbEhQXhpAtgTIkY11/ZE\n3gPO/ju1U/pI1MHwORe8NOIKNCpeMQIDAQABAoICADVWqK41KIzsVDbA6zPsHMQG\nlcaqYNMEHazU1a0acEJmXe/SZ7VdeRPFe+CbivRtKpy9WXw+ytVegMoMaaYSrh4F\nM0CzShCy4TTeQFi3IF3qST/pTCan0vcqwaTYCQf7VBOpgScdVv/XflqAEgxMIF9a\nTbj0S0jARWhxUuG3HlVxAYz7SuX7opS1nVmYm34QDytN9bHy5EyYzhTNEnOI3bnW\nC9uNR4re8YfHGP3B9yl6+vbThJSLaPWmSa1ZuyDBQnL/OaVInqjAibyZQ9tb6Rjr\nFzdIxjiQeeqlb0T0w5sOHjAS0vZ4CLoNnKsyF+aV80oawxPAPJvz1+iYoUpreFQr\nGj7YVPTqOw/4VBpita8D2QgedV/z8miIV3nQt3y+yUwbaqbxs+A01QvLtrJXWcN5\n3V+d/UjZIUKLS0MNTE4yO9wpxABlSf3wPbcq8y20XxR5oSwBqk4fljQreowbkkx3\nJF+tXyFSE/HS5T1gdfmuwJcdZf+X+T2flJS3tIMQvXLa7zMThJ+uaK2zEQLxoGgZ\nu6ZCqd6X4ZF9K5L+wjrrsjFEJIYcQetYZlzyRwsknOWaqVCNxzMamr6wgccaR9cy\ns5u1rWtvD0y57hcw0ZhVgcT2tUCVQvipOWhkCYG2gJ62Z16Ewfg5byX4o1ZU3/+1\nFKxqoxMbiaQ2EaKpmLYfAoIBAQDoGdKA6mDCySzuyZRX7yJyhxUwOHDGCpSpiGTR\nfNZtNDlp2qMbvMqo9XyQ6XpvlYGCi4fwdL91D3eBVczhNemnSiCcdrnBt0qFULL+\nDHLLivkSAo6Pm9g2EmAbhTg/KzJc3xLfAPdt4S0pTTOnUtV3PN9Mli+hYCYBT7Pw\niaJqi8Noha+KAOCjcPG/VrEocsiR0vT55TQTC4JaxwvetMrWI7MPJ15LCohjJucU\nnQ34hrgSR+ATowMTAdumCkFbFy6SbS8r7ciWRBzwCqgL8ZsabaTFvkbdVDEkFTjG\nENGYCmu0ExkqUAdSkOQ66YzlHUtZLVDW8JB7VR1QKsQCTg0LAoIBAQDlGNYe5g+c\n/a+5U2e146boF/6Pny9folpxGccO8GfgdKlszMeOuGTR/+Zx4kI/hJy+SdscNNne\nI6fwwD1pofS8QIyNtphWExTXfWeLIAvxqmhRIugr2FdrsbzBD/O8BzMMK6dKdGnr\nwQSvkO+5V8WlkgbZndY5OQNVP+2AwkohlSv09yL6Tm6LX5qaRPlSop3TiwwzGdNl\nIRANKx/w2t0/7xR8NEdiH8vlZozHCvH2i7q3Gy88QP25uNbMUC4DN1jVXBVdfUdR\nrrWlGUCj0EZvHVvnIMcWExqJLbkH1uS30nj9uNDtJYMg1eHgVNCcQEnaHu19q3DQ\nd2lsFZiyom8zAoIBAQCWdUbUcxtOqgMKuHoFluuJuq+tlqjkeK9uRxC0DG0kVZpy\nWF0r+fKWHK0nc3L/KrfN3I2+/q+uPtyFZw1tYPmajJ8fToeUYDFawrmFnqQ79lcH\nqciop6o9QyQyMuYHbQU01xbwoTvEaxhPkdBOQ5BFv5wxlZpCzoVUjEplP5Od5gRC\nmYb1uyPkT68nDhfB1MbYYRyVclOTlP5nwmibci+bKYFF7YtesfE/9VQPNNB9rzdc\nAmPr1tyDUc0FkdhUKG70VPsjSv2hC36GzSGqvHCDbVhHJ9XgXFeOwIMRQo3cNcUj\n8s15dG+Kwopw9j1zuM3DfXDOJRxEFyTtdwuhQt+JAoIBAQCcoLxTZ6qpBHANXk57\ndmb4Kt9pRcXXtmHrDVqghhAezuO+dMrCcqLLSA8/MRdl4b5gApKA2ElTrED3Qhc6\njvWJdwAhKwM/ZdBL+3q9DW3dDUpAnoLo5wHtqRiJTeSvWqS132qCZtC707zmY0ri\nBnYkWo/AXD7H5Ii40foIm8ye5SOmWQha5SCCvRwv+JQUwQTyShBPJ4r1iwM0XZV6\nz8eQHF5/BCcBmQeHkPMSahM/IgzHfxhuM2jEfvCrwu2SWVasmEYrIqmN2MprU7Zz\nyMM+2G2quSgjmW/89XuZNnwsiQMbRC3i1FCwNEo3WwU8rl9PdvGbh4ibneg/cwxw\npMktAoIBAQCJ9ZhcXHBzmMmKVuN57Y5/0XmKuKQblOuWGWkCpbb8es9aujHP4gaD\n5Ehtde2e4QdeYql3E78a2MuKBaECGa3ORGEeJw48+WrYtKqgig8txDOXfsWQcXCM\nG122VFcMPKTDem6+LiXxLvR2zYeBif1l6Axf/YpfLxF/VxsJd+NqwHcQUpN0A/sQ\n87NvsPo8cilwvmJO3w4yAkbxmumk1VXR9zQJ/4snA98WxYfF3LiUVdoOO8taKnmk\nHP/yHAMMnz/BkHIToh55magJTrU7Vjdm7OBT0FBppaKnWOoNGomJa11u4TnD7Aht\nweQwOO9ogU4pQU64JhzxOZoj2/cb0FQI\n-----END PRIVATE KEY-----\n",
            "public_key_fingerprint_md5": "89:fa:7e:f8:c7:e8:81:4b:21:7d:1e:ea:e2:38:a6:b9",
            "public_key_fingerprint_sha256": "SHA256:ixFc+1cj2tC/G8FcSitzW0hYrEbDVymFX3bxyseRpv8",
            "public_key_openssh": "ssh-rsa AAAAB3NzaC1yc2EAAAADAQABAAACAQDPtZ3ap1JRUXd2v+vfd7dp0sYGjvbLpiwNJoAIhSaYr6qLmZ7H0ctnGovPKaJvLo4WjtK3lyYs6LyRl1s1DgFF8G19cu0RumBE3nB48/I7/QlKIDQVQ+ACpH43zkHCUsQa4yn8OEiq5GbjxDpD5BzNbMFDupv6bQW86ekP09OuuxHKHm+n35PxjVpKVl8ggeyI8zb+0Jj1OWz52W2CJVUr70NIDQHV04NHEc0pTkykSP2xSdWq7C38I9uzO/5NwFQIFmajknJdZqGMB0cpJp78nkqtqxE7Z0j2mNugvy9rMrIVJN2HIVqbogEu/fC5DzeTXG9LVtMPk2N7Rg3nai3k79kdtw/SKdJZfq+l/iQ5XwDDn45X59TfBZS/7pfXn4FVucllk0+W0m95rBdBOqch939GZZBeTbPSR3QHbQlIZcdUi44i0BEvWfCpm+lyFX/t2ETFWYzuiHtr4zfZ7NvUJfcAvSh7Zx1pvSs0BZvcU8NzT4q4VCJ9yAqFNPynbE6Ajlrg13dD2dOVpd2u+lUIXH7DICzL6b6o+csv1tnQl9AfYzon0luOCc0YPAFIISYHW24jEMJ3w9X/lHEEm7EB0dZHmzHWrjWsYfdlB9fdIKWXeRZh+ovLTaTPCbEhQXhpAtgTIkY11/ZE3gPO/ju1U/pI1MHwORe8NOIKNCpeMQ==\n",
            "public_key_pem": "-----BEGIN PUBLIC KEY-----\nMIICIjANBgkqhkiG9w0BAQEFAAOCAg8AMIICCgKCAgEAz7Wd2qdSUVF3dr/r33e3\nadLGBo72y6YsDSaACIUmmK+qi5mex9HLZxqLzymiby6OFo7St5cmLOi8kZdbNQ4B\nRfBtfXLtEbpgRN5wePPyO/0JSiA0FUPgAqR+N85BwlLEGuMp/DhIquRm48Q6Q+Qc\nzWzBQ7qb+m0FvOnpD9PTrrsRyh5vp9+T8Y1aSlZfIIHsiPM2/tCY9Tls+dltgiVV\nK+9DSA0B1dODRxHNKU5MpEj9sUnVquwt/CPbszv+TcBUCBZmo5JyXWahjAdHKSae\n/J5KrasRO2dI9pjboL8vazKyFSTdhyFam6IBLv3wuQ83k1xvS1bTD5Nje0YN52ot\n5O/ZHbcP0inSWX6vpf4kOV8Aw5+OV+fU3wWUv+6X15+BVbnJZZNPltJveawXQTqn\nIfd/RmWQXk2z0kd0B20JSGXHVIuOItARL1nwqZvpchV/7dhExVmM7oh7a+M32ezb\n1CX3AL0oe2cdab0rNAWb3FPDc0+KuFQifcgKhTT8p2xOgI5a4Nd3Q9nTlaXdrvpV\nCFx+wyAsy+m+qPnLL9bZ0JfQH2M6J9JbjgnNGDwBSCEmB1tuIxDCd8PV/5RxBJux\nAdHWR5sx1q41rGH3ZQfX3SCll3kWYfqLy02kzwmxIUF4aQLYEyJGNdf2RN4Dzv47\ntVP6SNTB8DkXvDTiCjQqXjECAwEAAQ==\n-----END PUBLIC KEY-----\n",
            "rsa_bits": 4096
          },
          "sensitive_attributes": [
            [
              {
                "type": "get_attr",
                "value": "private_key_openssh"
              }
            ],
            [
              {
                "type": "get_attr",
                "value": "private_key_pem"
              }
            ],
            [
              {
                "type": "get_attr",
                "value": "private_key_pem_pkcs8"
              }
            ]
          ],
          "identity_schema_version": 0
        }
      ]
    },
    {
      "module": "module.ecr",
      "mode": "data",
      "type": "aws_ecr_authorization_token",
      "name": "token",
      "provider": "provider[\"registry.terraform.io/hashicorp/aws\"]",
      "instances": [
        {
          "schema_version": 0,
          "attributes": {
            "authorization_token": "QVdTOmV5SndZWGxzYjJGa0lqb2lWVFptVW1ONVkzcEdPRUZzSzIxSVdrTjFWRGR4TkRsVlRXcFhSbFV3ZWpnMkswWnZSbTlLVUdsWk1taFpaMWgwZEZWUGFYUkJUMFF3WTJkSFJqWlNUVWQ0VTBaWFJWcFBWek1yUzBWYVZrRk9kblkyYVd0NVprWmtSbGxNVDNZNVpXaGxTbU5rT0M5UU5Gb3ljMmRWZEVwaFpUSkxMMEp2VFdSWFVFMHZjRFJXT0dkUlYzVlZUSFV6U21kUVQwcDFNV2RMVWt4WWQyRlJkVXhsYzBaYWEzUmpjSGxLZWtncmNFbFVhWFJJYUVRd05FSk1NbklyTnl0UFluaG9VRVJaTkVOV016aHlTVGM0ZUVWR1VXTXJiSHBHVkc1cE1reFdUVGRuVVZsdlozTnlZbWRsUXpOQlpHSnZSVWhHYms4eVRVNTZZVkJJZWtObFVURkhjV1U0V21aV2JIQkVSRlJwVURsTlUwRk9iUzlzVWtNeU1IQmxTSGRQVWtZelQybGFSSHBpYVN0b1IySjFlREpwU1N0cU5XOXhWVzlSWTFRMFdtOUNZM3B5UmtWcFJYa3lRV052YW1Wd2JVaE5TSFZOTUc0eWNraDZSRlJJV0ROU2NFSk5abWhoZFM5UVdXOW5hR0kxUkRWUFdIVTRlbU4zTjNobGVsaEVXV2hvTURaNE9DODNiMUZKZW1adVVWUkNNa1JJZVhKNmVXZzBPVzlVWVZObVdtODRZbFJSVUhoV09XbDVXRkZQWmtkQmQzZDJUekZ6ZUhSbVNYRjRRa3h2TjNCcGJIUXlVazlQTUROR2VIcDVaSGxIZDJaUGRtMU1hbElyWmtzMlVYWjJSSFIzV0V3clN5dHVlblpMU21WVWRqbEJjMkpIUWl0ck1qZE5heTlOZWxweFZHc3pjMFJuZGtGUVREUTNaRTVuTjFOUU9YVk1SQzlxTWxOMFNFOUtjMUY1Tm5CSlpsQlFUVXBQYXl0blkwOWFVVzQ1Y2toMlZuUnNNVlZZUkhoa1FUWTNMM3BrVFZoV1IzTmpPVzlJV21NNVJraElPVmt5Y1ZkaFRpOUJjV1ZZV1c5MGJTOHZUMjR6Um1KYVJtZFJhakk0U0V3NVdrbDBSVXRZZFhaaE9XUk1UMHM0TVZoRWFrRnJSbE5CVjFadldFeHNUazlXZGtnM2QweEZkRlp2TW1kT2FYQnFha1UyUzJwVVQxcEhTR0ZLTDJSMGFWWnlabmdyZHl0dVYxRm1WM1JwWms0ME56SkZNSE00U2tkNWEwcE5RMGRUWjBKSU5WWXJjbFJuVVUxQ1RFNURZVFU0YkV0VFZubFNZM0k0YWpkMWNFZENZMFZRV2trNVVETjRjMmRwWVd3eVRERnBhMmh6YkZveVkwTlJkVGhxTDJsSFRraGxkR055YjFnd00yUnZjV2xaTjFwMlJURnZXbE5sZERGQmFXTTFORGd4WlV4SFZWSk5jMDlyTm1RM1JEaFplVXBPVVd0MVJrNW1jeTlyYW5WQ1EzQm5Vazg1WkVJME5IWlVSMlpQTlZNemFFNHdNRmRUYkdacVpYSmxNMmcyUlVsWVJrWkRZVUV6Y1hnelEwVmlhemxHUWs0M2VrUTFaV3BxYTI1T01qUTVWMnB2U0VwcU5WTjFaRWx3VkVnck5rcDFXVEJqZDJGTmFrTkJVakV2ZG5STmJEVlpVREZ1VWl0cVNreGFXUzlDZVhwaVVHOVNOSFZvTUVKTlYxTkVZek5tUjBKaFNsRnFXSHA2ZGxodGQzSk5abGhQVWpCTU1UaE9hekJzV25CTFVGRkZhbTE2SWl3aVpHRjBZV3RsZVNJNklrRlJSVUpCU0dnclpGTXJRbXhPZFRCT2VHNVlkMjkzWWtsTWN6RXhOWGxxWkN0TVRrRmFhRUpNV25OMWJrOTRhek5CUVVGQlNEUjNaa0ZaU2t0dldrbG9kbU5PUVZGalIyOUhPSGRpVVVsQ1FVUkNiMEpuYTNGb2EybEhPWGN3UWtKM1JYZElaMWxLV1VsYVNVRlhWVVJDUVVWMVRVSkZSVVJCY0c1aE1XbFBhRWRoWlhOVU5ERjNVVWxDUlVsQk56SnFjV052VVRoTFFYbFpTVEJGWjJWQmVGcEVTSGczU2taaVNHcHVVMFZQVTA5cVVucG1aSFZuVDB4c1UxTm1kV1k0Y1VWWEszSjBOa2R2Ym5GTVZYcEhTbTFMVkVSNFYxQlljMkZaY2trOUlpd2lkbVZ5YzJsdmJpSTZJaklpTENKMGVYQmxJam9pUkVGVVFWOUxSVmtpTENKbGVIQnBjbUYwYVc5dUlqb3hOelV4TnpReU5qUTFmUT09",
            "expires_at": "2025-07-05T19:10:45Z",
            "id": "eu-west-1",
            "password": "eyJwYXlsb2FkIjoiVTZmUmN5Y3pGOEFsK21IWkN1VDdxNDlVTWpXRlUwejg2K0ZvRm9KUGlZMmhZZ1h0dFVPaXRBT0QwY2dHRjZSTUd4U0ZXRVpPVzMrS0VaVkFOdnY2aWt5ZkZkRllMT3Y5ZWhlSmNkOC9QNFoyc2dVdEphZTJLL0JvTWRXUE0vcDRWOGdRV3VVTHUzSmdQT0p1MWdLUkxYd2FRdUxlc0Zaa3RjcHlKekgrcElUaXRIaEQwNEJMMnIrNytPYnhoUERZNENWMzhySTc4eEVGUWMrbHpGVG5pMkxWTTdnUVlvZ3NyYmdlQzNBZGJvRUhGbk8yTU56YVBIekNlUTFHcWU4WmZWbHBERFRpUDlNU0FObS9sUkMyMHBlSHdPUkYzT2laRHpiaStoR2J1eDJpSStqNW9xVW9RY1Q0Wm9CY3pyRkVpRXkyQWNvamVwbUhNSHVNMG4yckh6RFRIWDNScEJNZmhhdS9QWW9naGI1RDVPWHU4emN3N3hlelhEWWhoMDZ4OC83b1FJemZuUVRCMkRIeXJ6eWg0OW9UYVNmWm84YlRRUHhWOWl5WFFPZkdBd3d2TzFzeHRmSXF4QkxvN3BpbHQyUk9PMDNGeHp5ZHlHd2ZPdm1MalIrZks2UXZ2RHR3WEwrSytuenZLSmVUdjlBc2JHQitrMjdNay9NelpxVGszc0RndkFQTDQ3ZE5nN1NQOXVMRC9qMlN0SE9Kc1F5NnBJZlBQTUpPaytnY09aUW45ckh2VnRsMVVYRHhkQTY3L3pkTVhWR3NjOW9IWmM5RkhIOVkycVdhTi9BcWVYWW90bS8vT24zRmJaRmdRajI4SEw5Wkl0RUtYdXZhOWRMT0s4MVhEakFrRlNBV1ZvWExsTk9Wdkg3d0xFdFZvMmdOaXBqakU2S2pUT1pHSGFKL2R0aVZyZngrdytuV1FmV3RpZk40NzJFMHM4Skd5a0pNQ0dTZ0JINVYrclRnUU1CTE5DYTU4bEtTVnlSY3I4ajd1cEdCY0VQWkk5UDN4c2dpYWwyTDFpa2hzbFoyY0NRdThqL2lHTkhldGNyb1gwM2RvcWlZN1p2RTFvWlNldDFBaWM1NDgxZUxHVVJNc09rNmQ3RDhZeUpOUWt1Rk5mcy9ranVCQ3BnUk85ZEI0NHZUR2ZPNVMzaE4wMFdTbGZqZXJlM2g2RUlYRkZDYUEzcXgzQ0ViazlGQk43ekQ1ZWpqa25OMjQ5V2pvSEpqNVN1ZElwVEgrNkp1WTBjd2FNakNBUjEvdnRNbDVZUDFuUitqSkxaWS9CeXpiUG9SNHVoMEJNV1NEYzNmR0JhSlFqWHp6dlhtd3JNZlhPUjBMMThOazBsWnBLUFFFam16IiwiZGF0YWtleSI6IkFRRUJBSGgrZFMrQmxOdTBOeG5Yd293YklMczExNXlqZCtMTkFaaEJMWnN1bk94azNBQUFBSDR3ZkFZSktvWklodmNOQVFjR29HOHdiUUlCQURCb0Jna3Foa2lHOXcwQkJ3RXdIZ1lKWUlaSUFXVURCQUV1TUJFRURBcG5hMWlPaEdhZXNUNDF3UUlCRUlBNzJqcWNvUThLQXlZSTBFZ2VBeFpESHg3SkZiSGpuU0VPU09qUnpmZHVnT0xsU1NmdWY4cUVXK3J0NkdvbnFMVXpHSm1LVER4V1BYc2FZckk9IiwidmVyc2lvbiI6IjIiLCJ0eXBlIjoiREFUQV9LRVkiLCJleHBpcmF0aW9uIjoxNzUxNzQyNjQ1fQ==",
            "proxy_endpoint": "https://977098995259.dkr.ecr.eu-west-1.amazonaws.com",
            "registry_id": null,
            "user_name": "AWS"
          },
          "sensitive_attributes": [
            [
              {
                "type": "get_attr",
                "value": "authorization_token"
              }
            ],
            [
              {
                "type": "get_attr",
                "value": "password"
              }
            ]
          ],
          "identity_schema_version": 0
        }
      ]
    },
    {
      "module": "module.ecr",
      "mode": "managed",
      "type": "aws_ecr_repository",
      "name": "app_repo",
      "provider": "provider[\"registry.terraform.io/hashicorp/aws\"]",
      "instances": [
        {
          "schema_version": 0,
          "attributes": {
            "arn": "arn:aws:ecr:eu-west-1:977098995259:repository/my-k8s-cluster-app-repo",
            "encryption_configuration": [
              {
                "encryption_type": "AES256",
                "kms_key": ""
              }
            ],
            "force_delete": null,
            "id": "my-k8s-cluster-app-repo",
            "image_scanning_configuration": [
              {
                "scan_on_push": true
              }
            ],
            "image_tag_mutability": "MUTABLE",
            "name": "my-k8s-cluster-app-repo",
            "registry_id": "977098995259",
            "repository_url": "977098995259.dkr.ecr.eu-west-1.amazonaws.com/my-k8s-cluster-app-repo",
            "tags": {},
            "tags_all": {},
            "timeouts": null
          },
          "sensitive_attributes": [],
          "identity_schema_version": 0,
          "private": "eyJlMmJmYjczMC1lY2FhLTExZTYtOGY4OC0zNDM2M2JjN2M0YzAiOnsiZGVsZXRlIjoxMjAwMDAwMDAwMDAwfX0="
        }
      ]
    },
    {
      "module": "module.master_node",
      "mode": "managed",
      "type": "aws_instance",
      "name": "master",
      "provider": "provider[\"registry.terraform.io/hashicorp/aws\"]",
      "instances": [
        {
          "schema_version": 1,
          "attributes": {
            "ami": "ami-0dc0ac921efee9f9d",
            "arn": "arn:aws:ec2:eu-west-1:977098995259:instance/i-0394fda65c4aafcb9",
            "associate_public_ip_address": true,
            "availability_zone": "eu-west-1a",
            "capacity_reservation_specification": [
              {
                "capacity_reservation_preference": "open",
                "capacity_reservation_target": []
              }
            ],
            "cpu_core_count": 1,
            "cpu_options": [
              {
                "amd_sev_snp": "",
                "core_count": 1,
                "threads_per_core": 2
              }
            ],
            "cpu_threads_per_core": 2,
            "credit_specification": [
              {
                "cpu_credits": "unlimited"
              }
            ],
            "disable_api_stop": false,
            "disable_api_termination": false,
            "ebs_block_device": [],
            "ebs_optimized": false,
            "enable_primary_ipv6": null,
            "enclave_options": [
              {
                "enabled": false
              }
            ],
            "ephemeral_block_device": [],
            "get_password_data": false,
            "hibernation": false,
            "host_id": "",
            "host_resource_group_arn": null,
            "iam_instance_profile": "my-k8s-cluster-Instance-Profile",
            "id": "i-0394fda65c4aafcb9",
            "instance_initiated_shutdown_behavior": "stop",
            "instance_lifecycle": "",
            "instance_market_options": [],
            "instance_state": "running",
            "instance_type": "t3.medium",
            "ipv6_address_count": 0,
            "ipv6_addresses": [],
            "key_name": "my-k8s-cluster-ssh-key",
            "launch_template": [],
            "maintenance_options": [
              {
                "auto_recovery": "default"
              }
            ],
            "metadata_options": [
              {
                "http_endpoint": "enabled",
                "http_protocol_ipv6": "disabled",
                "http_put_response_hop_limit": 1,
                "http_tokens": "optional",
                "instance_metadata_tags": "disabled"
              }
            ],
            "monitoring": false,
            "network_interface": [],
            "outpost_arn": "",
            "password_data": "",
            "placement_group": "",
            "placement_partition_number": 0,
            "primary_network_interface_id": "eni-022a8c91ab4785a21",
            "private_dns": "ip-10-0-1-37.eu-west-1.compute.internal",
            "private_dns_name_options": [
              {
                "enable_resource_name_dns_a_record": false,
                "enable_resource_name_dns_aaaa_record": false,
                "hostname_type": "ip-name"
              }
            ],
            "private_ip": "10.0.1.37",
            "public_dns": "ec2-108-129-171-52.eu-west-1.compute.amazonaws.com",
            "public_ip": "108.129.171.52",
            "root_block_device": [
              {
                "delete_on_termination": true,
                "device_name": "/dev/sda1",
                "encrypted": false,
                "iops": 100,
                "kms_key_id": "",
                "tags": {},
                "tags_all": {},
                "throughput": 0,
                "volume_id": "vol-0138c4aef99ef226e",
                "volume_size": 8,
                "volume_type": "gp2"
              }
            ],
            "secondary_private_ips": [],
            "security_groups": [],
            "source_dest_check": true,
            "spot_instance_request_id": "",
            "subnet_id": "subnet-08b48692360606538",
            "tags": {
              "Name": "my-k8s-cluster-controlplane"
            },
            "tags_all": {
              "Name": "my-k8s-cluster-controlplane"
            },
            "tenancy": "default",
            "timeouts": null,
            "user_data": "d99ee3c9bd76b9cba58c74c20645a21f73744c3e",
            "user_data_base64": null,
            "user_data_replace_on_change": false,
            "volume_tags": null,
            "vpc_security_group_ids": [
              "sg-02d2cd4ba89ca6c8b"
            ]
          },
          "sensitive_attributes": [],
          "identity_schema_version": 0,
          "private": "eyJlMmJmYjczMC1lY2FhLTExZTYtOGY4OC0zNDM2M2JjN2M0YzAiOnsiY3JlYXRlIjo2MDAwMDAwMDAwMDAsImRlbGV0ZSI6MTIwMDAwMDAwMDAwMCwicmVhZCI6OTAwMDAwMDAwMDAwLCJ1cGRhdGUiOjYwMDAwMDAwMDAwMH0sInNjaGVtYV92ZXJzaW9uIjoiMSJ9",
          "dependencies": [
            "aws_iam_instance_profile.k8s_instance_profile",
            "aws_iam_role.ec2_k8s_role",
            "aws_key_pair.generated_key",
            "data.aws_ami.ubuntu",
            "module.vpc.aws_security_group.kubernetes_master_sg",
            "module.vpc.aws_subnet.public",
            "module.vpc.aws_vpc.kubernetes_vpc",
            "module.vpc.data.aws_availability_zones.available",
            "tls_private_key.k8s_key"
          ]
        }
      ]
    },
    {
      "module": "module.master_node",
      "mode": "managed",
      "type": "null_resource",
      "name": "master_setup",
      "provider": "provider[\"registry.terraform.io/hashicorp/null\"]",
      "instances": [
        {
          "schema_version": 0,
          "attributes": {
            "id": "5181789526336567218",
            "triggers": null
          },
          "sensitive_attributes": [],
          "identity_schema_version": 0,
          "dependencies": [
            "aws_iam_instance_profile.k8s_instance_profile",
            "aws_iam_role.ec2_k8s_role",
            "aws_key_pair.generated_key",
            "data.aws_ami.ubuntu",
            "local_file.k8s_private_key_file",
            "module.master_node.aws_instance.master",
            "module.vpc.aws_security_group.kubernetes_master_sg",
            "module.vpc.aws_subnet.public",
            "module.vpc.aws_vpc.kubernetes_vpc",
            "module.vpc.data.aws_availability_zones.available",
            "tls_private_key.k8s_key"
          ]
        }
      ]
    },
    {
      "module": "module.vpc",
      "mode": "data",
      "type": "aws_availability_zones",
      "name": "available",
      "provider": "provider[\"registry.terraform.io/hashicorp/aws\"]",
      "instances": [
        {
          "schema_version": 0,
          "attributes": {
            "all_availability_zones": null,
            "exclude_names": null,
            "exclude_zone_ids": null,
            "filter": null,
            "group_names": [
              "eu-west-1-zg-1"
            ],
            "id": "eu-west-1",
            "names": [
              "eu-west-1a",
              "eu-west-1b",
              "eu-west-1c"
            ],
            "state": "available",
            "timeouts": null,
            "zone_ids": [
              "euw1-az3",
              "euw1-az1",
              "euw1-az2"
            ]
          },
          "sensitive_attributes": [],
          "identity_schema_version": 0
        }
      ]
    },
    {
      "module": "module.vpc",
      "mode": "managed",
      "type": "aws_internet_gateway",
      "name": "gw",
      "provider": "provider[\"registry.terraform.io/hashicorp/aws\"]",
      "instances": [
        {
          "schema_version": 0,
          "attributes": {
            "arn": "arn:aws:ec2:eu-west-1:977098995259:internet-gateway/igw-02e0786feb650e978",
            "id": "igw-02e0786feb650e978",
            "owner_id": "977098995259",
            "tags": {
              "Name": "my-k8s-cluster-igw"
            },
            "tags_all": {
              "Name": "my-k8s-cluster-igw"
            },
            "timeouts": null,
            "vpc_id": "vpc-06d585cfb52cb7e92"
          },
          "sensitive_attributes": [],
          "identity_schema_version": 0,
          "private": "eyJlMmJmYjczMC1lY2FhLTExZTYtOGY4OC0zNDM2M2JjN2M0YzAiOnsiY3JlYXRlIjoxMjAwMDAwMDAwMDAwLCJkZWxldGUiOjEyMDAwMDAwMDAwMDAsInVwZGF0ZSI6MTIwMDAwMDAwMDAwMH19",
          "dependencies": [
            "module.vpc.aws_vpc.kubernetes_vpc"
          ]
        }
      ]
    },
    {
      "module": "module.vpc",
      "mode": "managed",
      "type": "aws_route_table",
      "name": "public",
      "provider": "provider[\"registry.terraform.io/hashicorp/aws\"]",
      "instances": [
        {
          "schema_version": 0,
          "attributes": {
            "arn": "arn:aws:ec2:eu-west-1:977098995259:route-table/rtb-037e7a798c2f7fd02",
            "id": "rtb-037e7a798c2f7fd02",
            "owner_id": "977098995259",
            "propagating_vgws": [],
            "route": [
              {
                "carrier_gateway_id": "",
                "cidr_block": "0.0.0.0/0",
                "core_network_arn": "",
                "destination_prefix_list_id": "",
                "egress_only_gateway_id": "",
                "gateway_id": "igw-02e0786feb650e978",
                "ipv6_cidr_block": "",
                "local_gateway_id": "",
                "nat_gateway_id": "",
                "network_interface_id": "",
                "transit_gateway_id": "",
                "vpc_endpoint_id": "",
                "vpc_peering_connection_id": ""
              }
            ],
            "tags": {
              "Name": "my-k8s-cluster-public-rt"
            },
            "tags_all": {
              "Name": "my-k8s-cluster-public-rt"
            },
            "timeouts": null,
            "vpc_id": "vpc-06d585cfb52cb7e92"
          },
          "sensitive_attributes": [],
          "identity_schema_version": 0,
          "private": "eyJlMmJmYjczMC1lY2FhLTExZTYtOGY4OC0zNDM2M2JjN2M0YzAiOnsiY3JlYXRlIjozMDAwMDAwMDAwMDAsImRlbGV0ZSI6MzAwMDAwMDAwMDAwLCJ1cGRhdGUiOjEyMDAwMDAwMDAwMH19",
          "dependencies": [
            "module.vpc.aws_internet_gateway.gw",
            "module.vpc.aws_vpc.kubernetes_vpc"
          ]
        }
      ]
    },
    {
      "module": "module.vpc",
      "mode": "managed",
      "type": "aws_route_table_association",
      "name": "public",
      "provider": "provider[\"registry.terraform.io/hashicorp/aws\"]",
      "instances": [
        {
          "index_key": 0,
          "schema_version": 0,
          "attributes": {
            "gateway_id": "",
            "id": "rtbassoc-0bed923ccff1ef4db",
            "route_table_id": "rtb-037e7a798c2f7fd02",
            "subnet_id": "subnet-08b48692360606538",
            "timeouts": null
          },
          "sensitive_attributes": [],
          "identity_schema_version": 0,
          "private": "eyJlMmJmYjczMC1lY2FhLTExZTYtOGY4OC0zNDM2M2JjN2M0YzAiOnsiY3JlYXRlIjozMDAwMDAwMDAwMDAsImRlbGV0ZSI6MzAwMDAwMDAwMDAwLCJ1cGRhdGUiOjEyMDAwMDAwMDAwMH19",
          "dependencies": [
            "module.vpc.aws_internet_gateway.gw",
            "module.vpc.aws_route_table.public",
            "module.vpc.aws_subnet.public",
            "module.vpc.aws_vpc.kubernetes_vpc",
            "module.vpc.data.aws_availability_zones.available"
          ]
        },
        {
          "index_key": 1,
          "schema_version": 0,
          "attributes": {
            "gateway_id": "",
            "id": "rtbassoc-09fd9020ff4204b89",
            "route_table_id": "rtb-037e7a798c2f7fd02",
            "subnet_id": "subnet-0e6f0a9c7f1979840",
            "timeouts": null
          },
          "sensitive_attributes": [],
          "identity_schema_version": 0,
          "private": "eyJlMmJmYjczMC1lY2FhLTExZTYtOGY4OC0zNDM2M2JjN2M0YzAiOnsiY3JlYXRlIjozMDAwMDAwMDAwMDAsImRlbGV0ZSI6MzAwMDAwMDAwMDAwLCJ1cGRhdGUiOjEyMDAwMDAwMDAwMH19",
          "dependencies": [
            "module.vpc.aws_internet_gateway.gw",
            "module.vpc.aws_route_table.public",
            "module.vpc.aws_subnet.public",
            "module.vpc.aws_vpc.kubernetes_vpc",
            "module.vpc.data.aws_availability_zones.available"
          ]
        }
      ]
    },
    {
      "module": "module.vpc",
      "mode": "managed",
      "type": "aws_security_group",
      "name": "kubernetes_master_sg",
      "provider": "provider[\"registry.terraform.io/hashicorp/aws\"]",
      "instances": [
        {
          "schema_version": 1,
          "attributes": {
            "arn": "arn:aws:ec2:eu-west-1:977098995259:security-group/sg-02d2cd4ba89ca6c8b",
            "description": "Security group for Kubernetes Master nodes",
            "egress": [
              {
                "cidr_blocks": [
                  "0.0.0.0/0"
                ],
                "description": "",
                "from_port": 0,
                "ipv6_cidr_blocks": [],
                "prefix_list_ids": [],
                "protocol": "-1",
                "security_groups": [],
                "self": false,
                "to_port": 0
              }
            ],
            "id": "sg-02d2cd4ba89ca6c8b",
            "ingress": [
              {
                "cidr_blocks": [
                  "0.0.0.0/0"
                ],
                "description": "",
                "from_port": 22,
                "ipv6_cidr_blocks": [],
                "prefix_list_ids": [],
                "protocol": "tcp",
                "security_groups": [],
                "self": false,
                "to_port": 22
              },
              {
                "cidr_blocks": [
                  "0.0.0.0/0"
                ],
                "description": "",
                "from_port": 6443,
                "ipv6_cidr_blocks": [],
                "prefix_list_ids": [],
                "protocol": "tcp",
                "security_groups": [],
                "self": false,
                "to_port": 6443
              },
              {
                "cidr_blocks": [
                  "10.0.0.0/16"
                ],
                "description": "",
                "from_port": 10250,
                "ipv6_cidr_blocks": [],
                "prefix_list_ids": [],
                "protocol": "tcp",
                "security_groups": [],
                "self": false,
                "to_port": 10250
              },
              {
                "cidr_blocks": [
                  "10.0.0.0/16"
                ],
                "description": "Allow Calico Pod network",
                "from_port": 0,
                "ipv6_cidr_blocks": [],
                "prefix_list_ids": [],
                "protocol": "-1",
                "security_groups": [],
                "self": false,
                "to_port": 0
              },
              {
                "cidr_blocks": [],
                "description": "",
                "from_port": 10257,
                "ipv6_cidr_blocks": [],
                "prefix_list_ids": [],
                "protocol": "tcp",
                "security_groups": [],
                "self": true,
                "to_port": 10257
              },
              {
                "cidr_blocks": [],
                "description": "",
                "from_port": 10259,
                "ipv6_cidr_blocks": [],
                "prefix_list_ids": [],
                "protocol": "tcp",
                "security_groups": [],
                "self": true,
                "to_port": 10259
              },
              {
                "cidr_blocks": [],
                "description": "etcd client \u0026 peer communication",
                "from_port": 2379,
                "ipv6_cidr_blocks": [],
                "prefix_list_ids": [],
                "protocol": "tcp",
                "security_groups": [],
                "self": true,
                "to_port": 2380
              }
            ],
            "name": "my-k8s-cluster-master-sg",
            "name_prefix": "",
            "owner_id": "977098995259",
            "revoke_rules_on_delete": false,
            "tags": {
              "kubernetes.io/cluster/my-k8s-cluster": "owned"
            },
            "tags_all": {
              "kubernetes.io/cluster/my-k8s-cluster": "owned"
            },
            "timeouts": null,
            "vpc_id": "vpc-06d585cfb52cb7e92"
          },
          "sensitive_attributes": [],
          "identity_schema_version": 0,
          "private": "eyJlMmJmYjczMC1lY2FhLTExZTYtOGY4OC0zNDM2M2JjN2M0YzAiOnsiY3JlYXRlIjo2MDAwMDAwMDAwMDAsImRlbGV0ZSI6OTAwMDAwMDAwMDAwfSwic2NoZW1hX3ZlcnNpb24iOiIxIn0=",
          "dependencies": [
            "module.vpc.aws_vpc.kubernetes_vpc"
          ]
        }
      ]
    },
    {
      "module": "module.vpc",
      "mode": "managed",
      "type": "aws_security_group",
      "name": "kubernetes_worker_sg",
      "provider": "provider[\"registry.terraform.io/hashicorp/aws\"]",
      "instances": [
        {
          "schema_version": 1,
          "attributes": {
            "arn": "arn:aws:ec2:eu-west-1:977098995259:security-group/sg-0a434e25c16dc7a7a",
            "description": "Security group for Kubernetes Worker nodes",
            "egress": [
              {
                "cidr_blocks": [
                  "0.0.0.0/0"
                ],
                "description": "",
                "from_port": 0,
                "ipv6_cidr_blocks": [],
                "prefix_list_ids": [],
                "protocol": "-1",
                "security_groups": [],
                "self": false,
                "to_port": 0
              }
            ],
            "id": "sg-0a434e25c16dc7a7a",
            "ingress": [
              {
                "cidr_blocks": [
                  "0.0.0.0/0"
                ],
                "description": "",
                "from_port": 22,
                "ipv6_cidr_blocks": [],
                "prefix_list_ids": [],
                "protocol": "tcp",
                "security_groups": [],
                "self": false,
                "to_port": 22
              },
              {
                "cidr_blocks": [
                  "0.0.0.0/0"
                ],
                "description": "",
                "from_port": 30000,
                "ipv6_cidr_blocks": [],
                "prefix_list_ids": [],
                "protocol": "tcp",
                "security_groups": [],
                "self": false,
                "to_port": 32767
              },
              {
                "cidr_blocks": [
                  "10.0.0.0/16"
                ],
                "description": "",
                "from_port": 10250,
                "ipv6_cidr_blocks": [],
                "prefix_list_ids": [],
                "protocol": "tcp",
                "security_groups": [],
                "self": false,
                "to_port": 10250
              },
              {
                "cidr_blocks": [
                  "10.0.0.0/16"
                ],
                "description": "Allow Calico Pod network",
                "from_port": 0,
                "ipv6_cidr_blocks": [],
                "prefix_list_ids": [],
                "protocol": "-1",
                "security_groups": [],
                "self": false,
                "to_port": 0
              },
              {
                "cidr_blocks": [],
                "description": "Allow all traffic from Master SG",
                "from_port": 0,
                "ipv6_cidr_blocks": [],
                "prefix_list_ids": [],
                "protocol": "-1",
                "security_groups": [
                  "sg-02d2cd4ba89ca6c8b"
                ],
                "self": false,
                "to_port": 0
              }
            ],
            "name": "my-k8s-cluster-worker-sg",
            "name_prefix": "",
            "owner_id": "977098995259",
            "revoke_rules_on_delete": false,
            "tags": {
              "kubernetes.io/cluster/my-k8s-cluster": "owned"
            },
            "tags_all": {
              "kubernetes.io/cluster/my-k8s-cluster": "owned"
            },
            "timeouts": null,
            "vpc_id": "vpc-06d585cfb52cb7e92"
          },
          "sensitive_attributes": [],
          "identity_schema_version": 0,
          "private": "eyJlMmJmYjczMC1lY2FhLTExZTYtOGY4OC0zNDM2M2JjN2M0YzAiOnsiY3JlYXRlIjo2MDAwMDAwMDAwMDAsImRlbGV0ZSI6OTAwMDAwMDAwMDAwfSwic2NoZW1hX3ZlcnNpb24iOiIxIn0=",
          "dependencies": [
            "module.vpc.aws_security_group.kubernetes_master_sg",
            "module.vpc.aws_vpc.kubernetes_vpc"
          ]
        }
      ]
    },
    {
      "module": "module.vpc",
      "mode": "managed",
      "type": "aws_subnet",
      "name": "public",
      "provider": "provider[\"registry.terraform.io/hashicorp/aws\"]",
      "instances": [
        {
          "index_key": 0,
          "schema_version": 1,
          "attributes": {
            "arn": "arn:aws:ec2:eu-west-1:977098995259:subnet/subnet-08b48692360606538",
            "assign_ipv6_address_on_creation": false,
            "availability_zone": "eu-west-1a",
            "availability_zone_id": "euw1-az3",
            "cidr_block": "10.0.1.0/24",
            "customer_owned_ipv4_pool": "",
            "enable_dns64": false,
            "enable_lni_at_device_index": 0,
            "enable_resource_name_dns_a_record_on_launch": false,
            "enable_resource_name_dns_aaaa_record_on_launch": false,
            "id": "subnet-08b48692360606538",
            "ipv6_cidr_block": "",
            "ipv6_cidr_block_association_id": "",
            "ipv6_native": false,
            "map_customer_owned_ip_on_launch": false,
            "map_public_ip_on_launch": true,
            "outpost_arn": "",
            "owner_id": "977098995259",
            "private_dns_hostname_type_on_launch": "ip-name",
            "tags": {
              "Name": "my-k8s-cluster-public-subnet-1"
            },
            "tags_all": {
              "Name": "my-k8s-cluster-public-subnet-1"
            },
            "timeouts": null,
            "vpc_id": "vpc-06d585cfb52cb7e92"
          },
          "sensitive_attributes": [],
          "identity_schema_version": 0,
          "private": "eyJlMmJmYjczMC1lY2FhLTExZTYtOGY4OC0zNDM2M2JjN2M0YzAiOnsiY3JlYXRlIjo2MDAwMDAwMDAwMDAsImRlbGV0ZSI6MTIwMDAwMDAwMDAwMH0sInNjaGVtYV92ZXJzaW9uIjoiMSJ9",
          "dependencies": [
            "module.vpc.aws_vpc.kubernetes_vpc",
            "module.vpc.data.aws_availability_zones.available"
          ]
        },
        {
          "index_key": 1,
          "schema_version": 1,
          "attributes": {
            "arn": "arn:aws:ec2:eu-west-1:977098995259:subnet/subnet-0e6f0a9c7f1979840",
            "assign_ipv6_address_on_creation": false,
            "availability_zone": "eu-west-1b",
            "availability_zone_id": "euw1-az1",
            "cidr_block": "10.0.2.0/24",
            "customer_owned_ipv4_pool": "",
            "enable_dns64": false,
            "enable_lni_at_device_index": 0,
            "enable_resource_name_dns_a_record_on_launch": false,
            "enable_resource_name_dns_aaaa_record_on_launch": false,
            "id": "subnet-0e6f0a9c7f1979840",
            "ipv6_cidr_block": "",
            "ipv6_cidr_block_association_id": "",
            "ipv6_native": false,
            "map_customer_owned_ip_on_launch": false,
            "map_public_ip_on_launch": true,
            "outpost_arn": "",
            "owner_id": "977098995259",
            "private_dns_hostname_type_on_launch": "ip-name",
            "tags": {
              "Name": "my-k8s-cluster-public-subnet-2"
            },
            "tags_all": {
              "Name": "my-k8s-cluster-public-subnet-2"
            },
            "timeouts": null,
            "vpc_id": "vpc-06d585cfb52cb7e92"
          },
          "sensitive_attributes": [],
          "identity_schema_version": 0,
          "private": "eyJlMmJmYjczMC1lY2FhLTExZTYtOGY4OC0zNDM2M2JjN2M0YzAiOnsiY3JlYXRlIjo2MDAwMDAwMDAwMDAsImRlbGV0ZSI6MTIwMDAwMDAwMDAwMH0sInNjaGVtYV92ZXJzaW9uIjoiMSJ9",
          "dependencies": [
            "module.vpc.aws_vpc.kubernetes_vpc",
            "module.vpc.data.aws_availability_zones.available"
          ]
        }
      ]
    },
    {
      "module": "module.vpc",
      "mode": "managed",
      "type": "aws_vpc",
      "name": "kubernetes_vpc",
      "provider": "provider[\"registry.terraform.io/hashicorp/aws\"]",
      "instances": [
        {
          "schema_version": 1,
          "attributes": {
            "arn": "arn:aws:ec2:eu-west-1:977098995259:vpc/vpc-06d585cfb52cb7e92",
            "assign_generated_ipv6_cidr_block": false,
            "cidr_block": "10.0.0.0/16",
            "default_network_acl_id": "acl-0a8e53d9c6255793d",
            "default_route_table_id": "rtb-053988697385ff727",
            "default_security_group_id": "sg-007733036d8ce346a",
            "dhcp_options_id": "dopt-009d0ecdfc455e2ff",
            "enable_dns_hostnames": true,
            "enable_dns_support": true,
            "enable_network_address_usage_metrics": false,
            "id": "vpc-06d585cfb52cb7e92",
            "instance_tenancy": "default",
            "ipv4_ipam_pool_id": null,
            "ipv4_netmask_length": null,
            "ipv6_association_id": "",
            "ipv6_cidr_block": "",
            "ipv6_cidr_block_network_border_group": "",
            "ipv6_ipam_pool_id": "",
            "ipv6_netmask_length": 0,
            "main_route_table_id": "rtb-053988697385ff727",
            "owner_id": "977098995259",
            "tags": {
              "Name": "my-k8s-cluster-vpc"
            },
            "tags_all": {
              "Name": "my-k8s-cluster-vpc"
            }
          },
          "sensitive_attributes": [],
          "identity_schema_version": 0,
          "private": "eyJzY2hlbWFfdmVyc2lvbiI6IjEifQ=="
        }
      ]
    },
    {
      "module": "module.worker_nodes",
      "mode": "managed",
      "type": "aws_instance",
      "name": "worker",
      "provider": "provider[\"registry.terraform.io/hashicorp/aws\"]",
      "instances": [
        {
          "index_key": 0,
          "schema_version": 1,
          "attributes": {
            "ami": "ami-0dc0ac921efee9f9d",
            "arn": "arn:aws:ec2:eu-west-1:977098995259:instance/i-0c65bd7dbb3dd0610",
            "associate_public_ip_address": true,
            "availability_zone": "eu-west-1a",
            "capacity_reservation_specification": [
              {
                "capacity_reservation_preference": "open",
                "capacity_reservation_target": []
              }
            ],
            "cpu_core_count": 1,
            "cpu_options": [
              {
                "amd_sev_snp": "",
                "core_count": 1,
                "threads_per_core": 2
              }
            ],
            "cpu_threads_per_core": 2,
            "credit_specification": [
              {
                "cpu_credits": "unlimited"
              }
            ],
            "disable_api_stop": false,
            "disable_api_termination": false,
            "ebs_block_device": [],
            "ebs_optimized": false,
            "enable_primary_ipv6": null,
            "enclave_options": [
              {
                "enabled": false
              }
            ],
            "ephemeral_block_device": [],
            "get_password_data": false,
            "hibernation": false,
            "host_id": "",
            "host_resource_group_arn": null,
            "iam_instance_profile": "my-k8s-cluster-Instance-Profile",
            "id": "i-0c65bd7dbb3dd0610",
            "instance_initiated_shutdown_behavior": "stop",
            "instance_lifecycle": "",
            "instance_market_options": [],
            "instance_state": "running",
            "instance_type": "t3.medium",
            "ipv6_address_count": 0,
            "ipv6_addresses": [],
            "key_name": "my-k8s-cluster-ssh-key",
            "launch_template": [],
            "maintenance_options": [
              {
                "auto_recovery": "default"
              }
            ],
            "metadata_options": [
              {
                "http_endpoint": "enabled",
                "http_protocol_ipv6": "disabled",
                "http_put_response_hop_limit": 1,
                "http_tokens": "optional",
                "instance_metadata_tags": "disabled"
              }
            ],
            "monitoring": false,
            "network_interface": [],
            "outpost_arn": "",
            "password_data": "",
            "placement_group": "",
            "placement_partition_number": 0,
            "primary_network_interface_id": "eni-09f9dc4f7a772012a",
            "private_dns": "ip-10-0-1-246.eu-west-1.compute.internal",
            "private_dns_name_options": [
              {
                "enable_resource_name_dns_a_record": false,
                "enable_resource_name_dns_aaaa_record": false,
                "hostname_type": "ip-name"
              }
            ],
            "private_ip": "10.0.1.246",
            "public_dns": "ec2-3-254-81-185.eu-west-1.compute.amazonaws.com",
            "public_ip": "3.254.81.185",
            "root_block_device": [
              {
                "delete_on_termination": true,
                "device_name": "/dev/sda1",
                "encrypted": false,
                "iops": 100,
                "kms_key_id": "",
                "tags": {},
                "tags_all": {},
                "throughput": 0,
                "volume_id": "vol-0f6cf9a7155e033bc",
                "volume_size": 8,
                "volume_type": "gp2"
              }
            ],
            "secondary_private_ips": [],
            "security_groups": [],
            "source_dest_check": true,
            "spot_instance_request_id": "",
            "subnet_id": "subnet-08b48692360606538",
            "tags": {
              "Name": "my-k8s-cluster-worker-1"
            },
            "tags_all": {
              "Name": "my-k8s-cluster-worker-1"
            },
            "tenancy": "default",
            "timeouts": null,
            "user_data": "5ac6d55db5b386b46133a34ca0f3114196f035de",
            "user_data_base64": null,
            "user_data_replace_on_change": false,
            "volume_tags": null,
            "vpc_security_group_ids": [
              "sg-0a434e25c16dc7a7a"
            ]
          },
          "sensitive_attributes": [],
          "identity_schema_version": 0,
          "private": "eyJlMmJmYjczMC1lY2FhLTExZTYtOGY4OC0zNDM2M2JjN2M0YzAiOnsiY3JlYXRlIjo2MDAwMDAwMDAwMDAsImRlbGV0ZSI6MTIwMDAwMDAwMDAwMCwicmVhZCI6OTAwMDAwMDAwMDAwLCJ1cGRhdGUiOjYwMDAwMDAwMDAwMH0sInNjaGVtYV92ZXJzaW9uIjoiMSJ9",
          "dependencies": [
            "aws_iam_instance_profile.k8s_instance_profile",
            "aws_iam_role.ec2_k8s_role",
            "aws_key_pair.generated_key",
            "data.aws_ami.ubuntu",
            "data.local_file.kubeadm_join_command_file",
            "data.local_file.kubeconfig_master_file",
            "local_file.k8s_private_key_file",
            "module.master_node.aws_instance.master",
            "module.master_node.null_resource.master_setup",
            "module.vpc.aws_security_group.kubernetes_master_sg",
            "module.vpc.aws_security_group.kubernetes_worker_sg",
            "module.vpc.aws_subnet.public",
            "module.vpc.aws_vpc.kubernetes_vpc",
            "module.vpc.data.aws_availability_zones.available",
            "null_resource.set_private_key_permissions",
            "tls_private_key.k8s_key"
          ]
        },
        {
          "index_key": 1,
          "schema_version": 1,
          "attributes": {
            "ami": "ami-0dc0ac921efee9f9d",
            "arn": "arn:aws:ec2:eu-west-1:977098995259:instance/i-068a7e417b6189e1f",
            "associate_public_ip_address": true,
            "availability_zone": "eu-west-1b",
            "capacity_reservation_specification": [
              {
                "capacity_reservation_preference": "open",
                "capacity_reservation_target": []
              }
            ],
            "cpu_core_count": 1,
            "cpu_options": [
              {
                "amd_sev_snp": "",
                "core_count": 1,
                "threads_per_core": 2
              }
            ],
            "cpu_threads_per_core": 2,
            "credit_specification": [
              {
                "cpu_credits": "unlimited"
              }
            ],
            "disable_api_stop": false,
            "disable_api_termination": false,
            "ebs_block_device": [],
            "ebs_optimized": false,
            "enable_primary_ipv6": null,
            "enclave_options": [
              {
                "enabled": false
              }
            ],
            "ephemeral_block_device": [],
            "get_password_data": false,
            "hibernation": false,
            "host_id": "",
            "host_resource_group_arn": null,
            "iam_instance_profile": "my-k8s-cluster-Instance-Profile",
            "id": "i-068a7e417b6189e1f",
            "instance_initiated_shutdown_behavior": "stop",
            "instance_lifecycle": "",
            "instance_market_options": [],
            "instance_state": "running",
            "instance_type": "t3.medium",
            "ipv6_address_count": 0,
            "ipv6_addresses": [],
            "key_name": "my-k8s-cluster-ssh-key",
            "launch_template": [],
            "maintenance_options": [
              {
                "auto_recovery": "default"
              }
            ],
            "metadata_options": [
              {
                "http_endpoint": "enabled",
                "http_protocol_ipv6": "disabled",
                "http_put_response_hop_limit": 1,
                "http_tokens": "optional",
                "instance_metadata_tags": "disabled"
              }
            ],
            "monitoring": false,
            "network_interface": [],
            "outpost_arn": "",
            "password_data": "",
            "placement_group": "",
            "placement_partition_number": 0,
            "primary_network_interface_id": "eni-00ff9cfdae766e3ab",
            "private_dns": "ip-10-0-2-27.eu-west-1.compute.internal",
            "private_dns_name_options": [
              {
                "enable_resource_name_dns_a_record": false,
                "enable_resource_name_dns_aaaa_record": false,
                "hostname_type": "ip-name"
              }
            ],
            "private_ip": "10.0.2.27",
            "public_dns": "ec2-34-252-245-213.eu-west-1.compute.amazonaws.com",
            "public_ip": "34.252.245.213",
            "root_block_device": [
              {
                "delete_on_termination": true,
                "device_name": "/dev/sda1",
                "encrypted": false,
                "iops": 100,
                "kms_key_id": "",
                "tags": {},
                "tags_all": {},
                "throughput": 0,
                "volume_id": "vol-0d6b30ad03a141f88",
                "volume_size": 8,
                "volume_type": "gp2"
              }
            ],
            "secondary_private_ips": [],
            "security_groups": [],
            "source_dest_check": true,
            "spot_instance_request_id": "",
            "subnet_id": "subnet-0e6f0a9c7f1979840",
            "tags": {
              "Name": "my-k8s-cluster-worker-2"
            },
            "tags_all": {
              "Name": "my-k8s-cluster-worker-2"
            },
            "tenancy": "default",
            "timeouts": null,
            "user_data": "f7f1661f4c647e989d3b08088b772b778bc3ac12",
            "user_data_base64": null,
            "user_data_replace_on_change": false,
            "volume_tags": null,
            "vpc_security_group_ids": [
              "sg-0a434e25c16dc7a7a"
            ]
          },
          "sensitive_attributes": [],
          "identity_schema_version": 0,
          "private": "eyJlMmJmYjczMC1lY2FhLTExZTYtOGY4OC0zNDM2M2JjN2M0YzAiOnsiY3JlYXRlIjo2MDAwMDAwMDAwMDAsImRlbGV0ZSI6MTIwMDAwMDAwMDAwMCwicmVhZCI6OTAwMDAwMDAwMDAwLCJ1cGRhdGUiOjYwMDAwMDAwMDAwMH0sInNjaGVtYV92ZXJzaW9uIjoiMSJ9",
          "dependencies": [
            "aws_iam_instance_profile.k8s_instance_profile",
            "aws_iam_role.ec2_k8s_role",
            "aws_key_pair.generated_key",
            "data.aws_ami.ubuntu",
            "data.local_file.kubeadm_join_command_file",
            "data.local_file.kubeconfig_master_file",
            "local_file.k8s_private_key_file",
            "module.master_node.aws_instance.master",
            "module.master_node.null_resource.master_setup",
            "module.vpc.aws_security_group.kubernetes_master_sg",
            "module.vpc.aws_security_group.kubernetes_worker_sg",
            "module.vpc.aws_subnet.public",
            "module.vpc.aws_vpc.kubernetes_vpc",
            "module.vpc.data.aws_availability_zones.available",
            "null_resource.set_private_key_permissions",
            "tls_private_key.k8s_key"
          ]
        }
      ]
    },
    {
      "module": "module.worker_nodes",
      "mode": "managed",
      "type": "null_resource",
      "name": "label_workers",
      "provider": "provider[\"registry.terraform.io/hashicorp/null\"]",
      "instances": [
        {
          "index_key": 0,
          "schema_version": 0,
          "attributes": {
            "id": "6558506031803566084",
            "triggers": null
          },
          "sensitive_attributes": [],
          "identity_schema_version": 0,
          "dependencies": [
            "aws_iam_instance_profile.k8s_instance_profile",
            "aws_iam_role.ec2_k8s_role",
            "aws_key_pair.generated_key",
            "data.aws_ami.ubuntu",
            "data.local_file.kubeadm_join_command_file",
            "data.local_file.kubeconfig_master_file",
            "local_file.k8s_private_key_file",
            "module.master_node.aws_instance.master",
            "module.master_node.null_resource.master_setup",
            "module.vpc.aws_security_group.kubernetes_master_sg",
            "module.vpc.aws_security_group.kubernetes_worker_sg",
            "module.vpc.aws_subnet.public",
            "module.vpc.aws_vpc.kubernetes_vpc",
            "module.vpc.data.aws_availability_zones.available",
            "module.worker_nodes.aws_instance.worker",
            "null_resource.set_private_key_permissions",
            "tls_private_key.k8s_key"
          ]
        },
        {
          "index_key": 1,
          "schema_version": 0,
          "attributes": {
            "id": "1627696754566702859",
            "triggers": null
          },
          "sensitive_attributes": [],
          "identity_schema_version": 0,
          "dependencies": [
            "aws_iam_instance_profile.k8s_instance_profile",
            "aws_iam_role.ec2_k8s_role",
            "aws_key_pair.generated_key",
            "data.aws_ami.ubuntu",
            "data.local_file.kubeadm_join_command_file",
            "data.local_file.kubeconfig_master_file",
            "local_file.k8s_private_key_file",
            "module.master_node.aws_instance.master",
            "module.master_node.null_resource.master_setup",
            "module.vpc.aws_security_group.kubernetes_master_sg",
            "module.vpc.aws_security_group.kubernetes_worker_sg",
            "module.vpc.aws_subnet.public",
            "module.vpc.aws_vpc.kubernetes_vpc",
            "module.vpc.data.aws_availability_zones.available",
            "module.worker_nodes.aws_instance.worker",
            "null_resource.set_private_key_permissions",
            "tls_private_key.k8s_key"
          ]
        }
      ]
    }
  ],
  "check_results": null
}
