{
  "version": 4,
  "terraform_version": "1.12.2",
  "serial": 413,
  "lineage": "c915cef7-27dd-02c6-5c8a-5d521174a9d9",
  "outputs": {
    "kubeconfig_instructions": {
      "value": "To connect to your cluster, run: export KUBECONFIG=./kubeconfig-master.conf",
      "type": "string"
    },
    "master_public_ip": {
      "value": "34.250.254.125",
      "type": "string"
    },
    "worker_public_ips": {
      "value": [
        "54.195.182.95",
        "3.249.62.172"
      ],
      "type": [
        "tuple",
        [
          "string",
          "string"
        ]
      ]
    }
  },
  "resources": [
    {
      "mode": "data",
      "type": "aws_ami",
      "name": "ubuntu",
      "provider": "provider[\"registry.terraform.io/hashicorp/aws\"]",
      "instances": [
        {
          "schema_version": 0,
          "attributes": {
            "architecture": "x86_64",
            "arn": "arn:aws:ec2:eu-west-1::image/ami-0dc0ac921efee9f9d",
            "block_device_mappings": [
              {
                "device_name": "/dev/sda1",
                "ebs": {
                  "delete_on_termination": "true",
                  "encrypted": "false",
                  "iops": "0",
                  "snapshot_id": "snap-0925736d080f9ca28",
                  "throughput": "0",
                  "volume_initialization_rate": "0",
                  "volume_size": "8",
                  "volume_type": "gp2"
                },
                "no_device": "",
                "virtual_name": ""
              },
              {
                "device_name": "/dev/sdb",
                "ebs": {},
                "no_device": "",
                "virtual_name": "ephemeral0"
              },
              {
                "device_name": "/dev/sdc",
                "ebs": {},
                "no_device": "",
                "virtual_name": "ephemeral1"
              }
            ],
            "boot_mode": "uefi-preferred",
            "creation_date": "2025-06-27T06:44:47.000Z",
            "deprecation_time": "2027-06-27T06:44:47.000Z",
            "description": "Canonical, Ubuntu, 22.04, amd64 jammy image",
            "ena_support": true,
            "executable_users": null,
            "filter": [
              {
                "name": "name",
                "values": [
                  "ubuntu/images/hvm-ssd/ubuntu-jammy-22.04-amd64-server-*"
                ]
              },
              {
                "name": "virtualization-type",
                "values": [
                  "hvm"
                ]
              }
            ],
            "hypervisor": "xen",
            "id": "ami-0dc0ac921efee9f9d",
            "image_id": "ami-0dc0ac921efee9f9d",
            "image_location": "amazon/ubuntu/images/hvm-ssd/ubuntu-jammy-22.04-amd64-server-20250627",
            "image_owner_alias": "amazon",
            "image_type": "machine",
            "imds_support": "",
            "include_deprecated": false,
            "kernel_id": "",
            "last_launched_time": "",
            "most_recent": true,
            "name": "ubuntu/images/hvm-ssd/ubuntu-jammy-22.04-amd64-server-20250627",
            "name_regex": null,
            "owner_id": "099720109477",
            "owners": [
              "099720109477"
            ],
            "platform": "",
            "platform_details": "Linux/UNIX",
            "product_codes": [],
            "public": true,
            "ramdisk_id": "",
            "root_device_name": "/dev/sda1",
            "root_device_type": "ebs",
            "root_snapshot_id": "snap-0925736d080f9ca28",
            "sriov_net_support": "simple",
            "state": "available",
            "state_reason": {
              "code": "UNSET",
              "message": "UNSET"
            },
            "tags": {},
            "timeouts": null,
            "tpm_support": "",
            "uefi_data": null,
            "usage_operation": "RunInstances",
            "virtualization_type": "hvm"
          },
          "sensitive_attributes": [],
          "identity_schema_version": 0
        }
      ]
    },
    {
      "mode": "data",
      "type": "local_file",
      "name": "kubeadm_join_command_file",
      "provider": "provider[\"registry.terraform.io/hashicorp/local\"]",
      "instances": [
        {
          "schema_version": 0,
          "attributes": {
            "content": "kubeadm join 34.250.254.125:6443 --token zblx6b.ywtpatwg8b4rcp6w --discovery-token-ca-cert-hash sha256:d185d8e7ff9eba9201f8864894a43ea139614370aeaebf53a4f46ce7cd59949e \n",
            "content_base64": "a3ViZWFkbSBqb2luIDM0LjI1MC4yNTQuMTI1OjY0NDMgLS10b2tlbiB6Ymx4NmIueXd0cGF0d2c4YjRyY3A2dyAtLWRpc2NvdmVyeS10b2tlbi1jYS1jZXJ0LWhhc2ggc2hhMjU2OmQxODVkOGU3ZmY5ZWJhOTIwMWY4ODY0ODk0YTQzZWExMzk2MTQzNzBhZWFlYmY1M2E0ZjQ2Y2U3Y2Q1OTk0OWUgCg==",
            "content_base64sha256": "oRixVXUgsx2NunKDgXrogkSxuaE7ICRIJCMqRxcHWf8=",
            "content_base64sha512": "43qwUUZ/uiCf0cbjq5YWn7l+Sv/z5qNNaFYhiTSL7IXPnxe2W8WBOPkiAdGgEHBThFGhxeSorlj87IsNjUKFWw==",
            "content_md5": "c727ca085167bae8d62a4cdf0a61b7b8",
            "content_sha1": "73d202e3af4d310a686dfab7695391daafc0fd87",
            "content_sha256": "a118b1557520b31d8dba7283817ae88244b1b9a13b20244824232a47170759ff",
            "content_sha512": "e37ab051467fba209fd1c6e3ab96169fb97e4afff3e6a34d68562189348bec85cf9f17b65bc58138f92201d1a01070538451a1c5e4a8ae58fcec8b0d8d42855b",
            "filename": "./kubeadm_join_command",
            "id": "73d202e3af4d310a686dfab7695391daafc0fd87"
          },
          "sensitive_attributes": [],
          "identity_schema_version": 0
        }
      ]
    },
    {
      "mode": "data",
      "type": "local_file",
      "name": "kubeconfig_master_file",
      "provider": "provider[\"registry.terraform.io/hashicorp/local\"]",
      "instances": [
        {
          "schema_version": 0,
          "attributes": {
            "content": "apiVersion: v1\nclusters:\n- cluster:\n    certificate-authority-data: LS0tLS1CRUdJTiBDRVJUSUZJQ0FURS0tLS0tCk1JSURCVENDQWUyZ0F3SUJBZ0lJVnNtWk5BZURlYnN3RFFZSktvWklodmNOQVFFTEJRQXdGVEVUTUJFR0ExVUUKQXhNS2EzVmlaWEp1WlhSbGN6QWVGdzB5TlRBM01EVXdNakU0TVRKYUZ3MHpOVEEzTURNd01qSXpNVEphTUJVeApFekFSQmdOVkJBTVRDbXQxWW1WeWJtVjBaWE13Z2dFaU1BMEdDU3FHU0liM0RRRUJBUVVBQTRJQkR3QXdnZ0VLCkFvSUJBUUROVm5sNkEreWtSNlpOT2IvaTd0ckxpcFhaTGlPY1F4cXVPUzFacll1M0Uxa0pjcHVCSlUwdmRSeDkKc1lMOFVuSUlVempBWUZpK3FRS0ZxQ1Y0bGw1TmxwenhQSmw5OFVPOExmV2poVHRHTW1JaGxZSG9rV3pVZTZYUQo1SmRQM21uSExLc2NxMEd6U0Erd3ZjZTVGc2R6aUlvSXpldndtWm9uNWExak91dUpnUlBWNFJOT2lVOUZDczBvClo2d3dHcHh2TmxjR1hWaTl0TUdrQlZWb3ZEN3pocjB6dzZXNE5jenFXbGlkd2lmVEdQUlRtRDhBTVlmcG56UHIKYjdUN2Y5VGVGTVRrWUMwUjQ2MXNxeFBhRTg0NFhaMHBFUUMvbWVFQis3MFIwazdTSkFLY1BZVmdITkRna2JFWApBNUR3MFhWbWRJVkdQNXlDY01aZUxNMHhjd0U3QWdNQkFBR2pXVEJYTUE0R0ExVWREd0VCL3dRRUF3SUNwREFQCkJnTlZIUk1CQWY4RUJUQURBUUgvTUIwR0ExVWREZ1FXQkJSVURIbXZyWHRRUWFXSWxhbGEvRDZBK2l1OXBqQVYKQmdOVkhSRUVEakFNZ2dwcmRXSmxjbTVsZEdWek1BMEdDU3FHU0liM0RRRUJDd1VBQTRJQkFRREw0N1k0WVZPUwpwTmdoenkxcmE3dDc5SkxyaFRqNHh2RlVBMlJJN0VBL1J5OENxM1VBdlJlbllEczBMSFJZaHFMWDF6cTcwSjhDCkFmZklSMVIwY2VudEhBTzBneUdsSWt4RjdOaUtrSkJFR3BJbjNrblhxdU9rVkp3U2F6VHc4UWwxWjZBNy9WWHUKalBvZ0VFT1l5OVcycVYraTdCK2gvWGdiWUFleWg3dGZEazNQU203TFk1d0VITVQ3djQrb1NHSWZsSTRTc243bgo2M3J0N2RYbU5Sd3cwN0NkRlIrVXRjczRXZFNER0tKbVYzVDQ5UDJkMmpsYWtGMjdzYUxZSjNieE5BNUZHNTR5CnFQaDJEVitCSnE1ODN0V3V0QkxHdmx6TUViUjV3VDc4NnNOYlFQV2pYZ3lCRThiYm9WS0oyc2JkOENMVFY2VlMKbUhoZlpSRzI4UFg0Ci0tLS0tRU5EIENFUlRJRklDQVRFLS0tLS0K\n    server: https://34.250.254.125:6443\n  name: kubernetes\ncontexts:\n- context:\n    cluster: kubernetes\n    user: kubernetes-admin\n  name: kubernetes-admin@kubernetes\ncurrent-context: kubernetes-admin@kubernetes\nkind: Config\npreferences: {}\nusers:\n- name: kubernetes-admin\n  user:\n    client-certificate-data: LS0tLS1CRUdJTiBDRVJUSUZJQ0FURS0tLS0tCk1JSURLVENDQWhHZ0F3SUJBZ0lJWTdOT1dCY3VNMDB3RFFZSktvWklodmNOQVFFTEJRQXdGVEVUTUJFR0ExVUUKQXhNS2EzVmlaWEp1WlhSbGN6QWVGdzB5TlRBM01EVXdNakU0TVRKYUZ3MHlOakEzTURVd01qSXpNVEphTUR3eApIekFkQmdOVkJBb1RGbXQxWW1WaFpHMDZZMngxYzNSbGNpMWhaRzFwYm5NeEdUQVhCZ05WQkFNVEVHdDFZbVZ5CmJtVjBaWE10WVdSdGFXNHdnZ0VpTUEwR0NTcUdTSWIzRFFFQkFRVUFBNElCRHdBd2dnRUtBb0lCQVFDblZOQzQKdUNCdE02VFp2ZFdRelZhSE9oaGdCYXBQc1dJdkVaaDdqYU43UWNEclM0eGxHNFNQSURRVVo2QkowY2FQLythdQo2YkJWZG9IQSs4QjhjWlFsQytOSmZ5SEtINVlqWUZ5OWJsTS8zdzMyQ25ydzkxMlFPbnhPd3hYck9PSDA1RzE2CjFIbUJRM2ZUSVF0MXpQV0xpbkhMdHhVZEtWemh3YUtPb2g1aFM4RHlmQkVuTWhWZThoMFBpbzF4NTBnTVZ5NzIKaFd6K01LRG9uVUdiN2E3ZXZJYXpCdUVLQW1ZTjBvd1JQNzZ6dUgvbUE1QWl6dDZWakJ6cnhDWHdyNEZZSTVoNApZR0FsQk9BK2J5ZXdUREJHY3d6ODFFbk9TbWJabDlHbVZ6Z3RYa3FKa3ZPSUdZN0llR2dWSlJHNDJ3TGxPQ3ZoCnd6bUd6Y0hFb3ozaUx0S2ZBZ01CQUFHalZqQlVNQTRHQTFVZER3RUIvd1FFQXdJRm9EQVRCZ05WSFNVRUREQUsKQmdnckJnRUZCUWNEQWpBTUJnTlZIUk1CQWY4RUFqQUFNQjhHQTFVZEl3UVlNQmFBRkZRTWVhK3RlMUJCcFlpVgpxVnI4UG9ENks3Mm1NQTBHQ1NxR1NJYjNEUUVCQ3dVQUE0SUJBUUJmWWRVaE4ySlJnNGhMTEJIU0N3SXUxY0MvCjZ6bU45Zys1WXpJSW5KTDZLbUVyVi9jMVhydU9zUVVxWVVoRHVRZXJpeWhlUjE3K0cxMExRRWphaG1VN3Zta08KMHhEWGp4S2lQcGQySDh3SGVoSmVPeThDUk5aM214WEtqUDB1R00wR05vNHVCTTZwTUw3U1o0d2tqV0ZQc1JMRgpzM2x3SHcwTVZzT3BJRUM0TTd0TUtNMFJhOWNpWDJ1M3czTCs2S3hKNlMrWm9RRXB1RTJwQlgyREhaMnYyZGJqCnBxbGxiU2hFbkdoZ1IrWlk5Ry9jR0U0ZlM3L1hLYUFxQTJMNnlydUFEZFVLbVJvemVjaW9VdVBXbG1uNUYwbSsKblI4ZEorc0dkUWNJcmk4U21ub0J0KzhwS0czVmQ0VzZQV2NvMDBjSjBXdDFMY1FYMmFzbHo4M3hrUCtaCi0tLS0tRU5EIENFUlRJRklDQVRFLS0tLS0K\n    client-key-data: LS0tLS1CRUdJTiBSU0EgUFJJVkFURSBLRVktLS0tLQpNSUlFcEFJQkFBS0NBUUVBcDFUUXVMZ2diVE9rMmIzVmtNMVdoem9ZWUFXcVQ3RmlMeEdZZTQyamUwSEE2MHVNClpSdUVqeUEwRkdlZ1NkSEdqLy9tcnVtd1ZYYUJ3UHZBZkhHVUpRdmpTWDhoeWgrV0kyQmN2VzVUUDk4TjlncDYKOFBkZGtEcDhUc01WNnpqaDlPUnRldFI1Z1VOMzB5RUxkY3oxaTRweHk3Y1ZIU2xjNGNHaWpxSWVZVXZBOG53UgpKeklWWHZJZEQ0cU5jZWRJREZjdTlvVnMvakNnNkoxQm0rMnUzcnlHc3diaENnSm1EZEtNRVQrK3M3aC81Z09RCklzN2VsWXdjNjhRbDhLK0JXQ09ZZUdCZ0pRVGdQbThuc0V3d1JuTU0vTlJKemtwbTJaZlJwbGM0TFY1S2laTHoKaUJtT3lIaG9GU1VSdU5zQzVUZ3I0Y001aHMzQnhLTTk0aTdTbndJREFRQUJBb0lCQURBNGF1V3dlZmUrT0RWZgpWVm9qTWxwSnpaaHVTWVFwdEFlb1pHN0doR1FTc011ZHU5bXZNbVlrZTUyZHR6MU9ySS8yeUwyRExvT1NZUllCCjlwaG1DckVhV2VkbU1aQ1R4YXB3TEltU2IzOHFnbFZ5ODdiWk1pZE1FMktIS1p2ZGlwQU4rOWEzd0VRVjgwUHUKYytVQXFZb0szWHc5U0dKYzl4MC90ZDZ3clZ5UUJuUjdzc2VoYk5MRVJlVnNTcTlicEpWczY3V29KcTc5ZG14MwpsSkRBeGVpbkduS2hYUWVRbkIzUzJ5cUJUTDZkTFNmKzF5MVRLVyswRVl0RUpTcnM3NkliSHJDd1FZZDRmc3RXCnhpR2kra01WOUtWcUk3YzVTdHNOU1U2ZW84bEkwWUdYWVM0d01NVEVBRFFlQ05MeDBPSk1HTlMxYW9jTTFPUnQKdzFiZTNyRUNnWUVBd0xJd2V0c3BIajh6bk1CSXYvU3dSNEhtalI5OGFmN05XQUhSOEhlTjFNT05GTkF5Y3NiZQpPd0NxOU9HbWtRczRDMXE1SmxiVk5EQmFxaVloUU8wbjF5MmlVSmF0a2krTTNmSHRsa3FybjNMRU1UQWV0QmpMCjlFWVlhMDhEaXVIekdMcnJHaGxXNHRxMUIwcG02alhFZ1dYejFmTFYybC9QNzNZdTVlMUFDNU1DZ1lFQTNrMXgKQ1RtN3BERWJXQlVhZmQ4b3NGVzN1ZlhIcFJLd0xVQVJSaUdDZlZmczJRUW1qVFdYVmZ6Z0hYaDJ1MDhzNE01QQpvMFNPV3BKV2k0aFJVSXQxVGJ2YjJEZlFiczV1RlVjeXl4dlJsUUEvdlB2c29VUTI3aU9WNVc4b1JLMlRjVFpKCkNQMVFRUm92cEhUOWxEeXpuRnlVZFNjMFRVZk5wZFEwMnVPOS9FVUNnWUVBcEdiaXFjN1Y4L0prTEhaNUd4eSsKVVNQbyticEZRWUdjM0ZzaExKSXp0YlRwWnpxQjhCN3ZkMU9JaDhrRmZYWWU2TUVNZWtOWFAyR0oyT1VUTmZ1ZwpKQnZSQWdTc0xhN1g5bnYwQW1mT3FRa1hqZ2ZLQ2ttbHFORXRBRkMzYXdSL2pUZmNZYllBeFNkbmo4TFFyejRVClczb0tZUnovaTRKM080eVBVcWZxSG5VQ2dZRUF2aUVWOElJRVRxWUJjUkI3bS9SbFpJdXJtOHp1ZCt6SDZhdkcKR21sR3BkV3hxTnEzN2taTHJTdWVzeFg0MXJNYyt4anNoN2QyMlZnWDFUYzk5Tm1SOW00WjFZL0hJVDVGUU1XbwpWN2J2UmJUMHpyblk1UVRteGo2QlViNEVmdGpHSmluN3hVaUNmMnZhRzVwRDE2a2pKVFM1ZEltWFhoRnZmY2xGCmU0RVZXTkVDZ1lBbEVpbzdlenF0RHVtRTJ2RXdqVU1GdDd0SWw0cFpjay9CbXl1WGNwZzVvejlCYmRkaVg0MmMKbFlMOWF6Z0t6THpRK0VPOWFTODRsZWRoRWk2ZVVmWFMxYmJ2VFZJMHlNT0JiNm1XS1ZMcUNyYklDQ1prT3JVTwpGOC9BUTV6aVV3Rk42YlNCakg4OHRpQ1lKeGNJSUh3am9ZQkZBdkJIZDM3a2cyL0g0NHF5VHc9PQotLS0tLUVORCBSU0EgUFJJVkFURSBLRVktLS0tLQo=\n",
            "content_base64": "YXBpVmVyc2lvbjogdjEKY2x1c3RlcnM6Ci0gY2x1c3RlcjoKICAgIGNlcnRpZmljYXRlLWF1dGhvcml0eS1kYXRhOiBMUzB0TFMxQ1JVZEpUaUJEUlZKVVNVWkpRMEZVUlMwdExTMHRDazFKU1VSQ1ZFTkRRV1V5WjBGM1NVSkJaMGxKVm5OdFdrNUJaVVJsWW5OM1JGRlpTa3R2V2tsb2RtTk9RVkZGVEVKUlFYZEdWRVZVVFVKRlIwRXhWVVVLUVhoTlMyRXpWbWxhV0VwMVdsaFNiR042UVdWR2R6QjVUbFJCTTAxRVZYZE5ha1UwVFZSS1lVWjNNSHBPVkVFelRVUk5kMDFxU1hwTlZFcGhUVUpWZUFwRmVrRlNRbWRPVmtKQlRWUkRiWFF4V1cxV2VXSnRWakJhV0UxM1oyZEZhVTFCTUVkRFUzRkhVMGxpTTBSUlJVSkJVVlZCUVRSSlFrUjNRWGRuWjBWTENrRnZTVUpCVVVST1ZtNXNOa0VyZVd0U05scE9UMkl2YVRkMGNreHBjRmhhVEdsUFkxRjRjWFZQVXpGYWNsbDFNMFV4YTBwamNIVkNTbFV3ZG1SU2VEa0tjMWxNT0ZWdVNVbFZlbXBCV1VacEszRlJTMFp4UTFZMGJHdzFUbXh3ZW5oUVNtdzVPRlZQT0V4bVYycG9WSFJIVFcxSmFHeFpTRzlyVjNwVlpUWllVUW8xU21SUU0yMXVTRXhMYzJOeE1FZDZVMEVyZDNaalpUVkdjMlI2YVVsdlNYcGxkbmR0V205dU5XRXhhazkxZFVwblVsQldORkpPVDJsVk9VWkRjekJ2Q2xvMmQzZEhjSGgyVG14alIxaFdhVGwwVFVkclFsWldiM1pFTjNwb2NqQjZkelpYTkU1amVuRlhiR2xrZDJsbVZFZFFVbFJ0UkRoQlRWbG1jRzU2VUhJS1lqZFVOMlk1VkdWR1RWUnJXVU13VWpRMk1YTnhlRkJoUlRnME5GaGFNSEJGVVVNdmJXVkZRaXMzTUZJd2F6ZFRTa0ZMWTFCWlZtZElUa1JuYTJKRldBcEJOVVIzTUZoV2JXUkpWa2RRTlhsRFkwMWFaVXhOTUhoamQwVTNRV2ROUWtGQlIycFhWRUpZVFVFMFIwRXhWV1JFZDBWQ0wzZFJSVUYzU1VOd1JFRlFDa0puVGxaSVVrMUNRV1k0UlVKVVFVUkJVVWd2VFVJd1IwRXhWV1JFWjFGWFFrSlNWVVJJYlhaeVdIUlJVV0ZYU1d4aGJHRXZSRFpCSzJsMU9YQnFRVllLUW1kT1ZraFNSVVZFYWtGTloyZHdjbVJYU214amJUVnNaRWRXZWsxQk1FZERVM0ZIVTBsaU0wUlJSVUpEZDFWQlFUUkpRa0ZSUkV3ME4xazBXVlpQVXdwd1RtZG9lbmt4Y21FM2REYzVTa3h5YUZScU5IaDJSbFZCTWxKSk4wVkJMMUo1T0VOeE0xVkJkbEpsYmxsRWN6Qk1TRkpaYUhGTVdERjZjVGN3U2poRENrRm1aa2xTTVZJd1kyVnVkRWhCVHpCbmVVZHNTV3Q0UmpkT2FVdHJTa0pGUjNCSmJqTnJibGh4ZFU5clZrcDNVMkY2VkhjNFVXd3hXalpCTnk5V1dIVUthbEJ2WjBWRlQxbDVPVmN5Y1ZZcmFUZENLMmd2V0dkaVdVRmxlV2czZEdaRWF6TlFVMjAzVEZrMWQwVklUVlEzZGpRcmIxTkhTV1pzU1RSVGMyNDNiZ28yTTNKME4yUlliVTVTZDNjd04wTmtSbElyVlhSamN6UlhaRk5FUjB0S2JWWXpWRFE1VURKa01tcHNZV3RHTWpkellVeFpTak5pZUU1Qk5VWkhOVFI1Q25GUWFESkVWaXRDU25FMU9ETjBWM1YwUWt4SGRteDZUVVZpVWpWM1ZEYzRObk5PWWxGUVYycFlaM2xDUlRoaVltOVdTMG95YzJKa09FTk1WRlkyVmxNS2JVaG9abHBTUnpJNFVGZzBDaTB0TFMwdFJVNUVJRU5GVWxSSlJrbERRVlJGTFMwdExTMEsKICAgIHNlcnZlcjogaHR0cHM6Ly8zNC4yNTAuMjU0LjEyNTo2NDQzCiAgbmFtZToga3ViZXJuZXRlcwpjb250ZXh0czoKLSBjb250ZXh0OgogICAgY2x1c3Rlcjoga3ViZXJuZXRlcwogICAgdXNlcjoga3ViZXJuZXRlcy1hZG1pbgogIG5hbWU6IGt1YmVybmV0ZXMtYWRtaW5Aa3ViZXJuZXRlcwpjdXJyZW50LWNvbnRleHQ6IGt1YmVybmV0ZXMtYWRtaW5Aa3ViZXJuZXRlcwpraW5kOiBDb25maWcKcHJlZmVyZW5jZXM6IHt9CnVzZXJzOgotIG5hbWU6IGt1YmVybmV0ZXMtYWRtaW4KICB1c2VyOgogICAgY2xpZW50LWNlcnRpZmljYXRlLWRhdGE6IExTMHRMUzFDUlVkSlRpQkRSVkpVU1VaSlEwRlVSUzB0TFMwdENrMUpTVVJMVkVORFFXaEhaMEYzU1VKQlowbEpXVGRPVDFkQ1kzVk5NREIzUkZGWlNrdHZXa2xvZG1OT1FWRkZURUpSUVhkR1ZFVlVUVUpGUjBFeFZVVUtRWGhOUzJFelZtbGFXRXAxV2xoU2JHTjZRV1ZHZHpCNVRsUkJNMDFFVlhkTmFrVTBUVlJLWVVaM01IbE9ha0V6VFVSVmQwMXFTWHBOVkVwaFRVUjNlQXBJZWtGa1FtZE9Wa0pCYjFSR2JYUXhXVzFXYUZwSE1EWlpNbmd4WXpOU2JHTnBNV2hhUnpGd1ltNU5lRWRVUVZoQ1owNVdRa0ZOVkVWSGRERlpiVlo1Q21KdFZqQmFXRTEwV1ZkU2RHRlhOSGRuWjBWcFRVRXdSME5UY1VkVFNXSXpSRkZGUWtGUlZVRkJORWxDUkhkQmQyZG5SVXRCYjBsQ1FWRkRibFpPUXpRS2RVTkNkRTAyVkZwMlpGZFJlbFpoU0U5b2FHZENZWEJRYzFkSmRrVmFhRGRxWVU0M1VXTkVjbE0wZUd4SE5GTlFTVVJSVlZvMlFrb3dZMkZRTHl0aGRRbzJZa0pXWkc5SVFTczRRamhqV2xGc1F5dE9TbVo1U0V0SU5WbHFXVVo1T1dKc1RTOHpkek15UTI1eWR6a3hNbEZQYm5oUGQzaFljazlQU0RBMVJ6RTJDakZJYlVKUk0yWlVTVkYwTVhwUVYweHBia2hNZEhoVlpFdFdlbWgzWVV0UGIyZzFhRk00UkhsbVFrVnVUV2hXWlRob01GQnBiekY0TlRCblRWWjVOeklLYUZkNkswMUxSRzl1VlVkaU4yRTNaWFpKWVhwQ2RVVkxRVzFaVGpCdmQxSlFOelo2ZFVndmJVRTFRV2w2ZERaV2FrSjZjbmhEV0hkeU5FWlpTVFZvTkFwWlIwRnNRazlCSzJKNVpYZFVSRUpIWTNkNk9ERkZiazlUYldKYWJEbEhiVlo2WjNSWWEzRkthM1pQU1VkWk4wbGxSMmRXU2xKSE5ESjNUR3hQUTNab0NuZDZiVWQ2WTBoRmIzb3phVXgwUzJaQlowMUNRVUZIYWxacVFsVk5RVFJIUVRGVlpFUjNSVUl2ZDFGRlFYZEpSbTlFUVZSQ1owNVdTRk5WUlVSRVFVc0tRbWRuY2tKblJVWkNVV05FUVdwQlRVSm5UbFpJVWsxQ1FXWTRSVUZxUVVGTlFqaEhRVEZWWkVsM1VWbE5RbUZCUmtaUlRXVmhLM1JsTVVKQ2NGbHBWZ3B4Vm5JNFVHOUVOa3MzTW0xTlFUQkhRMU54UjFOSllqTkVVVVZDUTNkVlFVRTBTVUpCVVVKbVdXUlZhRTR5U2xKbk5HaE1URUpJVTBOM1NYVXhZME12Q2paNmJVNDVaeXMxV1hwSlNXNUtURFpMYlVWeVZpOWpNVmh5ZFU5elVWVnhXVlZvUkhWUlpYSnBlV2hsVWpFM0swY3hNRXhSUldwaGFHMVZOM1p0YTA4S01IaEVXR3A0UzJsUWNHUXlTRGgzU0dWb1NtVlBlVGhEVWs1YU0yMTRXRXRxVURCMVIwMHdSMDV2TkhWQ1RUWndUVXczVTFvMGQydHFWMFpRYzFKTVJncHpNMngzU0hjd1RWWnpUM0JKUlVNMFRUZDBUVXROTUZKaE9XTnBXREoxTTNjelRDczJTM2hLTmxNcldtOVJSWEIxUlRKd1FsZ3lSRWhhTW5ZeVpHSnFDbkJ4Ykd4aVUyaEZia2RvWjFJcldsazVSeTlqUjBVMFpsTTNMMWhMWVVGeFFUSk1Obmx5ZFVGRVpGVkxiVkp2ZW1WamFXOVZkVkJYYkcxdU5VWXdiU3NLYmxJNFpFb3JjMGRrVVdOSmNtazRVMjF1YjBKMEt6aHdTMGN6Vm1RMFZ6WlFWMk52TURCalNqQlhkREZNWTFGWU1tRnpiSG80TTNoclVDdGFDaTB0TFMwdFJVNUVJRU5GVWxSSlJrbERRVlJGTFMwdExTMEsKICAgIGNsaWVudC1rZXktZGF0YTogTFMwdExTMUNSVWRKVGlCU1UwRWdVRkpKVmtGVVJTQkxSVmt0TFMwdExRcE5TVWxGY0VGSlFrRkJTME5CVVVWQmNERlVVWFZNWjJkaVZFOXJNbUl6Vm10Tk1WZG9lbTlaV1VGWGNWUTNSbWxNZUVkWlpUUXlhbVV3U0VFMk1IVk5DbHBTZFVWcWVVRXdSa2RsWjFOa1NFZHFMeTl0Y25WdGQxWllZVUozVUhaQlpraEhWVXBSZG1wVFdEaG9lV2dyVjBreVFtTjJWelZVVURrNFRqbG5jRFlLT0ZCa1pHdEVjRGhVYzAxV05ucHFhRGxQVW5SbGRGSTFaMVZPTXpCNVJVeGtZM294YVRSd2VIazNZMVpJVTJ4ak5HTkhhV3B4U1dWWlZYWkJPRzUzVWdwS2VrbFdXSFpKWkVRMGNVNWpaV1JKUkVaamRUbHZWbk12YWtObk5rb3hRbTByTW5VemNubEhjM2RpYUVOblNtMUVaRXROUlZRckszTTNhQzgxWjA5UkNrbHpOMlZzV1hkak5qaFJiRGhMSzBKWFEwOVpaVWRDWjBwUlZHZFFiVGh1YzBWM2QxSnVUVTB2VGxKS2VtdHdiVEphWmxKd2JHTTBURlkxUzJsYVRIb0thVUp0VDNsSWFHOUdVMVZTZFU1elF6VlVaM0kwWTAwMWFITXpRbmhMVFRrMGFUZFRibmRKUkVGUlFVSkJiMGxDUVVSQk5HRjFWM2RsWm1VclQwUldaZ3BXVm05cVRXeHdTbnBhYUhWVFdWRndkRUZsYjFwSE4wZG9SMUZUYzAxMVpIVTViWFpOYlZsclpUVXlaSFI2TVU5eVNTOHllVXd5UkV4dlQxTlpVbGxDQ2psd2FHMURja1ZoVjJWa2JVMWFRMVI0WVhCM1RFbHRVMkl6T0hGbmJGWjVPRGRpV2sxcFpFMUZNa3RJUzFwMlpHbHdRVTRyT1dFemQwVlJWamd3VUhVS1l5dFZRWEZaYjBzeldIYzVVMGRLWXpsNE1DOTBaRFozY2xaNVVVSnVVamR6YzJWb1lrNU1SVkpsVm5OVGNUbGljRXBXY3pZM1YyOUtjVGM1WkcxNE13cHNTa1JCZUdWcGJrZHVTMmhZVVdWUmJrSXpVeko1Y1VKVVREWmtURk5tS3pGNU1WUkxWeXN3UlZsMFJVcFRjbk0zTmtsaVNISkRkMUZaWkRSbWMzUlhDbmhwUjJrcmEwMVdPVXRXY1VrM1l6VlRkSE5PVTFVMlpXODRiRWt3V1VkWVdWTTBkMDFOVkVWQlJGRmxRMDVNZURCUFNrMUhUbE14WVc5alRURlBVblFLZHpGaVpUTnlSVU5uV1VWQmQweEpkMlYwYzNCSWFqaDZiazFDU1hZdlUzZFNORWh0YWxJNU9HRm1OMDVYUVVoU09FaGxUakZOVDA1R1RrRjVZM05pWlFwUGQwTnhPVTlIYld0UmN6UkRNWEUxU214aVZrNUVRbUZ4YVZsb1VVOHdiakY1TW1sVlNtRjBhMmtyVFRObVNIUnNhM0Z5YmpOTVJVMVVRV1YwUW1wTUNqbEZXVmxoTURoRWFYVklla2RNY25KSGFHeFhOSFJ4TVVJd2NHMDJhbGhGWjFkWWVqRm1URll5YkM5UU56TlpkVFZsTVVGRE5VMURaMWxGUVROck1YZ0tRMVJ0TjNCRVJXSlhRbFZoWm1RNGIzTkdWek4xWmxoSWNGSkxkMHhWUVZKU2FVZERabFptY3pKUlVXMXFWRmRZVm1aNlowaFlhREoxTURoek5FMDFRUXB2TUZOUFYzQktWMmswYUZKVlNYUXhWR0oyWWpKRVpsRmljelYxUmxWamVYbDRkbEpzVVVFdmRsQjJjMjlWVVRJM2FVOVdOVmM0YjFKTE1sUmpWRnBLQ2tOUU1WRlJVbTkyY0VoVU9XeEVlWHB1Um5sVlpGTmpNRlJWWms1d1pGRXdNblZQT1M5RlZVTm5XVVZCY0VkaWFYRmpOMVk0TDBwclRFaGFOVWQ0ZVNzS1ZWTlFieXRpY0VaUldVZGpNMFp6YUV4S1NYcDBZbFJ3V25weFFqaENOM1prTVU5SmFEaHJSbVpZV1dVMlRVVk5aV3RPV0ZBeVIwb3lUMVZVVG1aMVp3cEtRblpTUVdkVGMweGhOMWc1Ym5Zd1FXMW1UM0ZSYTFocVoyWkxRMnR0YkhGT1JYUkJSa016WVhkU0wycFVabU5aWWxsQmVGTmtibW80VEZGeWVqUlZDbGN6YjB0WlVub3ZhVFJLTTA4MGVWQlZjV1p4U0c1VlEyZFpSVUYyYVVWV09FbEpSVlJ4V1VKalVrSTNiUzlTYkZwSmRYSnRPSHAxWkN0NlNEWmhka2NLUjIxc1IzQmtWM2h4VG5Fek4ydGFUSEpUZFdWemVGZzBNWEpOWXl0NGFuTm9OMlF5TWxabldERlVZems1VG0xU09XMDBXakZaTDBoSlZEVkdVVTFYYndwV04ySjJVbUpVTUhweWJsazFVVlJ0ZUdvMlFsVmlORVZtZEdwSFNtbHVOM2hWYVVObU1uWmhSelZ3UkRFMmEycEtWRk0xWkVsdFdGaG9SblptWTJ4R0NtVTBSVlpYVGtWRFoxbEJiRVZwYnpkbGVuRjBSSFZ0UlRKMlJYZHFWVTFHZERkMFNXdzBjRnBqYXk5Q2JYbDFXR053WnpWdmVqbENZbVJrYVZnME1tTUtiRmxNT1dGNlowdDZUSHBSSzBWUE9XRlRPRFJzWldSb1JXazJaVlZtV0ZNeFltSjJWRlpKTUhsTlQwSmlObTFYUzFaTWNVTnlZa2xEUTFwclQzSlZUd3BHT0M5QlVUVjZhVlYzUms0MllsTkNha2c0T0hScFExbEtlR05KU1VoM2FtOVpRa1pCZGtKSVpETTNhMmN5TDBnME5IRjVWSGM5UFFvdExTMHRMVVZPUkNCU1UwRWdVRkpKVmtGVVJTQkxSVmt0TFMwdExRbz0K",
            "content_base64sha256": "41IwdjD/9f4vMmzJlgX5cWoLS76MflcnEZQuBEqToyo=",
            "content_base64sha512": "4Y945CsXKFIaqXtC71dbpriEMvtj+3gBtPoQzyiivHBfkRKppQ9yiJfmfPzEMokQSj/Xl26fft6hT5QvcZd/rg==",
            "content_md5": "d43a19d5e09585c34ca399844dc60f15",
            "content_sha1": "35502679fe93e1758aa8e12722237086353099cf",
            "content_sha256": "e352307630fff5fe2f326cc99605f9716a0b4bbe8c7e572711942e044a93a32a",
            "content_sha512": "e18f78e42b1728521aa97b42ef575ba6b88432fb63fb7801b4fa10cf28a2bc705f9112a9a50f728897e67cfcc43289104a3fd7976e9f7edea14f942f71977fae",
            "filename": "./kubeconfig-master.conf",
            "id": "35502679fe93e1758aa8e12722237086353099cf"
          },
          "sensitive_attributes": [],
          "identity_schema_version": 0
        }
      ]
    },
    {
      "mode": "managed",
      "type": "aws_key_pair",
      "name": "generated_key",
      "provider": "provider[\"registry.terraform.io/hashicorp/aws\"]",
      "instances": [
        {
          "schema_version": 1,
          "attributes": {
            "arn": "arn:aws:ec2:eu-west-1:977098995259:key-pair/my-k8s-cluster-ssh-key",
            "fingerprint": "2b:84:23:ac:54:79:21:73:c2:84:49:d3:b4:45:16:b6",
            "id": "my-k8s-cluster-ssh-key",
            "key_name": "my-k8s-cluster-ssh-key",
            "key_name_prefix": "",
            "key_pair_id": "key-0ffd81bb48d6e0b2a",
            "key_type": "rsa",
            "public_key": "ssh-rsa AAAAB3NzaC1yc2EAAAADAQABAAACAQD1GymoZlrrNEV9neJdgwr2oG9Wu+4aAOI3JCM3drjVkpchAfwEXZEoKSMNQKuJ5RGyavr8qYgk9YHGcaJH7ygEZV3hsHzzXDqzETyenoziFzyRYF8rZOifASJT65Ce6utlq1whYd57IwMUy55Zn88qspPeKoLm0DT0MI5Kpm3RsQ0teLX8CWM1D7dkfxc3/TGWHlET+uiHnN2W7BKLiHqQ3nBM8vjjJCPeKjVRDqfgb/gCSwXOem2VxnI9OwlXaKKsc9Al5lQ66yP5LjE3CyUY4qQK+xahOyAXoDDkQqV7y5YCjCDDbRm/wBGpQ+V2SfX0YcBvNg0eyCUcY/UL53JJOS3woYSgs/P+mr6t+lgkJSR+xc5+RxetpQ3ODiRAe4mSwWjBGQ3S9l//e0iO7qxSmtMapFD8fH0SRvIDj9epx1fGOTSjtYb8vxHNPlNjBx7CR86e+fnYGQjRlP7zwooX88cYGKjVWC6cWyj0ClfwV6nWFbImuypk5i1foLbGWhiggK12r+v9dXh0yQCIAKkisnTHLvYLImNwWDOn2uG7BPvRgZrt/lK5r4ghZwKQ8yluonwn/tcUjJ4W4UL6ZCJ+R0yQuox7l2n7ARaOSAlXJ2aFeFj4LF5UvzZa450xRb8OPEBVBObrluStITgg66xZGKKPGn0xSgFGCT/wEBZI8w==",
            "tags": null,
            "tags_all": {}
          },
          "sensitive_attributes": [],
          "identity_schema_version": 0,
          "private": "eyJzY2hlbWFfdmVyc2lvbiI6IjEifQ==",
          "dependencies": [
            "tls_private_key.k8s_key"
          ]
        }
      ]
    },
    {
      "mode": "managed",
      "type": "local_file",
      "name": "k8s_private_key_file",
      "provider": "provider[\"registry.terraform.io/hashicorp/local\"]",
      "instances": [
        {
          "schema_version": 0,
          "attributes": {
            "content": "-----BEGIN RSA PRIVATE KEY-----\nMIIJKAIBAAKCAgEA9RspqGZa6zRFfZ3iXYMK9qBvVrvuGgDiNyQjN3a41ZKXIQH8\nBF2RKCkjDUCrieURsmr6/KmIJPWBxnGiR+8oBGVd4bB881w6sxE8np6M4hc8kWBf\nK2TonwEiU+uQnurrZatcIWHeeyMDFMueWZ/PKrKT3iqC5tA09DCOSqZt0bENLXi1\n/AljNQ+3ZH8XN/0xlh5RE/roh5zdluwSi4h6kN5wTPL44yQj3io1UQ6n4G/4AksF\nznptlcZyPTsJV2iirHPQJeZUOusj+S4xNwslGOKkCvsWoTsgF6Aw5EKle8uWAowg\nw20Zv8ARqUPldkn19GHAbzYNHsglHGP1C+dySTkt8KGEoLPz/pq+rfpYJCUkfsXO\nfkcXraUNzg4kQHuJksFowRkN0vZf/3tIju6sUprTGqRQ/Hx9EkbyA4/XqcdXxjk0\no7WG/L8RzT5TYwcewkfOnvn52BkI0ZT+88KKF/PHGBio1VgunFso9ApX8Fep1hWy\nJrsqZOYtX6C2xloYoICtdq/r/XV4dMkAiACpIrJ0xy72CyJjcFgzp9rhuwT70YGa\n7f5Sua+IIWcCkPMpbqJ8J/7XFIyeFuFC+mQifkdMkLqMe5dp+wEWjkgJVydmhXhY\n+CxeVL82WuOdMUW/DjxAVQTm65bkrSE4IOusWRiijxp9MUoBRgk/8BAWSPMCAwEA\nAQKCAgBXMoGgckF4GZF7PfbxE5SL5smVTqhHQfc4bLfGnIrnGA6B5KXWm77vTas1\npMMh/IdONPbzehCALYMsqPJ1quROpA1BJDtfjHkpiUFKoNc3+9JFWcahtnV3U7z1\npAFAOAzkj5DoI1w17F/FPycndU4LP5qRWAhXusyL7tZAQnMhPV6VxbLgZiqQDvZM\nX1ZQSdghMsnfVMzyqeC/N17lmvkXnrrO9UWL8Sh9egCbxJ3+n3bYwf3f1fg0Z3Pu\nypjpKsVsmor7YLSofUy/8in6DhH1h3OaoHcNhu5E2W1rVzZuEyBb6aQiQib964Oc\n9xWj/m3ssfX22oDSaZuiPQFJad5i8iMUQ7DMCr3Uk7jH6RfRXndjiTNI3y0E55KA\nfuWkPjKBSVlcfIhZRKquLVTkUhs0eBGLTCSIoCXZS9WzBDCNZoEc795pMvpOUnmQ\nX7tXq6bz4xWMxyLnRC5xXhYn2UdQS1baq6kAkMjsDbPc0WA4iiMPt4/wTd17LLGV\nan+PBgPNyHMwEDQ+GQCs/oUnWMqHHVnW8u/be9Sfu+dBbLpMIxOvkRZ0CHZjQBnj\nzojABfgA6h8ab2LAyXbmjO0yTCZMa5kjg55yfOlqrXQgTc7IhZAghnqc0IkMQ+IX\nfmXjlNm3yxabS00907BxohnYic1FNpZR6dPYPY3mINhix+Ni+QKCAQEA+HqjNkmy\nzUzoaX8vNSE83gzbeIcfzHElpRx021NFLwBWiXD+RwvgNVc1zuU6YdX3mVBdA/2s\nW2bWhDJ0h7oocjvObsQKZl8IpK4kvHxL0nVqkK9Ix8xavol+Nvi0nOlJZQtzWY+c\nPyhcAeVNjdjtP95wpFHgnhEY77YevvJj7RGGvVtVI1bWdhFKfpZHAJ+Zvgf3lE7f\nZfYwVM73Ljqu6wJpxh8Q0luCo2yxPR+OhL904MsKOA628bm6CVt82BPLdPQsE/Yp\nmrqyjjEG8G+Dr+t64W7b8NqWyMuZ84HfG9NgEu85TOx1RIx0Bnqu2wzul1iLn1Or\nOlkzS2DLrwXOHwKCAQEA/IZju51QQ/DNpB4QoX0EWYqe+vD6KQamV5eTIsiwribL\nMQhEDogPk5akDjsD7HIlKu1ln+NaF3aOfOpIo8jEALMuL6lBVS22+sHKupD3tDiP\ngSwvVH5uIlwKa8QEA73uP/MPTWG1/LwEWMg08y3cAtDmHH43zD55if8bxLbUUNJm\nCePUrGkTOEsLmWo48P72VBVzSUgtgdujKElTAPXf5EMCKImcEmkU0/yQMBLJ4Emv\nPpycRbiV3U2Hi/U+98xULLoae610PapsYIHVGooyo1a9hlrk6dBDpT+er4z/aPFf\nNLiA1cLppVyiLXd8D4bdTZbTFyL09JE0ioX0iTpCrQKCAQA5FXOJdUTuhUyfb+iY\nfBpPqQSCnAhiH1xWokL2YBr0wU8gJCVGjSPlHTPvZBoVf+JyBlRYJl8CYI3HsQ+0\nXsAL/lFegQsimZKSwq8N3kBNCUyCEMLXo8r1GwEz/87+fVmvLQJDAQsUN2FrzhIT\nFFLs6V1XYrgHmEXyTBSkKWtreytJNUJJ7Bk45qAGlN+a9Q+M6KeoGraX5gcUdLe0\nlya4NsW2Dkz/BqbshHvzXtyPAq0HN54RYtAEmHZ0z9/OhD2pkK7Ppy3Hrjx3DixZ\n8ESAlciVIbLFknIxjxS/LIblDZp0vyCa23fVV68QDf89s6rceisZX09nCDcQihxB\nCURhAoIBAQCSB/lmxptjHr8c+FHvwUchrNsxDOftj63kG4B37gzWORLqAPiyWpZ/\nZ+7pV9F2C7BYub46DxTLWsEdlbJ6HKDUMsozv7JLWstlCWp+J1VHgCnkrjOUriRs\ndEOGfG1B6LT9gEbKHgZK6EOvP9/2/P8tFbbspUUJNNu+JKvfP0dakcF2WK1lIsJ9\nnFBR4K6bFyZGC72GlFnUrboVkwmQFZ/q9aEq5iE+OExWJskPM95QeOwBzjlEzHDF\n8I7BLgrC7AOFdf3Ypb8B5isUSCB/X4nXEVM6fhfA6rIjvr26kVQmUOcYqtW+SCAr\ng305w84XgIs70kuyJoH3aH002jBGp01lAoIBAHls3lBEQMJAk5F211ny+2sficsi\nR/FrSP1gXlX+1ixTj31kZP2Y/TXS3X4Vvow8DveBzbvu9aJwrD/DngUtMPBqyrmZ\nmfU1FLohFZOiHU80Run6hyCmzNYx68pDtgZ15GVAwg2eA/ZTRNzSXVLwc14+sHCT\ngAjfzYcckjKCDRzHqkrA1/GmoU6G9HG5Tw326vHckgiSdA5FKmIoKAWiS2X2mvAM\nrfxqY2lPWk2XWVzzrOsh4lMiYwSgubcb8QCaSq25/8N0C03PG7vGVwDxrMQ5ufFd\nt9BjdKYQ+Qze+M/GuMkCuEiRIuvam0+jem7dkeTMsqDglyWjfJTUKSPQ8xQ=\n-----END RSA PRIVATE KEY-----\n",
            "content_base64": null,
            "content_base64sha256": "dgaZgiLFqjVKiti8IpBhfjhPMa0iZxOrPOfmZJl6E3E=",
            "content_base64sha512": "PcasLMTdBsX/6NGs87Ha3kbTm8rtjfNC2GsNyHUEYY/8lkxiek1/qPnW7mOrZyGpLSZHdd9p1sa9X7go+vgTZQ==",
            "content_md5": "73a93d2cf73cb015ce912fd918a2d6e6",
            "content_sha1": "b79feb8ea30c7a6daecdcbd94c0570b81e45375e",
            "content_sha256": "7606998222c5aa354a8ad8bc2290617e384f31ad226713ab3ce7e664997a1371",
            "content_sha512": "3dc6ac2cc4dd06c5ffe8d1acf3b1dade46d39bcaed8df342d86b0dc87504618ffc964c627a4d7fa8f9d6ee63ab6721a92d264775df69d6c6bd5fb828faf81365",
            "directory_permission": "0777",
            "file_permission": "0777",
            "filename": "./my-k8s-cluster-ssh-key.pem",
            "id": "b79feb8ea30c7a6daecdcbd94c0570b81e45375e",
            "sensitive_content": null,
            "source": null
          },
          "sensitive_attributes": [
            [
              {
                "type": "get_attr",
                "value": "content"
              }
            ],
            [
              {
                "type": "get_attr",
                "value": "sensitive_content"
              }
            ]
          ],
          "identity_schema_version": 0,
          "dependencies": [
            "tls_private_key.k8s_key"
          ]
        }
      ]
    },
    {
      "mode": "managed",
      "type": "null_resource",
      "name": "set_private_key_permissions",
      "provider": "provider[\"registry.terraform.io/hashicorp/null\"]",
      "instances": [
        {
          "schema_version": 0,
          "attributes": {
            "id": "8221188846421978278",
            "triggers": null
          },
          "sensitive_attributes": [],
          "identity_schema_version": 0,
          "dependencies": [
            "local_file.k8s_private_key_file",
            "tls_private_key.k8s_key"
          ]
        }
      ]
    },
    {
      "mode": "managed",
      "type": "tls_private_key",
      "name": "k8s_key",
      "provider": "provider[\"registry.terraform.io/hashicorp/tls\"]",
      "instances": [
        {
          "schema_version": 1,
          "attributes": {
            "algorithm": "RSA",
            "ecdsa_curve": "P224",
            "id": "b51d5a67bc43513a5c21a658f46809287cb52818",
            "private_key_openssh": "-----BEGIN OPENSSH PRIVATE KEY-----\nb3BlbnNzaC1rZXktdjEAAAAABG5vbmUAAAAEbm9uZQAAAAAAAAABAAACFwAAAAdz\nc2gtcnNhAAAAAwEAAQAAAgEA9RspqGZa6zRFfZ3iXYMK9qBvVrvuGgDiNyQjN3a4\n1ZKXIQH8BF2RKCkjDUCrieURsmr6/KmIJPWBxnGiR+8oBGVd4bB881w6sxE8np6M\n4hc8kWBfK2TonwEiU+uQnurrZatcIWHeeyMDFMueWZ/PKrKT3iqC5tA09DCOSqZt\n0bENLXi1/AljNQ+3ZH8XN/0xlh5RE/roh5zdluwSi4h6kN5wTPL44yQj3io1UQ6n\n4G/4AksFznptlcZyPTsJV2iirHPQJeZUOusj+S4xNwslGOKkCvsWoTsgF6Aw5EKl\ne8uWAowgw20Zv8ARqUPldkn19GHAbzYNHsglHGP1C+dySTkt8KGEoLPz/pq+rfpY\nJCUkfsXOfkcXraUNzg4kQHuJksFowRkN0vZf/3tIju6sUprTGqRQ/Hx9EkbyA4/X\nqcdXxjk0o7WG/L8RzT5TYwcewkfOnvn52BkI0ZT+88KKF/PHGBio1VgunFso9ApX\n8Fep1hWyJrsqZOYtX6C2xloYoICtdq/r/XV4dMkAiACpIrJ0xy72CyJjcFgzp9rh\nuwT70YGa7f5Sua+IIWcCkPMpbqJ8J/7XFIyeFuFC+mQifkdMkLqMe5dp+wEWjkgJ\nVydmhXhY+CxeVL82WuOdMUW/DjxAVQTm65bkrSE4IOusWRiijxp9MUoBRgk/8BAW\nSPMAAAc4U3lzA1N5cwMAAAAHc3NoLXJzYQAAAgEA9RspqGZa6zRFfZ3iXYMK9qBv\nVrvuGgDiNyQjN3a41ZKXIQH8BF2RKCkjDUCrieURsmr6/KmIJPWBxnGiR+8oBGVd\n4bB881w6sxE8np6M4hc8kWBfK2TonwEiU+uQnurrZatcIWHeeyMDFMueWZ/PKrKT\n3iqC5tA09DCOSqZt0bENLXi1/AljNQ+3ZH8XN/0xlh5RE/roh5zdluwSi4h6kN5w\nTPL44yQj3io1UQ6n4G/4AksFznptlcZyPTsJV2iirHPQJeZUOusj+S4xNwslGOKk\nCvsWoTsgF6Aw5EKle8uWAowgw20Zv8ARqUPldkn19GHAbzYNHsglHGP1C+dySTkt\n8KGEoLPz/pq+rfpYJCUkfsXOfkcXraUNzg4kQHuJksFowRkN0vZf/3tIju6sUprT\nGqRQ/Hx9EkbyA4/XqcdXxjk0o7WG/L8RzT5TYwcewkfOnvn52BkI0ZT+88KKF/PH\nGBio1VgunFso9ApX8Fep1hWyJrsqZOYtX6C2xloYoICtdq/r/XV4dMkAiACpIrJ0\nxy72CyJjcFgzp9rhuwT70YGa7f5Sua+IIWcCkPMpbqJ8J/7XFIyeFuFC+mQifkdM\nkLqMe5dp+wEWjkgJVydmhXhY+CxeVL82WuOdMUW/DjxAVQTm65bkrSE4IOusWRii\njxp9MUoBRgk/8BAWSPMAAAADAQABAAACAFcygaByQXgZkXs99vETlIvmyZVOqEdB\n9zhst8aciucYDoHkpdabvu9NqzWkwyH8h0409vN6EIAtgyyo8nWq5E6kDUEkO1+M\neSmJQUqg1zf70kVZxqG2dXdTvPWkAUA4DOSPkOgjXDXsX8U/Jyd1Tgs/mpFYCFe6\nzIvu1kBCcyE9XpXFsuBmKpAO9kxfVlBJ2CEyyd9UzPKp4L83XuWa+Reeus71RYvx\nKH16AJvEnf6fdtjB/d/V+DRnc+7KmOkqxWyaivtgtKh9TL/yKfoOEfWHc5qgdw2G\n7kTZbWtXNm4TIFvppCJCJv3rg5z3FaP+beyx9fbagNJpm6I9AUlp3mLyIxRDsMwK\nvdSTuMfpF9Fed2OJM0jfLQTnkoB+5aQ+MoFJWVx8iFlEqq4tVORSGzR4EYtMJIig\nJdlL1bMEMI1mgRzv3mky+k5SeZBfu1erpvPjFYzHIudELnFeFifZR1BLVtqrqQCQ\nyOwNs9zRYDiKIw+3j/BN3XsssZVqf48GA83IczAQND4ZAKz+hSdYyocdWdby79t7\n1J+750FsukwjE6+RFnQIdmNAGePOiMAF+ADqHxpvYsDJduaM7TJMJkxrmSODnnJ8\n6WqtdCBNzsiFkCCGepzQiQxD4hd+ZeOU2bfLFptLTT3TsHGiGdiJzUU2llHp09g9\njeYg2GLH42L5AAABAHls3lBEQMJAk5F211ny+2sficsiR/FrSP1gXlX+1ixTj31k\nZP2Y/TXS3X4Vvow8DveBzbvu9aJwrD/DngUtMPBqyrmZmfU1FLohFZOiHU80Run6\nhyCmzNYx68pDtgZ15GVAwg2eA/ZTRNzSXVLwc14+sHCTgAjfzYcckjKCDRzHqkrA\n1/GmoU6G9HG5Tw326vHckgiSdA5FKmIoKAWiS2X2mvAMrfxqY2lPWk2XWVzzrOsh\n4lMiYwSgubcb8QCaSq25/8N0C03PG7vGVwDxrMQ5ufFdt9BjdKYQ+Qze+M/GuMkC\nuEiRIuvam0+jem7dkeTMsqDglyWjfJTUKSPQ8xQAAAEBAPh6ozZJss1M6Gl/LzUh\nPN4M23iHH8xxJaUcdNtTRS8AVolw/kcL4DVXNc7lOmHV95lQXQP9rFtm1oQydIe6\nKHI7zm7ECmZfCKSuJLx8S9J1apCvSMfMWr6Jfjb4tJzpSWULc1mPnD8oXAHlTY3Y\n7T/ecKRR4J4RGO+2Hr7yY+0Rhr1bVSNW1nYRSn6WRwCfmb4H95RO32X2MFTO9y46\nrusCacYfENJbgqNssT0fjoS/dODLCjgOtvG5uglbfNgTy3T0LBP2KZq6so4xBvBv\ng6/reuFu2/DalsjLmfOB3xvTYBLvOUzsdUSMdAZ6rtsM7pdYi59TqzpZM0tgy68F\nzh8AAAEBAPyGY7udUEPwzaQeEKF9BFmKnvrw+ikGpleXkyLIsK4myzEIRA6ID5OW\npA47A+xyJSrtZZ/jWhd2jnzqSKPIxACzLi+pQVUttvrByrqQ97Q4j4EsL1R+biJc\nCmvEBAO97j/zD01htfy8BFjINPMt3ALQ5hx+N8w+eYn/G8S21FDSZgnj1KxpEzhL\nC5lqOPD+9lQVc0lILYHboyhJUwD13+RDAiiJnBJpFNP8kDASyeBJrz6cnEW4ld1N\nh4v1PvfMVCy6GnutdD2qbGCB1RqKMqNWvYZa5OnQQ6U/nq+M/2jxXzS4gNXC6aVc\noi13fA+G3U2W0xci9PSRNIqF9Ik6Qq0AAAAAAQID\n-----END OPENSSH PRIVATE KEY-----\n",
            "private_key_pem": "-----BEGIN RSA PRIVATE KEY-----\nMIIJKAIBAAKCAgEA9RspqGZa6zRFfZ3iXYMK9qBvVrvuGgDiNyQjN3a41ZKXIQH8\nBF2RKCkjDUCrieURsmr6/KmIJPWBxnGiR+8oBGVd4bB881w6sxE8np6M4hc8kWBf\nK2TonwEiU+uQnurrZatcIWHeeyMDFMueWZ/PKrKT3iqC5tA09DCOSqZt0bENLXi1\n/AljNQ+3ZH8XN/0xlh5RE/roh5zdluwSi4h6kN5wTPL44yQj3io1UQ6n4G/4AksF\nznptlcZyPTsJV2iirHPQJeZUOusj+S4xNwslGOKkCvsWoTsgF6Aw5EKle8uWAowg\nw20Zv8ARqUPldkn19GHAbzYNHsglHGP1C+dySTkt8KGEoLPz/pq+rfpYJCUkfsXO\nfkcXraUNzg4kQHuJksFowRkN0vZf/3tIju6sUprTGqRQ/Hx9EkbyA4/XqcdXxjk0\no7WG/L8RzT5TYwcewkfOnvn52BkI0ZT+88KKF/PHGBio1VgunFso9ApX8Fep1hWy\nJrsqZOYtX6C2xloYoICtdq/r/XV4dMkAiACpIrJ0xy72CyJjcFgzp9rhuwT70YGa\n7f5Sua+IIWcCkPMpbqJ8J/7XFIyeFuFC+mQifkdMkLqMe5dp+wEWjkgJVydmhXhY\n+CxeVL82WuOdMUW/DjxAVQTm65bkrSE4IOusWRiijxp9MUoBRgk/8BAWSPMCAwEA\nAQKCAgBXMoGgckF4GZF7PfbxE5SL5smVTqhHQfc4bLfGnIrnGA6B5KXWm77vTas1\npMMh/IdONPbzehCALYMsqPJ1quROpA1BJDtfjHkpiUFKoNc3+9JFWcahtnV3U7z1\npAFAOAzkj5DoI1w17F/FPycndU4LP5qRWAhXusyL7tZAQnMhPV6VxbLgZiqQDvZM\nX1ZQSdghMsnfVMzyqeC/N17lmvkXnrrO9UWL8Sh9egCbxJ3+n3bYwf3f1fg0Z3Pu\nypjpKsVsmor7YLSofUy/8in6DhH1h3OaoHcNhu5E2W1rVzZuEyBb6aQiQib964Oc\n9xWj/m3ssfX22oDSaZuiPQFJad5i8iMUQ7DMCr3Uk7jH6RfRXndjiTNI3y0E55KA\nfuWkPjKBSVlcfIhZRKquLVTkUhs0eBGLTCSIoCXZS9WzBDCNZoEc795pMvpOUnmQ\nX7tXq6bz4xWMxyLnRC5xXhYn2UdQS1baq6kAkMjsDbPc0WA4iiMPt4/wTd17LLGV\nan+PBgPNyHMwEDQ+GQCs/oUnWMqHHVnW8u/be9Sfu+dBbLpMIxOvkRZ0CHZjQBnj\nzojABfgA6h8ab2LAyXbmjO0yTCZMa5kjg55yfOlqrXQgTc7IhZAghnqc0IkMQ+IX\nfmXjlNm3yxabS00907BxohnYic1FNpZR6dPYPY3mINhix+Ni+QKCAQEA+HqjNkmy\nzUzoaX8vNSE83gzbeIcfzHElpRx021NFLwBWiXD+RwvgNVc1zuU6YdX3mVBdA/2s\nW2bWhDJ0h7oocjvObsQKZl8IpK4kvHxL0nVqkK9Ix8xavol+Nvi0nOlJZQtzWY+c\nPyhcAeVNjdjtP95wpFHgnhEY77YevvJj7RGGvVtVI1bWdhFKfpZHAJ+Zvgf3lE7f\nZfYwVM73Ljqu6wJpxh8Q0luCo2yxPR+OhL904MsKOA628bm6CVt82BPLdPQsE/Yp\nmrqyjjEG8G+Dr+t64W7b8NqWyMuZ84HfG9NgEu85TOx1RIx0Bnqu2wzul1iLn1Or\nOlkzS2DLrwXOHwKCAQEA/IZju51QQ/DNpB4QoX0EWYqe+vD6KQamV5eTIsiwribL\nMQhEDogPk5akDjsD7HIlKu1ln+NaF3aOfOpIo8jEALMuL6lBVS22+sHKupD3tDiP\ngSwvVH5uIlwKa8QEA73uP/MPTWG1/LwEWMg08y3cAtDmHH43zD55if8bxLbUUNJm\nCePUrGkTOEsLmWo48P72VBVzSUgtgdujKElTAPXf5EMCKImcEmkU0/yQMBLJ4Emv\nPpycRbiV3U2Hi/U+98xULLoae610PapsYIHVGooyo1a9hlrk6dBDpT+er4z/aPFf\nNLiA1cLppVyiLXd8D4bdTZbTFyL09JE0ioX0iTpCrQKCAQA5FXOJdUTuhUyfb+iY\nfBpPqQSCnAhiH1xWokL2YBr0wU8gJCVGjSPlHTPvZBoVf+JyBlRYJl8CYI3HsQ+0\nXsAL/lFegQsimZKSwq8N3kBNCUyCEMLXo8r1GwEz/87+fVmvLQJDAQsUN2FrzhIT\nFFLs6V1XYrgHmEXyTBSkKWtreytJNUJJ7Bk45qAGlN+a9Q+M6KeoGraX5gcUdLe0\nlya4NsW2Dkz/BqbshHvzXtyPAq0HN54RYtAEmHZ0z9/OhD2pkK7Ppy3Hrjx3DixZ\n8ESAlciVIbLFknIxjxS/LIblDZp0vyCa23fVV68QDf89s6rceisZX09nCDcQihxB\nCURhAoIBAQCSB/lmxptjHr8c+FHvwUchrNsxDOftj63kG4B37gzWORLqAPiyWpZ/\nZ+7pV9F2C7BYub46DxTLWsEdlbJ6HKDUMsozv7JLWstlCWp+J1VHgCnkrjOUriRs\ndEOGfG1B6LT9gEbKHgZK6EOvP9/2/P8tFbbspUUJNNu+JKvfP0dakcF2WK1lIsJ9\nnFBR4K6bFyZGC72GlFnUrboVkwmQFZ/q9aEq5iE+OExWJskPM95QeOwBzjlEzHDF\n8I7BLgrC7AOFdf3Ypb8B5isUSCB/X4nXEVM6fhfA6rIjvr26kVQmUOcYqtW+SCAr\ng305w84XgIs70kuyJoH3aH002jBGp01lAoIBAHls3lBEQMJAk5F211ny+2sficsi\nR/FrSP1gXlX+1ixTj31kZP2Y/TXS3X4Vvow8DveBzbvu9aJwrD/DngUtMPBqyrmZ\nmfU1FLohFZOiHU80Run6hyCmzNYx68pDtgZ15GVAwg2eA/ZTRNzSXVLwc14+sHCT\ngAjfzYcckjKCDRzHqkrA1/GmoU6G9HG5Tw326vHckgiSdA5FKmIoKAWiS2X2mvAM\nrfxqY2lPWk2XWVzzrOsh4lMiYwSgubcb8QCaSq25/8N0C03PG7vGVwDxrMQ5ufFd\nt9BjdKYQ+Qze+M/GuMkCuEiRIuvam0+jem7dkeTMsqDglyWjfJTUKSPQ8xQ=\n-----END RSA PRIVATE KEY-----\n",
            "private_key_pem_pkcs8": "-----BEGIN PRIVATE KEY-----\nMIIJQgIBADANBgkqhkiG9w0BAQEFAASCCSwwggkoAgEAAoICAQD1GymoZlrrNEV9\nneJdgwr2oG9Wu+4aAOI3JCM3drjVkpchAfwEXZEoKSMNQKuJ5RGyavr8qYgk9YHG\ncaJH7ygEZV3hsHzzXDqzETyenoziFzyRYF8rZOifASJT65Ce6utlq1whYd57IwMU\ny55Zn88qspPeKoLm0DT0MI5Kpm3RsQ0teLX8CWM1D7dkfxc3/TGWHlET+uiHnN2W\n7BKLiHqQ3nBM8vjjJCPeKjVRDqfgb/gCSwXOem2VxnI9OwlXaKKsc9Al5lQ66yP5\nLjE3CyUY4qQK+xahOyAXoDDkQqV7y5YCjCDDbRm/wBGpQ+V2SfX0YcBvNg0eyCUc\nY/UL53JJOS3woYSgs/P+mr6t+lgkJSR+xc5+RxetpQ3ODiRAe4mSwWjBGQ3S9l//\ne0iO7qxSmtMapFD8fH0SRvIDj9epx1fGOTSjtYb8vxHNPlNjBx7CR86e+fnYGQjR\nlP7zwooX88cYGKjVWC6cWyj0ClfwV6nWFbImuypk5i1foLbGWhiggK12r+v9dXh0\nyQCIAKkisnTHLvYLImNwWDOn2uG7BPvRgZrt/lK5r4ghZwKQ8yluonwn/tcUjJ4W\n4UL6ZCJ+R0yQuox7l2n7ARaOSAlXJ2aFeFj4LF5UvzZa450xRb8OPEBVBObrluSt\nITgg66xZGKKPGn0xSgFGCT/wEBZI8wIDAQABAoICAFcygaByQXgZkXs99vETlIvm\nyZVOqEdB9zhst8aciucYDoHkpdabvu9NqzWkwyH8h0409vN6EIAtgyyo8nWq5E6k\nDUEkO1+MeSmJQUqg1zf70kVZxqG2dXdTvPWkAUA4DOSPkOgjXDXsX8U/Jyd1Tgs/\nmpFYCFe6zIvu1kBCcyE9XpXFsuBmKpAO9kxfVlBJ2CEyyd9UzPKp4L83XuWa+Ree\nus71RYvxKH16AJvEnf6fdtjB/d/V+DRnc+7KmOkqxWyaivtgtKh9TL/yKfoOEfWH\nc5qgdw2G7kTZbWtXNm4TIFvppCJCJv3rg5z3FaP+beyx9fbagNJpm6I9AUlp3mLy\nIxRDsMwKvdSTuMfpF9Fed2OJM0jfLQTnkoB+5aQ+MoFJWVx8iFlEqq4tVORSGzR4\nEYtMJIigJdlL1bMEMI1mgRzv3mky+k5SeZBfu1erpvPjFYzHIudELnFeFifZR1BL\nVtqrqQCQyOwNs9zRYDiKIw+3j/BN3XsssZVqf48GA83IczAQND4ZAKz+hSdYyocd\nWdby79t71J+750FsukwjE6+RFnQIdmNAGePOiMAF+ADqHxpvYsDJduaM7TJMJkxr\nmSODnnJ86WqtdCBNzsiFkCCGepzQiQxD4hd+ZeOU2bfLFptLTT3TsHGiGdiJzUU2\nllHp09g9jeYg2GLH42L5AoIBAQD4eqM2SbLNTOhpfy81ITzeDNt4hx/McSWlHHTb\nU0UvAFaJcP5HC+A1VzXO5Tph1feZUF0D/axbZtaEMnSHuihyO85uxApmXwikriS8\nfEvSdWqQr0jHzFq+iX42+LSc6UllC3NZj5w/KFwB5U2N2O0/3nCkUeCeERjvth6+\n8mPtEYa9W1UjVtZ2EUp+lkcAn5m+B/eUTt9l9jBUzvcuOq7rAmnGHxDSW4KjbLE9\nH46Ev3Tgywo4DrbxuboJW3zYE8t09CwT9imaurKOMQbwb4Ov63rhbtvw2pbIy5nz\ngd8b02AS7zlM7HVEjHQGeq7bDO6XWIufU6s6WTNLYMuvBc4fAoIBAQD8hmO7nVBD\n8M2kHhChfQRZip768PopBqZXl5MiyLCuJssxCEQOiA+TlqQOOwPsciUq7WWf41oX\ndo586kijyMQAsy4vqUFVLbb6wcq6kPe0OI+BLC9Ufm4iXAprxAQDve4/8w9NYbX8\nvARYyDTzLdwC0OYcfjfMPnmJ/xvEttRQ0mYJ49SsaRM4SwuZajjw/vZUFXNJSC2B\n26MoSVMA9d/kQwIoiZwSaRTT/JAwEsngSa8+nJxFuJXdTYeL9T73zFQsuhp7rXQ9\nqmxggdUaijKjVr2GWuTp0EOlP56vjP9o8V80uIDVwumlXKItd3wPht1NltMXIvT0\nkTSKhfSJOkKtAoIBADkVc4l1RO6FTJ9v6Jh8Gk+pBIKcCGIfXFaiQvZgGvTBTyAk\nJUaNI+UdM+9kGhV/4nIGVFgmXwJgjcexD7RewAv+UV6BCyKZkpLCrw3eQE0JTIIQ\nwtejyvUbATP/zv59Wa8tAkMBCxQ3YWvOEhMUUuzpXVdiuAeYRfJMFKQpa2t7K0k1\nQknsGTjmoAaU35r1D4zop6gatpfmBxR0t7SXJrg2xbYOTP8GpuyEe/Ne3I8CrQc3\nnhFi0ASYdnTP386EPamQrs+nLceuPHcOLFnwRICVyJUhssWScjGPFL8shuUNmnS/\nIJrbd9VXrxAN/z2zqtx6KxlfT2cINxCKHEEJRGECggEBAJIH+WbGm2Mevxz4Ue/B\nRyGs2zEM5+2PreQbgHfuDNY5EuoA+LJaln9n7ulX0XYLsFi5vjoPFMtawR2Vsnoc\noNQyyjO/sktay2UJan4nVUeAKeSuM5SuJGx0Q4Z8bUHotP2ARsoeBkroQ68/3/b8\n/y0VtuylRQk0274kq98/R1qRwXZYrWUiwn2cUFHgrpsXJkYLvYaUWdStuhWTCZAV\nn+r1oSrmIT44TFYmyQ8z3lB47AHOOUTMcMXwjsEuCsLsA4V1/dilvwHmKxRIIH9f\nidcRUzp+F8DqsiO+vbqRVCZQ5xiq1b5IICuDfTnDzheAizvSS7ImgfdofTTaMEan\nTWUCggEAeWzeUERAwkCTkXbXWfL7ax+JyyJH8WtI/WBeVf7WLFOPfWRk/Zj9NdLd\nfhW+jDwO94HNu+71onCsP8OeBS0w8GrKuZmZ9TUUuiEVk6IdTzRG6fqHIKbM1jHr\nykO2BnXkZUDCDZ4D9lNE3NJdUvBzXj6wcJOACN/NhxySMoINHMeqSsDX8aahTob0\ncblPDfbq8dySCJJ0DkUqYigoBaJLZfaa8Ayt/GpjaU9aTZdZXPOs6yHiUyJjBKC5\ntxvxAJpKrbn/w3QLTc8bu8ZXAPGsxDm58V230GN0phD5DN74z8a4yQK4SJEi69qb\nT6N6bt2R5MyyoOCXJaN8lNQpI9DzFA==\n-----END PRIVATE KEY-----\n",
            "public_key_fingerprint_md5": "63:5e:4a:9e:bb:22:a9:c7:d2:41:06:d7:68:df:44:0d",
            "public_key_fingerprint_sha256": "SHA256:fORTyxKsFMZ0m1kWhSz3zF/vhrDXk3XQ40TFRM7bEZM",
            "public_key_openssh": "ssh-rsa AAAAB3NzaC1yc2EAAAADAQABAAACAQD1GymoZlrrNEV9neJdgwr2oG9Wu+4aAOI3JCM3drjVkpchAfwEXZEoKSMNQKuJ5RGyavr8qYgk9YHGcaJH7ygEZV3hsHzzXDqzETyenoziFzyRYF8rZOifASJT65Ce6utlq1whYd57IwMUy55Zn88qspPeKoLm0DT0MI5Kpm3RsQ0teLX8CWM1D7dkfxc3/TGWHlET+uiHnN2W7BKLiHqQ3nBM8vjjJCPeKjVRDqfgb/gCSwXOem2VxnI9OwlXaKKsc9Al5lQ66yP5LjE3CyUY4qQK+xahOyAXoDDkQqV7y5YCjCDDbRm/wBGpQ+V2SfX0YcBvNg0eyCUcY/UL53JJOS3woYSgs/P+mr6t+lgkJSR+xc5+RxetpQ3ODiRAe4mSwWjBGQ3S9l//e0iO7qxSmtMapFD8fH0SRvIDj9epx1fGOTSjtYb8vxHNPlNjBx7CR86e+fnYGQjRlP7zwooX88cYGKjVWC6cWyj0ClfwV6nWFbImuypk5i1foLbGWhiggK12r+v9dXh0yQCIAKkisnTHLvYLImNwWDOn2uG7BPvRgZrt/lK5r4ghZwKQ8yluonwn/tcUjJ4W4UL6ZCJ+R0yQuox7l2n7ARaOSAlXJ2aFeFj4LF5UvzZa450xRb8OPEBVBObrluStITgg66xZGKKPGn0xSgFGCT/wEBZI8w==\n",
            "public_key_pem": "-----BEGIN PUBLIC KEY-----\nMIICIjANBgkqhkiG9w0BAQEFAAOCAg8AMIICCgKCAgEA9RspqGZa6zRFfZ3iXYMK\n9qBvVrvuGgDiNyQjN3a41ZKXIQH8BF2RKCkjDUCrieURsmr6/KmIJPWBxnGiR+8o\nBGVd4bB881w6sxE8np6M4hc8kWBfK2TonwEiU+uQnurrZatcIWHeeyMDFMueWZ/P\nKrKT3iqC5tA09DCOSqZt0bENLXi1/AljNQ+3ZH8XN/0xlh5RE/roh5zdluwSi4h6\nkN5wTPL44yQj3io1UQ6n4G/4AksFznptlcZyPTsJV2iirHPQJeZUOusj+S4xNwsl\nGOKkCvsWoTsgF6Aw5EKle8uWAowgw20Zv8ARqUPldkn19GHAbzYNHsglHGP1C+dy\nSTkt8KGEoLPz/pq+rfpYJCUkfsXOfkcXraUNzg4kQHuJksFowRkN0vZf/3tIju6s\nUprTGqRQ/Hx9EkbyA4/XqcdXxjk0o7WG/L8RzT5TYwcewkfOnvn52BkI0ZT+88KK\nF/PHGBio1VgunFso9ApX8Fep1hWyJrsqZOYtX6C2xloYoICtdq/r/XV4dMkAiACp\nIrJ0xy72CyJjcFgzp9rhuwT70YGa7f5Sua+IIWcCkPMpbqJ8J/7XFIyeFuFC+mQi\nfkdMkLqMe5dp+wEWjkgJVydmhXhY+CxeVL82WuOdMUW/DjxAVQTm65bkrSE4IOus\nWRiijxp9MUoBRgk/8BAWSPMCAwEAAQ==\n-----END PUBLIC KEY-----\n",
            "rsa_bits": 4096
          },
          "sensitive_attributes": [
            [
              {
                "type": "get_attr",
                "value": "private_key_openssh"
              }
            ],
            [
              {
                "type": "get_attr",
                "value": "private_key_pem"
              }
            ],
            [
              {
                "type": "get_attr",
                "value": "private_key_pem_pkcs8"
              }
            ]
          ],
          "identity_schema_version": 0
        }
      ]
    },
    {
      "module": "module.master_node",
      "mode": "managed",
      "type": "aws_instance",
      "name": "master",
      "provider": "provider[\"registry.terraform.io/hashicorp/aws\"]",
      "instances": [
        {
          "schema_version": 1,
          "attributes": {
            "ami": "ami-0dc0ac921efee9f9d",
            "arn": "arn:aws:ec2:eu-west-1:977098995259:instance/i-012b9cd8bcd658a71",
            "associate_public_ip_address": true,
            "availability_zone": "eu-west-1a",
            "capacity_reservation_specification": [
              {
                "capacity_reservation_preference": "open",
                "capacity_reservation_target": []
              }
            ],
            "cpu_core_count": 1,
            "cpu_options": [
              {
                "amd_sev_snp": "",
                "core_count": 1,
                "threads_per_core": 2
              }
            ],
            "cpu_threads_per_core": 2,
            "credit_specification": [
              {
                "cpu_credits": "unlimited"
              }
            ],
            "disable_api_stop": false,
            "disable_api_termination": false,
            "ebs_block_device": [],
            "ebs_optimized": false,
            "enable_primary_ipv6": null,
            "enclave_options": [
              {
                "enabled": false
              }
            ],
            "ephemeral_block_device": [],
            "get_password_data": false,
            "hibernation": false,
            "host_id": "",
            "host_resource_group_arn": null,
            "iam_instance_profile": "",
            "id": "i-012b9cd8bcd658a71",
            "instance_initiated_shutdown_behavior": "stop",
            "instance_lifecycle": "",
            "instance_market_options": [],
            "instance_state": "running",
            "instance_type": "t3.medium",
            "ipv6_address_count": 0,
            "ipv6_addresses": [],
            "key_name": "my-k8s-cluster-ssh-key",
            "launch_template": [],
            "maintenance_options": [
              {
                "auto_recovery": "default"
              }
            ],
            "metadata_options": [
              {
                "http_endpoint": "enabled",
                "http_protocol_ipv6": "disabled",
                "http_put_response_hop_limit": 1,
                "http_tokens": "optional",
                "instance_metadata_tags": "disabled"
              }
            ],
            "monitoring": false,
            "network_interface": [],
            "outpost_arn": "",
            "password_data": "",
            "placement_group": "",
            "placement_partition_number": 0,
            "primary_network_interface_id": "eni-019d33e98a0be5e5b",
            "private_dns": "ip-10-0-1-115.eu-west-1.compute.internal",
            "private_dns_name_options": [
              {
                "enable_resource_name_dns_a_record": false,
                "enable_resource_name_dns_aaaa_record": false,
                "hostname_type": "ip-name"
              }
            ],
            "private_ip": "10.0.1.115",
            "public_dns": "ec2-34-250-254-125.eu-west-1.compute.amazonaws.com",
            "public_ip": "34.250.254.125",
            "root_block_device": [
              {
                "delete_on_termination": true,
                "device_name": "/dev/sda1",
                "encrypted": false,
                "iops": 100,
                "kms_key_id": "",
                "tags": {},
                "tags_all": {},
                "throughput": 0,
                "volume_id": "vol-0e0bff9e1a55b5314",
                "volume_size": 8,
                "volume_type": "gp2"
              }
            ],
            "secondary_private_ips": [],
            "security_groups": [],
            "source_dest_check": true,
            "spot_instance_request_id": "",
            "subnet_id": "subnet-06a5e95823e33fafa",
            "tags": {
              "Name": "my-k8s-cluster-controlplane"
            },
            "tags_all": {
              "Name": "my-k8s-cluster-controlplane"
            },
            "tenancy": "default",
            "timeouts": null,
            "user_data": "9e50ce680ac60daae29cbac6c34bfec3c35a5ec5",
            "user_data_base64": null,
            "user_data_replace_on_change": false,
            "volume_tags": null,
            "vpc_security_group_ids": [
              "sg-0b2dbdfa923258986"
            ]
          },
          "sensitive_attributes": [],
          "identity_schema_version": 0,
          "private": "eyJlMmJmYjczMC1lY2FhLTExZTYtOGY4OC0zNDM2M2JjN2M0YzAiOnsiY3JlYXRlIjo2MDAwMDAwMDAwMDAsImRlbGV0ZSI6MTIwMDAwMDAwMDAwMCwicmVhZCI6OTAwMDAwMDAwMDAwLCJ1cGRhdGUiOjYwMDAwMDAwMDAwMH0sInNjaGVtYV92ZXJzaW9uIjoiMSJ9",
          "dependencies": [
            "aws_key_pair.generated_key",
            "data.aws_ami.ubuntu",
            "module.vpc.aws_security_group.kubernetes_master_sg",
            "module.vpc.aws_subnet.public",
            "module.vpc.aws_vpc.kubernetes_vpc",
            "module.vpc.data.aws_availability_zones.available",
            "tls_private_key.k8s_key"
          ]
        }
      ]
    },
    {
      "module": "module.master_node",
      "mode": "managed",
      "type": "null_resource",
      "name": "master_setup",
      "provider": "provider[\"registry.terraform.io/hashicorp/null\"]",
      "instances": [
        {
          "schema_version": 0,
          "attributes": {
            "id": "6057545924801470520",
            "triggers": null
          },
          "sensitive_attributes": [],
          "identity_schema_version": 0,
          "dependencies": [
            "aws_key_pair.generated_key",
            "data.aws_ami.ubuntu",
            "local_file.k8s_private_key_file",
            "module.master_node.aws_instance.master",
            "module.vpc.aws_security_group.kubernetes_master_sg",
            "module.vpc.aws_subnet.public",
            "module.vpc.aws_vpc.kubernetes_vpc",
            "module.vpc.data.aws_availability_zones.available",
            "tls_private_key.k8s_key"
          ]
        }
      ]
    },
    {
      "module": "module.vpc",
      "mode": "data",
      "type": "aws_availability_zones",
      "name": "available",
      "provider": "provider[\"registry.terraform.io/hashicorp/aws\"]",
      "instances": [
        {
          "schema_version": 0,
          "attributes": {
            "all_availability_zones": null,
            "exclude_names": null,
            "exclude_zone_ids": null,
            "filter": null,
            "group_names": [
              "eu-west-1-zg-1"
            ],
            "id": "eu-west-1",
            "names": [
              "eu-west-1a",
              "eu-west-1b",
              "eu-west-1c"
            ],
            "state": "available",
            "timeouts": null,
            "zone_ids": [
              "euw1-az3",
              "euw1-az1",
              "euw1-az2"
            ]
          },
          "sensitive_attributes": [],
          "identity_schema_version": 0
        }
      ]
    },
    {
      "module": "module.vpc",
      "mode": "managed",
      "type": "aws_internet_gateway",
      "name": "gw",
      "provider": "provider[\"registry.terraform.io/hashicorp/aws\"]",
      "instances": [
        {
          "schema_version": 0,
          "attributes": {
            "arn": "arn:aws:ec2:eu-west-1:977098995259:internet-gateway/igw-0a80806bb52d7bafb",
            "id": "igw-0a80806bb52d7bafb",
            "owner_id": "977098995259",
            "tags": {
              "Name": "my-k8s-cluster-igw"
            },
            "tags_all": {
              "Name": "my-k8s-cluster-igw"
            },
            "timeouts": null,
            "vpc_id": "vpc-0845cce3ea821d60d"
          },
          "sensitive_attributes": [],
          "identity_schema_version": 0,
          "private": "eyJlMmJmYjczMC1lY2FhLTExZTYtOGY4OC0zNDM2M2JjN2M0YzAiOnsiY3JlYXRlIjoxMjAwMDAwMDAwMDAwLCJkZWxldGUiOjEyMDAwMDAwMDAwMDAsInVwZGF0ZSI6MTIwMDAwMDAwMDAwMH19",
          "dependencies": [
            "module.vpc.aws_vpc.kubernetes_vpc"
          ]
        }
      ]
    },
    {
      "module": "module.vpc",
      "mode": "managed",
      "type": "aws_route_table",
      "name": "public",
      "provider": "provider[\"registry.terraform.io/hashicorp/aws\"]",
      "instances": [
        {
          "schema_version": 0,
          "attributes": {
            "arn": "arn:aws:ec2:eu-west-1:977098995259:route-table/rtb-0a59d739c70d51cfa",
            "id": "rtb-0a59d739c70d51cfa",
            "owner_id": "977098995259",
            "propagating_vgws": [],
            "route": [
              {
                "carrier_gateway_id": "",
                "cidr_block": "0.0.0.0/0",
                "core_network_arn": "",
                "destination_prefix_list_id": "",
                "egress_only_gateway_id": "",
                "gateway_id": "igw-0a80806bb52d7bafb",
                "ipv6_cidr_block": "",
                "local_gateway_id": "",
                "nat_gateway_id": "",
                "network_interface_id": "",
                "transit_gateway_id": "",
                "vpc_endpoint_id": "",
                "vpc_peering_connection_id": ""
              }
            ],
            "tags": {
              "Name": "my-k8s-cluster-public-rt"
            },
            "tags_all": {
              "Name": "my-k8s-cluster-public-rt"
            },
            "timeouts": null,
            "vpc_id": "vpc-0845cce3ea821d60d"
          },
          "sensitive_attributes": [],
          "identity_schema_version": 0,
          "private": "eyJlMmJmYjczMC1lY2FhLTExZTYtOGY4OC0zNDM2M2JjN2M0YzAiOnsiY3JlYXRlIjozMDAwMDAwMDAwMDAsImRlbGV0ZSI6MzAwMDAwMDAwMDAwLCJ1cGRhdGUiOjEyMDAwMDAwMDAwMH19",
          "dependencies": [
            "module.vpc.aws_internet_gateway.gw",
            "module.vpc.aws_vpc.kubernetes_vpc"
          ]
        }
      ]
    },
    {
      "module": "module.vpc",
      "mode": "managed",
      "type": "aws_route_table_association",
      "name": "public",
      "provider": "provider[\"registry.terraform.io/hashicorp/aws\"]",
      "instances": [
        {
          "index_key": 0,
          "schema_version": 0,
          "attributes": {
            "gateway_id": "",
            "id": "rtbassoc-0aae59e7cb4e1b588",
            "route_table_id": "rtb-0a59d739c70d51cfa",
            "subnet_id": "subnet-06a5e95823e33fafa",
            "timeouts": null
          },
          "sensitive_attributes": [],
          "identity_schema_version": 0,
          "private": "eyJlMmJmYjczMC1lY2FhLTExZTYtOGY4OC0zNDM2M2JjN2M0YzAiOnsiY3JlYXRlIjozMDAwMDAwMDAwMDAsImRlbGV0ZSI6MzAwMDAwMDAwMDAwLCJ1cGRhdGUiOjEyMDAwMDAwMDAwMH19",
          "dependencies": [
            "module.vpc.aws_internet_gateway.gw",
            "module.vpc.aws_route_table.public",
            "module.vpc.aws_subnet.public",
            "module.vpc.aws_vpc.kubernetes_vpc",
            "module.vpc.data.aws_availability_zones.available"
          ]
        },
        {
          "index_key": 1,
          "schema_version": 0,
          "attributes": {
            "gateway_id": "",
            "id": "rtbassoc-08bdddb4d8479d2dc",
            "route_table_id": "rtb-0a59d739c70d51cfa",
            "subnet_id": "subnet-0fd24a586e497814a",
            "timeouts": null
          },
          "sensitive_attributes": [],
          "identity_schema_version": 0,
          "private": "eyJlMmJmYjczMC1lY2FhLTExZTYtOGY4OC0zNDM2M2JjN2M0YzAiOnsiY3JlYXRlIjozMDAwMDAwMDAwMDAsImRlbGV0ZSI6MzAwMDAwMDAwMDAwLCJ1cGRhdGUiOjEyMDAwMDAwMDAwMH19",
          "dependencies": [
            "module.vpc.aws_internet_gateway.gw",
            "module.vpc.aws_route_table.public",
            "module.vpc.aws_subnet.public",
            "module.vpc.aws_vpc.kubernetes_vpc",
            "module.vpc.data.aws_availability_zones.available"
          ]
        }
      ]
    },
    {
      "module": "module.vpc",
      "mode": "managed",
      "type": "aws_security_group",
      "name": "kubernetes_master_sg",
      "provider": "provider[\"registry.terraform.io/hashicorp/aws\"]",
      "instances": [
        {
          "schema_version": 1,
          "attributes": {
            "arn": "arn:aws:ec2:eu-west-1:977098995259:security-group/sg-0b2dbdfa923258986",
            "description": "Security group for Kubernetes Master nodes",
            "egress": [
              {
                "cidr_blocks": [
                  "0.0.0.0/0"
                ],
                "description": "",
                "from_port": 0,
                "ipv6_cidr_blocks": [],
                "prefix_list_ids": [],
                "protocol": "-1",
                "security_groups": [],
                "self": false,
                "to_port": 0
              }
            ],
            "id": "sg-0b2dbdfa923258986",
            "ingress": [
              {
                "cidr_blocks": [
                  "0.0.0.0/0"
                ],
                "description": "",
                "from_port": 22,
                "ipv6_cidr_blocks": [],
                "prefix_list_ids": [],
                "protocol": "tcp",
                "security_groups": [],
                "self": false,
                "to_port": 22
              },
              {
                "cidr_blocks": [
                  "0.0.0.0/0"
                ],
                "description": "",
                "from_port": 6443,
                "ipv6_cidr_blocks": [],
                "prefix_list_ids": [],
                "protocol": "tcp",
                "security_groups": [],
                "self": false,
                "to_port": 6443
              },
              {
                "cidr_blocks": [
                  "10.0.0.0/16"
                ],
                "description": "",
                "from_port": 10250,
                "ipv6_cidr_blocks": [],
                "prefix_list_ids": [],
                "protocol": "tcp",
                "security_groups": [],
                "self": false,
                "to_port": 10250
              },
              {
                "cidr_blocks": [
                  "10.0.0.0/16"
                ],
                "description": "Allow Calico Pod network",
                "from_port": 0,
                "ipv6_cidr_blocks": [],
                "prefix_list_ids": [],
                "protocol": "-1",
                "security_groups": [],
                "self": false,
                "to_port": 0
              },
              {
                "cidr_blocks": [],
                "description": "",
                "from_port": 10257,
                "ipv6_cidr_blocks": [],
                "prefix_list_ids": [],
                "protocol": "tcp",
                "security_groups": [],
                "self": true,
                "to_port": 10257
              },
              {
                "cidr_blocks": [],
                "description": "",
                "from_port": 10259,
                "ipv6_cidr_blocks": [],
                "prefix_list_ids": [],
                "protocol": "tcp",
                "security_groups": [],
                "self": true,
                "to_port": 10259
              },
              {
                "cidr_blocks": [],
                "description": "etcd client \u0026 peer communication",
                "from_port": 2379,
                "ipv6_cidr_blocks": [],
                "prefix_list_ids": [],
                "protocol": "tcp",
                "security_groups": [],
                "self": true,
                "to_port": 2380
              }
            ],
            "name": "my-k8s-cluster-master-sg",
            "name_prefix": "",
            "owner_id": "977098995259",
            "revoke_rules_on_delete": false,
            "tags": {
              "kubernetes.io/cluster/my-k8s-cluster": "owned"
            },
            "tags_all": {
              "kubernetes.io/cluster/my-k8s-cluster": "owned"
            },
            "timeouts": null,
            "vpc_id": "vpc-0845cce3ea821d60d"
          },
          "sensitive_attributes": [],
          "identity_schema_version": 0,
          "private": "eyJlMmJmYjczMC1lY2FhLTExZTYtOGY4OC0zNDM2M2JjN2M0YzAiOnsiY3JlYXRlIjo2MDAwMDAwMDAwMDAsImRlbGV0ZSI6OTAwMDAwMDAwMDAwfSwic2NoZW1hX3ZlcnNpb24iOiIxIn0=",
          "dependencies": [
            "module.vpc.aws_vpc.kubernetes_vpc"
          ]
        }
      ]
    },
    {
      "module": "module.vpc",
      "mode": "managed",
      "type": "aws_security_group",
      "name": "kubernetes_worker_sg",
      "provider": "provider[\"registry.terraform.io/hashicorp/aws\"]",
      "instances": [
        {
          "schema_version": 1,
          "attributes": {
            "arn": "arn:aws:ec2:eu-west-1:977098995259:security-group/sg-0d162d19bdcf3a5fc",
            "description": "Security group for Kubernetes Worker nodes",
            "egress": [
              {
                "cidr_blocks": [
                  "0.0.0.0/0"
                ],
                "description": "",
                "from_port": 0,
                "ipv6_cidr_blocks": [],
                "prefix_list_ids": [],
                "protocol": "-1",
                "security_groups": [],
                "self": false,
                "to_port": 0
              }
            ],
            "id": "sg-0d162d19bdcf3a5fc",
            "ingress": [
              {
                "cidr_blocks": [
                  "0.0.0.0/0"
                ],
                "description": "",
                "from_port": 22,
                "ipv6_cidr_blocks": [],
                "prefix_list_ids": [],
                "protocol": "tcp",
                "security_groups": [],
                "self": false,
                "to_port": 22
              },
              {
                "cidr_blocks": [
                  "0.0.0.0/0"
                ],
                "description": "",
                "from_port": 30000,
                "ipv6_cidr_blocks": [],
                "prefix_list_ids": [],
                "protocol": "tcp",
                "security_groups": [],
                "self": false,
                "to_port": 32767
              },
              {
                "cidr_blocks": [
                  "10.0.0.0/16"
                ],
                "description": "",
                "from_port": 10250,
                "ipv6_cidr_blocks": [],
                "prefix_list_ids": [],
                "protocol": "tcp",
                "security_groups": [],
                "self": false,
                "to_port": 10250
              },
              {
                "cidr_blocks": [
                  "10.0.0.0/16"
                ],
                "description": "Allow Calico Pod network",
                "from_port": 0,
                "ipv6_cidr_blocks": [],
                "prefix_list_ids": [],
                "protocol": "-1",
                "security_groups": [],
                "self": false,
                "to_port": 0
              },
              {
                "cidr_blocks": [],
                "description": "Allow all traffic from Master SG",
                "from_port": 0,
                "ipv6_cidr_blocks": [],
                "prefix_list_ids": [],
                "protocol": "-1",
                "security_groups": [
                  "sg-0b2dbdfa923258986"
                ],
                "self": false,
                "to_port": 0
              }
            ],
            "name": "my-k8s-cluster-worker-sg",
            "name_prefix": "",
            "owner_id": "977098995259",
            "revoke_rules_on_delete": false,
            "tags": {
              "kubernetes.io/cluster/my-k8s-cluster": "owned"
            },
            "tags_all": {
              "kubernetes.io/cluster/my-k8s-cluster": "owned"
            },
            "timeouts": null,
            "vpc_id": "vpc-0845cce3ea821d60d"
          },
          "sensitive_attributes": [],
          "identity_schema_version": 0,
          "private": "eyJlMmJmYjczMC1lY2FhLTExZTYtOGY4OC0zNDM2M2JjN2M0YzAiOnsiY3JlYXRlIjo2MDAwMDAwMDAwMDAsImRlbGV0ZSI6OTAwMDAwMDAwMDAwfSwic2NoZW1hX3ZlcnNpb24iOiIxIn0=",
          "dependencies": [
            "module.vpc.aws_security_group.kubernetes_master_sg",
            "module.vpc.aws_vpc.kubernetes_vpc"
          ]
        }
      ]
    },
    {
      "module": "module.vpc",
      "mode": "managed",
      "type": "aws_subnet",
      "name": "public",
      "provider": "provider[\"registry.terraform.io/hashicorp/aws\"]",
      "instances": [
        {
          "index_key": 0,
          "schema_version": 1,
          "attributes": {
            "arn": "arn:aws:ec2:eu-west-1:977098995259:subnet/subnet-06a5e95823e33fafa",
            "assign_ipv6_address_on_creation": false,
            "availability_zone": "eu-west-1a",
            "availability_zone_id": "euw1-az3",
            "cidr_block": "10.0.1.0/24",
            "customer_owned_ipv4_pool": "",
            "enable_dns64": false,
            "enable_lni_at_device_index": 0,
            "enable_resource_name_dns_a_record_on_launch": false,
            "enable_resource_name_dns_aaaa_record_on_launch": false,
            "id": "subnet-06a5e95823e33fafa",
            "ipv6_cidr_block": "",
            "ipv6_cidr_block_association_id": "",
            "ipv6_native": false,
            "map_customer_owned_ip_on_launch": false,
            "map_public_ip_on_launch": true,
            "outpost_arn": "",
            "owner_id": "977098995259",
            "private_dns_hostname_type_on_launch": "ip-name",
            "tags": {
              "Name": "my-k8s-cluster-public-subnet-1"
            },
            "tags_all": {
              "Name": "my-k8s-cluster-public-subnet-1"
            },
            "timeouts": null,
            "vpc_id": "vpc-0845cce3ea821d60d"
          },
          "sensitive_attributes": [],
          "identity_schema_version": 0,
          "private": "eyJlMmJmYjczMC1lY2FhLTExZTYtOGY4OC0zNDM2M2JjN2M0YzAiOnsiY3JlYXRlIjo2MDAwMDAwMDAwMDAsImRlbGV0ZSI6MTIwMDAwMDAwMDAwMH0sInNjaGVtYV92ZXJzaW9uIjoiMSJ9",
          "dependencies": [
            "module.vpc.aws_vpc.kubernetes_vpc",
            "module.vpc.data.aws_availability_zones.available"
          ]
        },
        {
          "index_key": 1,
          "schema_version": 1,
          "attributes": {
            "arn": "arn:aws:ec2:eu-west-1:977098995259:subnet/subnet-0fd24a586e497814a",
            "assign_ipv6_address_on_creation": false,
            "availability_zone": "eu-west-1b",
            "availability_zone_id": "euw1-az1",
            "cidr_block": "10.0.2.0/24",
            "customer_owned_ipv4_pool": "",
            "enable_dns64": false,
            "enable_lni_at_device_index": 0,
            "enable_resource_name_dns_a_record_on_launch": false,
            "enable_resource_name_dns_aaaa_record_on_launch": false,
            "id": "subnet-0fd24a586e497814a",
            "ipv6_cidr_block": "",
            "ipv6_cidr_block_association_id": "",
            "ipv6_native": false,
            "map_customer_owned_ip_on_launch": false,
            "map_public_ip_on_launch": true,
            "outpost_arn": "",
            "owner_id": "977098995259",
            "private_dns_hostname_type_on_launch": "ip-name",
            "tags": {
              "Name": "my-k8s-cluster-public-subnet-2"
            },
            "tags_all": {
              "Name": "my-k8s-cluster-public-subnet-2"
            },
            "timeouts": null,
            "vpc_id": "vpc-0845cce3ea821d60d"
          },
          "sensitive_attributes": [],
          "identity_schema_version": 0,
          "private": "eyJlMmJmYjczMC1lY2FhLTExZTYtOGY4OC0zNDM2M2JjN2M0YzAiOnsiY3JlYXRlIjo2MDAwMDAwMDAwMDAsImRlbGV0ZSI6MTIwMDAwMDAwMDAwMH0sInNjaGVtYV92ZXJzaW9uIjoiMSJ9",
          "dependencies": [
            "module.vpc.aws_vpc.kubernetes_vpc",
            "module.vpc.data.aws_availability_zones.available"
          ]
        }
      ]
    },
    {
      "module": "module.vpc",
      "mode": "managed",
      "type": "aws_vpc",
      "name": "kubernetes_vpc",
      "provider": "provider[\"registry.terraform.io/hashicorp/aws\"]",
      "instances": [
        {
          "schema_version": 1,
          "attributes": {
            "arn": "arn:aws:ec2:eu-west-1:977098995259:vpc/vpc-0845cce3ea821d60d",
            "assign_generated_ipv6_cidr_block": false,
            "cidr_block": "10.0.0.0/16",
            "default_network_acl_id": "acl-03c3fe31d232ceece",
            "default_route_table_id": "rtb-0e19f3bea77a564f7",
            "default_security_group_id": "sg-009f5c86188509751",
            "dhcp_options_id": "dopt-009d0ecdfc455e2ff",
            "enable_dns_hostnames": true,
            "enable_dns_support": true,
            "enable_network_address_usage_metrics": false,
            "id": "vpc-0845cce3ea821d60d",
            "instance_tenancy": "default",
            "ipv4_ipam_pool_id": null,
            "ipv4_netmask_length": null,
            "ipv6_association_id": "",
            "ipv6_cidr_block": "",
            "ipv6_cidr_block_network_border_group": "",
            "ipv6_ipam_pool_id": "",
            "ipv6_netmask_length": 0,
            "main_route_table_id": "rtb-0e19f3bea77a564f7",
            "owner_id": "977098995259",
            "tags": {
              "Name": "my-k8s-cluster-vpc"
            },
            "tags_all": {
              "Name": "my-k8s-cluster-vpc"
            }
          },
          "sensitive_attributes": [],
          "identity_schema_version": 0,
          "private": "eyJzY2hlbWFfdmVyc2lvbiI6IjEifQ=="
        }
      ]
    },
    {
      "module": "module.worker_nodes",
      "mode": "managed",
      "type": "aws_instance",
      "name": "worker",
      "provider": "provider[\"registry.terraform.io/hashicorp/aws\"]",
      "instances": [
        {
          "index_key": 0,
          "schema_version": 1,
          "attributes": {
            "ami": "ami-0dc0ac921efee9f9d",
            "arn": "arn:aws:ec2:eu-west-1:977098995259:instance/i-0426856056576f086",
            "associate_public_ip_address": true,
            "availability_zone": "eu-west-1a",
            "capacity_reservation_specification": [
              {
                "capacity_reservation_preference": "open",
                "capacity_reservation_target": []
              }
            ],
            "cpu_core_count": 1,
            "cpu_options": [
              {
                "amd_sev_snp": "",
                "core_count": 1,
                "threads_per_core": 2
              }
            ],
            "cpu_threads_per_core": 2,
            "credit_specification": [
              {
                "cpu_credits": "unlimited"
              }
            ],
            "disable_api_stop": false,
            "disable_api_termination": false,
            "ebs_block_device": [],
            "ebs_optimized": false,
            "enable_primary_ipv6": null,
            "enclave_options": [
              {
                "enabled": false
              }
            ],
            "ephemeral_block_device": [],
            "get_password_data": false,
            "hibernation": false,
            "host_id": "",
            "host_resource_group_arn": null,
            "iam_instance_profile": "",
            "id": "i-0426856056576f086",
            "instance_initiated_shutdown_behavior": "stop",
            "instance_lifecycle": "",
            "instance_market_options": [],
            "instance_state": "running",
            "instance_type": "t3.medium",
            "ipv6_address_count": 0,
            "ipv6_addresses": [],
            "key_name": "my-k8s-cluster-ssh-key",
            "launch_template": [],
            "maintenance_options": [
              {
                "auto_recovery": "default"
              }
            ],
            "metadata_options": [
              {
                "http_endpoint": "enabled",
                "http_protocol_ipv6": "disabled",
                "http_put_response_hop_limit": 1,
                "http_tokens": "optional",
                "instance_metadata_tags": "disabled"
              }
            ],
            "monitoring": false,
            "network_interface": [],
            "outpost_arn": "",
            "password_data": "",
            "placement_group": "",
            "placement_partition_number": 0,
            "primary_network_interface_id": "eni-0080076ec4ab08322",
            "private_dns": "ip-10-0-1-123.eu-west-1.compute.internal",
            "private_dns_name_options": [
              {
                "enable_resource_name_dns_a_record": false,
                "enable_resource_name_dns_aaaa_record": false,
                "hostname_type": "ip-name"
              }
            ],
            "private_ip": "10.0.1.123",
            "public_dns": "ec2-54-195-182-95.eu-west-1.compute.amazonaws.com",
            "public_ip": "54.195.182.95",
            "root_block_device": [
              {
                "delete_on_termination": true,
                "device_name": "/dev/sda1",
                "encrypted": false,
                "iops": 100,
                "kms_key_id": "",
                "tags": {},
                "tags_all": {},
                "throughput": 0,
                "volume_id": "vol-0ebfb1edd37158822",
                "volume_size": 8,
                "volume_type": "gp2"
              }
            ],
            "secondary_private_ips": [],
            "security_groups": [],
            "source_dest_check": true,
            "spot_instance_request_id": "",
            "subnet_id": "subnet-06a5e95823e33fafa",
            "tags": {
              "Name": "my-k8s-cluster-worker-1"
            },
            "tags_all": {
              "Name": "my-k8s-cluster-worker-1"
            },
            "tenancy": "default",
            "timeouts": null,
            "user_data": "17de7a80e3b66a700abcff264adb74f82df26354",
            "user_data_base64": null,
            "user_data_replace_on_change": false,
            "volume_tags": null,
            "vpc_security_group_ids": [
              "sg-0d162d19bdcf3a5fc"
            ]
          },
          "sensitive_attributes": [],
          "identity_schema_version": 0,
          "private": "eyJlMmJmYjczMC1lY2FhLTExZTYtOGY4OC0zNDM2M2JjN2M0YzAiOnsiY3JlYXRlIjo2MDAwMDAwMDAwMDAsImRlbGV0ZSI6MTIwMDAwMDAwMDAwMCwicmVhZCI6OTAwMDAwMDAwMDAwLCJ1cGRhdGUiOjYwMDAwMDAwMDAwMH0sInNjaGVtYV92ZXJzaW9uIjoiMSJ9",
          "dependencies": [
            "aws_key_pair.generated_key",
            "data.aws_ami.ubuntu",
            "data.local_file.kubeadm_join_command_file",
            "data.local_file.kubeconfig_master_file",
            "local_file.k8s_private_key_file",
            "module.master_node.aws_instance.master",
            "module.master_node.null_resource.master_setup",
            "module.vpc.aws_security_group.kubernetes_master_sg",
            "module.vpc.aws_security_group.kubernetes_worker_sg",
            "module.vpc.aws_subnet.public",
            "module.vpc.aws_vpc.kubernetes_vpc",
            "module.vpc.data.aws_availability_zones.available",
            "null_resource.set_private_key_permissions",
            "tls_private_key.k8s_key"
          ]
        },
        {
          "index_key": 1,
          "schema_version": 1,
          "attributes": {
            "ami": "ami-0dc0ac921efee9f9d",
            "arn": "arn:aws:ec2:eu-west-1:977098995259:instance/i-032445ec39ddeaea7",
            "associate_public_ip_address": true,
            "availability_zone": "eu-west-1b",
            "capacity_reservation_specification": [
              {
                "capacity_reservation_preference": "open",
                "capacity_reservation_target": []
              }
            ],
            "cpu_core_count": 1,
            "cpu_options": [
              {
                "amd_sev_snp": "",
                "core_count": 1,
                "threads_per_core": 2
              }
            ],
            "cpu_threads_per_core": 2,
            "credit_specification": [
              {
                "cpu_credits": "unlimited"
              }
            ],
            "disable_api_stop": false,
            "disable_api_termination": false,
            "ebs_block_device": [],
            "ebs_optimized": false,
            "enable_primary_ipv6": null,
            "enclave_options": [
              {
                "enabled": false
              }
            ],
            "ephemeral_block_device": [],
            "get_password_data": false,
            "hibernation": false,
            "host_id": "",
            "host_resource_group_arn": null,
            "iam_instance_profile": "",
            "id": "i-032445ec39ddeaea7",
            "instance_initiated_shutdown_behavior": "stop",
            "instance_lifecycle": "",
            "instance_market_options": [],
            "instance_state": "running",
            "instance_type": "t3.medium",
            "ipv6_address_count": 0,
            "ipv6_addresses": [],
            "key_name": "my-k8s-cluster-ssh-key",
            "launch_template": [],
            "maintenance_options": [
              {
                "auto_recovery": "default"
              }
            ],
            "metadata_options": [
              {
                "http_endpoint": "enabled",
                "http_protocol_ipv6": "disabled",
                "http_put_response_hop_limit": 1,
                "http_tokens": "optional",
                "instance_metadata_tags": "disabled"
              }
            ],
            "monitoring": false,
            "network_interface": [],
            "outpost_arn": "",
            "password_data": "",
            "placement_group": "",
            "placement_partition_number": 0,
            "primary_network_interface_id": "eni-0e3e2d2220ef3d70f",
            "private_dns": "ip-10-0-2-14.eu-west-1.compute.internal",
            "private_dns_name_options": [
              {
                "enable_resource_name_dns_a_record": false,
                "enable_resource_name_dns_aaaa_record": false,
                "hostname_type": "ip-name"
              }
            ],
            "private_ip": "10.0.2.14",
            "public_dns": "ec2-3-249-62-172.eu-west-1.compute.amazonaws.com",
            "public_ip": "3.249.62.172",
            "root_block_device": [
              {
                "delete_on_termination": true,
                "device_name": "/dev/sda1",
                "encrypted": false,
                "iops": 100,
                "kms_key_id": "",
                "tags": {},
                "tags_all": {},
                "throughput": 0,
                "volume_id": "vol-04f9df946ab4acfb6",
                "volume_size": 8,
                "volume_type": "gp2"
              }
            ],
            "secondary_private_ips": [],
            "security_groups": [],
            "source_dest_check": true,
            "spot_instance_request_id": "",
            "subnet_id": "subnet-0fd24a586e497814a",
            "tags": {
              "Name": "my-k8s-cluster-worker-2"
            },
            "tags_all": {
              "Name": "my-k8s-cluster-worker-2"
            },
            "tenancy": "default",
            "timeouts": null,
            "user_data": "f0bdb6b5c8733dc6a4bf91299390300da05a0f53",
            "user_data_base64": null,
            "user_data_replace_on_change": false,
            "volume_tags": null,
            "vpc_security_group_ids": [
              "sg-0d162d19bdcf3a5fc"
            ]
          },
          "sensitive_attributes": [],
          "identity_schema_version": 0,
          "private": "eyJlMmJmYjczMC1lY2FhLTExZTYtOGY4OC0zNDM2M2JjN2M0YzAiOnsiY3JlYXRlIjo2MDAwMDAwMDAwMDAsImRlbGV0ZSI6MTIwMDAwMDAwMDAwMCwicmVhZCI6OTAwMDAwMDAwMDAwLCJ1cGRhdGUiOjYwMDAwMDAwMDAwMH0sInNjaGVtYV92ZXJzaW9uIjoiMSJ9",
          "dependencies": [
            "aws_key_pair.generated_key",
            "data.aws_ami.ubuntu",
            "data.local_file.kubeadm_join_command_file",
            "data.local_file.kubeconfig_master_file",
            "local_file.k8s_private_key_file",
            "module.master_node.aws_instance.master",
            "module.master_node.null_resource.master_setup",
            "module.vpc.aws_security_group.kubernetes_master_sg",
            "module.vpc.aws_security_group.kubernetes_worker_sg",
            "module.vpc.aws_subnet.public",
            "module.vpc.aws_vpc.kubernetes_vpc",
            "module.vpc.data.aws_availability_zones.available",
            "null_resource.set_private_key_permissions",
            "tls_private_key.k8s_key"
          ]
        }
      ]
    },
    {
      "module": "module.worker_nodes",
      "mode": "managed",
      "type": "null_resource",
      "name": "label_workers",
      "provider": "provider[\"registry.terraform.io/hashicorp/null\"]",
      "instances": [
        {
          "index_key": 0,
          "schema_version": 0,
          "attributes": {
            "id": "9072658318355389028",
            "triggers": null
          },
          "sensitive_attributes": [],
          "identity_schema_version": 0,
          "dependencies": [
            "aws_key_pair.generated_key",
            "data.aws_ami.ubuntu",
            "data.local_file.kubeadm_join_command_file",
            "data.local_file.kubeconfig_master_file",
            "local_file.k8s_private_key_file",
            "module.master_node.aws_instance.master",
            "module.master_node.null_resource.master_setup",
            "module.vpc.aws_security_group.kubernetes_master_sg",
            "module.vpc.aws_security_group.kubernetes_worker_sg",
            "module.vpc.aws_subnet.public",
            "module.vpc.aws_vpc.kubernetes_vpc",
            "module.vpc.data.aws_availability_zones.available",
            "module.worker_nodes.aws_instance.worker",
            "null_resource.set_private_key_permissions",
            "tls_private_key.k8s_key"
          ]
        },
        {
          "index_key": 1,
          "schema_version": 0,
          "attributes": {
            "id": "1375818690503328631",
            "triggers": null
          },
          "sensitive_attributes": [],
          "identity_schema_version": 0,
          "dependencies": [
            "aws_key_pair.generated_key",
            "data.aws_ami.ubuntu",
            "data.local_file.kubeadm_join_command_file",
            "data.local_file.kubeconfig_master_file",
            "local_file.k8s_private_key_file",
            "module.master_node.aws_instance.master",
            "module.master_node.null_resource.master_setup",
            "module.vpc.aws_security_group.kubernetes_master_sg",
            "module.vpc.aws_security_group.kubernetes_worker_sg",
            "module.vpc.aws_subnet.public",
            "module.vpc.aws_vpc.kubernetes_vpc",
            "module.vpc.data.aws_availability_zones.available",
            "module.worker_nodes.aws_instance.worker",
            "null_resource.set_private_key_permissions",
            "tls_private_key.k8s_key"
          ]
        }
      ]
    }
  ],
  "check_results": null
}
